// !$*UTF8*$!
{
	archiveVersion = 1;
	classes = {
	};
	objectVersion = 46;
	objects = {

/* Begin PBXBuildFile section */
		1A7CDCF61E3CADF900ED3601 /* yas_processing_constants_tests.mm in Sources */ = {isa = PBXBuildFile; fileRef = 1A7CDCF51E3CADF900ED3601 /* yas_processing_constants_tests.mm */; };
		B60E73941E1CA56C007957E2 /* yas_processing_math2_signal_modules_tests.mm in Sources */ = {isa = PBXBuildFile; fileRef = B60E73931E1CA56C007957E2 /* yas_processing_math2_signal_modules_tests.mm */; };
		B60E73961E1D37A5007957E2 /* yas_processing_time_tests.mm in Sources */ = {isa = PBXBuildFile; fileRef = B60E73951E1D37A5007957E2 /* yas_processing_time_tests.mm */; };
		B60E73AD1E1FCD9C007957E2 /* yas_processing_number_event_tests.mm in Sources */ = {isa = PBXBuildFile; fileRef = B60E73AC1E1FCD9C007957E2 /* yas_processing_number_event_tests.mm */; };
		B60E73B21E1FE965007957E2 /* yas_processing_number_processor_tests.mm in Sources */ = {isa = PBXBuildFile; fileRef = B60E73B11E1FE965007957E2 /* yas_processing_number_processor_tests.mm */; };
		B62D83731E57D4D300262A84 /* yas_processing_constant_number_module_tests.mm in Sources */ = {isa = PBXBuildFile; fileRef = B62D83721E57D4D300262A84 /* yas_processing_constant_number_module_tests.mm */; };
		B633D22B1DE1E1EB00C35515 /* yas_processing_time_range_tests.mm in Sources */ = {isa = PBXBuildFile; fileRef = B633D22A1DE1E1EB00C35515 /* yas_processing_time_range_tests.mm */; };
		B6347C1D1E593F5F0042B1CF /* yas_processing_math2_number_modules_tests.mm in Sources */ = {isa = PBXBuildFile; fileRef = B6347C1C1E593F5F0042B1CF /* yas_processing_math2_number_modules_tests.mm */; };
		B6347C1F1E59EA690042B1CF /* yas_processing_math1_number_modules_tests.mm in Sources */ = {isa = PBXBuildFile; fileRef = B6347C1E1E59EA690042B1CF /* yas_processing_math1_number_modules_tests.mm */; };
		B6347C211E5BDABD0042B1CF /* yas_processing_compare_number_modules_tests.mm in Sources */ = {isa = PBXBuildFile; fileRef = B6347C201E5BDABD0042B1CF /* yas_processing_compare_number_modules_tests.mm */; };
		B6347C2F1E6113C90042B1CF /* yas_processing_routing_number_module_tests.mm in Sources */ = {isa = PBXBuildFile; fileRef = B6347C2E1E6113C90042B1CF /* yas_processing_routing_number_module_tests.mm */; };
		B6347C311E6128FE0042B1CF /* yas_processing_signal_process_context_tests.mm in Sources */ = {isa = PBXBuildFile; fileRef = B6347C301E6128FE0042B1CF /* yas_processing_signal_process_context_tests.mm */; };
		B6347C331E61290D0042B1CF /* yas_processing_number_process_context_tests.mm in Sources */ = {isa = PBXBuildFile; fileRef = B6347C321E61290D0042B1CF /* yas_processing_number_process_context_tests.mm */; };
		B6348AC51E0BD4F90096DA81 /* yas_processing_timeline_tests.mm in Sources */ = {isa = PBXBuildFile; fileRef = B6348AC41E0BD4F90096DA81 /* yas_processing_timeline_tests.mm */; };
		B63674B51DD9DFF500C724DB /* yas_base.cpp in Sources */ = {isa = PBXBuildFile; fileRef = B63674841DD9DFF500C724DB /* yas_base.cpp */; };
		B63674B61DD9DFF500C724DB /* yas_cf_ref.cpp in Sources */ = {isa = PBXBuildFile; fileRef = B63674871DD9DFF500C724DB /* yas_cf_ref.cpp */; };
		B63674B71DD9DFF500C724DB /* yas_cf_utils.mm in Sources */ = {isa = PBXBuildFile; fileRef = B636748B1DD9DFF500C724DB /* yas_cf_utils.mm */; };
		B63674B91DD9DFF500C724DB /* yas_delaying_caller.cpp in Sources */ = {isa = PBXBuildFile; fileRef = B63674901DD9DFF500C724DB /* yas_delaying_caller.cpp */; };
		B63674BA1DD9DFF500C724DB /* yas_each_dictionary.cpp in Sources */ = {isa = PBXBuildFile; fileRef = B63674921DD9DFF500C724DB /* yas_each_dictionary.cpp */; };
		B63674BB1DD9DFF500C724DB /* yas_exception.cpp in Sources */ = {isa = PBXBuildFile; fileRef = B63674961DD9DFF500C724DB /* yas_exception.cpp */; };
		B63674BC1DD9DFF500C724DB /* yas_flex_ptr.cpp in Sources */ = {isa = PBXBuildFile; fileRef = B636749A1DD9DFF500C724DB /* yas_flex_ptr.cpp */; };
		B63674BD1DD9DFF500C724DB /* yas_objc_ptr.mm in Sources */ = {isa = PBXBuildFile; fileRef = B636749E1DD9DFF500C724DB /* yas_objc_ptr.mm */; };
		B63674BE1DD9DFF500C724DB /* yas_operation.cpp in Sources */ = {isa = PBXBuildFile; fileRef = B63674A21DD9DFF500C724DB /* yas_operation.cpp */; };
		B63674BF1DD9DFF500C724DB /* yas_protocol.cpp in Sources */ = {isa = PBXBuildFile; fileRef = B63674A71DD9DFF500C724DB /* yas_protocol.cpp */; };
		B63674C01DD9DFF500C724DB /* yas_stl_utils.cpp in Sources */ = {isa = PBXBuildFile; fileRef = B63674AC1DD9DFF500C724DB /* yas_stl_utils.cpp */; };
		B63674C11DD9DFF500C724DB /* yas_version.cpp in Sources */ = {isa = PBXBuildFile; fileRef = B63674B31DD9DFF500C724DB /* yas_version.cpp */; };
		B63674CB1DD9E0D300C724DB /* yas_objc_unowned.m in Sources */ = {isa = PBXBuildFile; fileRef = B63674CA1DD9E0D300C724DB /* yas_objc_unowned.m */; };
		B636DB2E1E3599110070D28B /* yas_processing_number_to_signal_module_tests.mm in Sources */ = {isa = PBXBuildFile; fileRef = B636DB2D1E3599110070D28B /* yas_processing_number_to_signal_module_tests.mm */; };
		B64C09621DEC50D700B9DCB1 /* yas_processing_signal_event_tests.mm in Sources */ = {isa = PBXBuildFile; fileRef = B64C09611DEC50D700B9DCB1 /* yas_processing_signal_event_tests.mm */; };
		B64C096C1DF024F900B9DCB1 /* yas_processing_channel_tests.mm in Sources */ = {isa = PBXBuildFile; fileRef = B64C096B1DF024F900B9DCB1 /* yas_processing_channel_tests.mm */; };
		B64C096E1DF0250300B9DCB1 /* yas_processing_stream_tests.mm in Sources */ = {isa = PBXBuildFile; fileRef = B64C096D1DF0250300B9DCB1 /* yas_processing_stream_tests.mm */; };
		B64EBC761E21DD81002697C4 /* yas_processing_cast_module_tests.mm in Sources */ = {isa = PBXBuildFile; fileRef = B64EBC751E21DD81002697C4 /* yas_processing_cast_module_tests.mm */; };
		B6593B7C1E33A3240061385B /* yas_processing_generator_modules_tests.mm in Sources */ = {isa = PBXBuildFile; fileRef = B6593B7B1E33A3240061385B /* yas_processing_generator_modules_tests.mm */; };
		B671F7961E422C1200C8866B /* yas_boolean.cpp in Sources */ = {isa = PBXBuildFile; fileRef = B671F7941E422C1200C8866B /* yas_boolean.cpp */; };
		B671F7981E42D04A00C8866B /* yas_processing_compare_signal_modules_tests.mm in Sources */ = {isa = PBXBuildFile; fileRef = B671F7971E42D04A00C8866B /* yas_processing_compare_signal_modules_tests.mm */; };
		B671F79D1E45BEF600C8866B /* yas_processing_routing_signal_module_tests.mm in Sources */ = {isa = PBXBuildFile; fileRef = B671F79C1E45BEF600C8866B /* yas_processing_routing_signal_module_tests.mm */; };
		B671F7A21E4965F500C8866B /* yas_processing_timeline_module_tests.mm in Sources */ = {isa = PBXBuildFile; fileRef = B671F7A11E4965F500C8866B /* yas_processing_timeline_module_tests.mm */; };
		B6A0781B1E231FEF00F0CA21 /* yas_processing_remove_number_processor_tests.mm in Sources */ = {isa = PBXBuildFile; fileRef = B6A0781A1E231FEF00F0CA21 /* yas_processing_remove_number_processor_tests.mm */; };
		B6AA83A01E67E9ED00120472 /* yas_processing_number_event.cpp in Sources */ = {isa = PBXBuildFile; fileRef = B6AA835D1E67E9ED00120472 /* yas_processing_number_event.cpp */; };
		B6AA83A11E67E9ED00120472 /* yas_processing_signal_event.cpp in Sources */ = {isa = PBXBuildFile; fileRef = B6AA83601E67E9ED00120472 /* yas_processing_signal_event.cpp */; };
		B6AA83A21E67E9ED00120472 /* yas_processing_compare_modules.cpp in Sources */ = {isa = PBXBuildFile; fileRef = B6AA836B1E67E9ED00120472 /* yas_processing_compare_modules.cpp */; };
		B6AA83A31E67E9ED00120472 /* yas_processing_constant_module.cpp in Sources */ = {isa = PBXBuildFile; fileRef = B6AA836D1E67E9ED00120472 /* yas_processing_constant_module.cpp */; };
		B6AA83A41E67E9ED00120472 /* yas_processing_generator_modules.cpp in Sources */ = {isa = PBXBuildFile; fileRef = B6AA836F1E67E9ED00120472 /* yas_processing_generator_modules.cpp */; };
		B6AA83A51E67E9ED00120472 /* yas_processing_math1_modules.cpp in Sources */ = {isa = PBXBuildFile; fileRef = B6AA83711E67E9ED00120472 /* yas_processing_math1_modules.cpp */; };
		B6AA83A61E67E9ED00120472 /* yas_processing_math2_modules.cpp in Sources */ = {isa = PBXBuildFile; fileRef = B6AA83731E67E9ED00120472 /* yas_processing_math2_modules.cpp */; };
		B6AA83A71E67E9ED00120472 /* yas_processing_number_to_signal_module.cpp in Sources */ = {isa = PBXBuildFile; fileRef = B6AA83751E67E9ED00120472 /* yas_processing_number_to_signal_module.cpp */; };
		B6AA83A81E67E9ED00120472 /* yas_processing_routing_modules.cpp in Sources */ = {isa = PBXBuildFile; fileRef = B6AA83771E67E9ED00120472 /* yas_processing_routing_modules.cpp */; };
		B6AA83A91E67E9ED00120472 /* yas_processing_sub_timeline_module.cpp in Sources */ = {isa = PBXBuildFile; fileRef = B6AA83791E67E9ED00120472 /* yas_processing_sub_timeline_module.cpp */; };
		B6AA83AA1E67E9ED00120472 /* yas_processing_receive_number_processor.cpp in Sources */ = {isa = PBXBuildFile; fileRef = B6AA837C1E67E9ED00120472 /* yas_processing_receive_number_processor.cpp */; };
		B6AA83AB1E67E9ED00120472 /* yas_processing_receive_signal_processor.cpp in Sources */ = {isa = PBXBuildFile; fileRef = B6AA837E1E67E9ED00120472 /* yas_processing_receive_signal_processor.cpp */; };
		B6AA83AC1E67E9ED00120472 /* yas_processing_remove_number_processor.cpp in Sources */ = {isa = PBXBuildFile; fileRef = B6AA83801E67E9ED00120472 /* yas_processing_remove_number_processor.cpp */; };
		B6AA83AD1E67E9ED00120472 /* yas_processing_remove_signal_processor.cpp in Sources */ = {isa = PBXBuildFile; fileRef = B6AA83821E67E9ED00120472 /* yas_processing_remove_signal_processor.cpp */; };
		B6AA83AF1E67E9ED00120472 /* yas_processing_send_number_processor.cpp in Sources */ = {isa = PBXBuildFile; fileRef = B6AA83851E67E9ED00120472 /* yas_processing_send_number_processor.cpp */; };
		B6AA83B01E67E9ED00120472 /* yas_processing_send_signal_processor.cpp in Sources */ = {isa = PBXBuildFile; fileRef = B6AA83871E67E9ED00120472 /* yas_processing_send_signal_processor.cpp */; };
		B6AA83B11E67E9ED00120472 /* yas_processing_channel.cpp in Sources */ = {isa = PBXBuildFile; fileRef = B6AA838A1E67E9ED00120472 /* yas_processing_channel.cpp */; };
		B6AA83B21E67E9ED00120472 /* yas_processing_event.cpp in Sources */ = {isa = PBXBuildFile; fileRef = B6AA838F1E67E9ED00120472 /* yas_processing_event.cpp */; };
		B6AA83B31E67E9ED00120472 /* yas_processing_module.cpp in Sources */ = {isa = PBXBuildFile; fileRef = B6AA83911E67E9ED00120472 /* yas_processing_module.cpp */; };
		B6AA83B41E67E9ED00120472 /* yas_processing_stream.cpp in Sources */ = {isa = PBXBuildFile; fileRef = B6AA83941E67E9ED00120472 /* yas_processing_stream.cpp */; };
		B6AA83B51E67E9ED00120472 /* yas_processing_sync_source.cpp in Sources */ = {isa = PBXBuildFile; fileRef = B6AA83961E67E9ED00120472 /* yas_processing_sync_source.cpp */; };
		B6AA83B61E67E9ED00120472 /* yas_processing_time.cpp in Sources */ = {isa = PBXBuildFile; fileRef = B6AA83981E67E9ED00120472 /* yas_processing_time.cpp */; };
		B6AA83B71E67E9ED00120472 /* yas_processing_timeline.cpp in Sources */ = {isa = PBXBuildFile; fileRef = B6AA839A1E67E9ED00120472 /* yas_processing_timeline.cpp */; };
		B6AA83B81E67E9ED00120472 /* yas_processing_track.cpp in Sources */ = {isa = PBXBuildFile; fileRef = B6AA839C1E67E9ED00120472 /* yas_processing_track.cpp */; };
		B6AA83BA1E67EABC00120472 /* yas_processing_remove_signal_processor_tests.mm in Sources */ = {isa = PBXBuildFile; fileRef = B6AA83B91E67EABC00120472 /* yas_processing_remove_signal_processor_tests.mm */; };
		B6AA84471E691B4E00120472 /* yas_processing_cast_module.cpp in Sources */ = {isa = PBXBuildFile; fileRef = B6AA84461E691B4E00120472 /* yas_processing_cast_module.cpp */; };
		B6AA844F1E6920CA00120472 /* yas_processing_envelope_module.cpp in Sources */ = {isa = PBXBuildFile; fileRef = B6AA844D1E6920CA00120472 /* yas_processing_envelope_module.cpp */; };
		B6AA84521E692D5200120472 /* yas_processing_envelope_module_tests.mm in Sources */ = {isa = PBXBuildFile; fileRef = B6AA84511E692D5200120472 /* yas_processing_envelope_module_tests.mm */; };
		B6AF4F791E15048300805168 /* yas_processing_signal_processor_tests.mm in Sources */ = {isa = PBXBuildFile; fileRef = B6AF4F781E15048300805168 /* yas_processing_signal_processor_tests.mm */; };
		B6AF4F7B1E160B9F00805168 /* yas_processing_test_utils.cpp in Sources */ = {isa = PBXBuildFile; fileRef = B6AF4F7A1E160B9F00805168 /* yas_processing_test_utils.cpp */; };
		B6C4DADC1DF6F76200621F80 /* yas_processing_module_tests.mm in Sources */ = {isa = PBXBuildFile; fileRef = B6C4DADB1DF6F76200621F80 /* yas_processing_module_tests.mm */; };
		B6C4DADE1DF6F76E00621F80 /* yas_processing_track_tests.mm in Sources */ = {isa = PBXBuildFile; fileRef = B6C4DADD1DF6F76E00621F80 /* yas_processing_track_tests.mm */; };
		B6E0CB381E17992A00329906 /* yas_processing_constant_signal_module_tests.mm in Sources */ = {isa = PBXBuildFile; fileRef = B6E0CB371E17992A00329906 /* yas_processing_constant_signal_module_tests.mm */; };
		B6E0EA7B1E5012710072407A /* yas_processing_sub_timeline_module_tests.mm in Sources */ = {isa = PBXBuildFile; fileRef = B6E0EA7A1E5012710072407A /* yas_processing_sub_timeline_module_tests.mm */; };
		B6EA4E181E2EFD7700FFAD3B /* yas_processing_math1_signal_modules_tests.mm in Sources */ = {isa = PBXBuildFile; fileRef = B6EA4E171E2EFD7700FFAD3B /* yas_processing_math1_signal_modules_tests.mm */; };
		B6EA4E201E30F6CC00FFAD3B /* yas_processing_sync_source_tests.mm in Sources */ = {isa = PBXBuildFile; fileRef = B6EA4E1F1E30F6CC00FFAD3B /* yas_processing_sync_source_tests.mm */; };
/* End PBXBuildFile section */

/* Begin PBXFileReference section */
		1A7CDCF51E3CADF900ED3601 /* yas_processing_constants_tests.mm */ = {isa = PBXFileReference; fileEncoding = 4; lastKnownFileType = sourcecode.cpp.objcpp; path = yas_processing_constants_tests.mm; sourceTree = "<group>"; };
		B60477BA1E1BDE9D00195A0F /* yas_fast_each_private.h */ = {isa = PBXFileReference; fileEncoding = 4; lastKnownFileType = sourcecode.c.h; path = yas_fast_each_private.h; sourceTree = "<group>"; };
		B60477BB1E1BDE9D00195A0F /* yas_fast_each.h */ = {isa = PBXFileReference; fileEncoding = 4; lastKnownFileType = sourcecode.c.h; path = yas_fast_each.h; sourceTree = "<group>"; };
		B60E73931E1CA56C007957E2 /* yas_processing_math2_signal_modules_tests.mm */ = {isa = PBXFileReference; fileEncoding = 4; lastKnownFileType = sourcecode.cpp.objcpp; path = yas_processing_math2_signal_modules_tests.mm; sourceTree = "<group>"; };
		B60E73951E1D37A5007957E2 /* yas_processing_time_tests.mm */ = {isa = PBXFileReference; fileEncoding = 4; lastKnownFileType = sourcecode.cpp.objcpp; path = yas_processing_time_tests.mm; sourceTree = "<group>"; };
		B60E73AC1E1FCD9C007957E2 /* yas_processing_number_event_tests.mm */ = {isa = PBXFileReference; fileEncoding = 4; lastKnownFileType = sourcecode.cpp.objcpp; path = yas_processing_number_event_tests.mm; sourceTree = "<group>"; };
		B60E73B11E1FE965007957E2 /* yas_processing_number_processor_tests.mm */ = {isa = PBXFileReference; fileEncoding = 4; lastKnownFileType = sourcecode.cpp.objcpp; path = yas_processing_number_processor_tests.mm; sourceTree = "<group>"; };
		B6272EB31DF70C1900F5DF95 /* yas_processing_test_utils.h */ = {isa = PBXFileReference; lastKnownFileType = sourcecode.c.h; path = yas_processing_test_utils.h; sourceTree = "<group>"; };
		B62D83721E57D4D300262A84 /* yas_processing_constant_number_module_tests.mm */ = {isa = PBXFileReference; fileEncoding = 4; lastKnownFileType = sourcecode.cpp.objcpp; path = yas_processing_constant_number_module_tests.mm; sourceTree = "<group>"; };
		B633D22A1DE1E1EB00C35515 /* yas_processing_time_range_tests.mm */ = {isa = PBXFileReference; fileEncoding = 4; lastKnownFileType = sourcecode.cpp.objcpp; path = yas_processing_time_range_tests.mm; sourceTree = "<group>"; };
		B6347C1C1E593F5F0042B1CF /* yas_processing_math2_number_modules_tests.mm */ = {isa = PBXFileReference; fileEncoding = 4; lastKnownFileType = sourcecode.cpp.objcpp; path = yas_processing_math2_number_modules_tests.mm; sourceTree = "<group>"; };
		B6347C1E1E59EA690042B1CF /* yas_processing_math1_number_modules_tests.mm */ = {isa = PBXFileReference; fileEncoding = 4; lastKnownFileType = sourcecode.cpp.objcpp; path = yas_processing_math1_number_modules_tests.mm; sourceTree = "<group>"; };
		B6347C201E5BDABD0042B1CF /* yas_processing_compare_number_modules_tests.mm */ = {isa = PBXFileReference; fileEncoding = 4; lastKnownFileType = sourcecode.cpp.objcpp; path = yas_processing_compare_number_modules_tests.mm; sourceTree = "<group>"; };
		B6347C2E1E6113C90042B1CF /* yas_processing_routing_number_module_tests.mm */ = {isa = PBXFileReference; fileEncoding = 4; lastKnownFileType = sourcecode.cpp.objcpp; path = yas_processing_routing_number_module_tests.mm; sourceTree = "<group>"; };
		B6347C301E6128FE0042B1CF /* yas_processing_signal_process_context_tests.mm */ = {isa = PBXFileReference; fileEncoding = 4; lastKnownFileType = sourcecode.cpp.objcpp; path = yas_processing_signal_process_context_tests.mm; sourceTree = "<group>"; };
		B6347C321E61290D0042B1CF /* yas_processing_number_process_context_tests.mm */ = {isa = PBXFileReference; fileEncoding = 4; lastKnownFileType = sourcecode.cpp.objcpp; path = yas_processing_number_process_context_tests.mm; sourceTree = "<group>"; };
		B6348AC41E0BD4F90096DA81 /* yas_processing_timeline_tests.mm */ = {isa = PBXFileReference; fileEncoding = 4; lastKnownFileType = sourcecode.cpp.objcpp; path = yas_processing_timeline_tests.mm; sourceTree = "<group>"; };
		B63674841DD9DFF500C724DB /* yas_base.cpp */ = {isa = PBXFileReference; fileEncoding = 4; lastKnownFileType = sourcecode.cpp.cpp; path = yas_base.cpp; sourceTree = "<group>"; };
		B63674851DD9DFF500C724DB /* yas_base.h */ = {isa = PBXFileReference; fileEncoding = 4; lastKnownFileType = sourcecode.c.h; path = yas_base.h; sourceTree = "<group>"; };
		B63674861DD9DFF500C724DB /* yas_base_private.h */ = {isa = PBXFileReference; fileEncoding = 4; lastKnownFileType = sourcecode.c.h; path = yas_base_private.h; sourceTree = "<group>"; };
		B63674871DD9DFF500C724DB /* yas_cf_ref.cpp */ = {isa = PBXFileReference; fileEncoding = 4; lastKnownFileType = sourcecode.cpp.cpp; path = yas_cf_ref.cpp; sourceTree = "<group>"; };
		B63674881DD9DFF500C724DB /* yas_cf_ref.h */ = {isa = PBXFileReference; fileEncoding = 4; lastKnownFileType = sourcecode.c.h; path = yas_cf_ref.h; sourceTree = "<group>"; };
		B63674891DD9DFF500C724DB /* yas_cf_ref_private.h */ = {isa = PBXFileReference; fileEncoding = 4; lastKnownFileType = sourcecode.c.h; path = yas_cf_ref_private.h; sourceTree = "<group>"; };
		B636748A1DD9DFF500C724DB /* yas_cf_utils.h */ = {isa = PBXFileReference; fileEncoding = 4; lastKnownFileType = sourcecode.c.h; path = yas_cf_utils.h; sourceTree = "<group>"; };
		B636748B1DD9DFF500C724DB /* yas_cf_utils.mm */ = {isa = PBXFileReference; fileEncoding = 4; lastKnownFileType = sourcecode.cpp.objcpp; path = yas_cf_utils.mm; sourceTree = "<group>"; };
		B636748C1DD9DFF500C724DB /* yas_cf_utils_private.h */ = {isa = PBXFileReference; fileEncoding = 4; lastKnownFileType = sourcecode.c.h; path = yas_cf_utils_private.h; sourceTree = "<group>"; };
		B63674901DD9DFF500C724DB /* yas_delaying_caller.cpp */ = {isa = PBXFileReference; fileEncoding = 4; lastKnownFileType = sourcecode.cpp.cpp; path = yas_delaying_caller.cpp; sourceTree = "<group>"; };
		B63674911DD9DFF500C724DB /* yas_delaying_caller.h */ = {isa = PBXFileReference; fileEncoding = 4; lastKnownFileType = sourcecode.c.h; path = yas_delaying_caller.h; sourceTree = "<group>"; };
		B63674921DD9DFF500C724DB /* yas_each_dictionary.cpp */ = {isa = PBXFileReference; fileEncoding = 4; lastKnownFileType = sourcecode.cpp.cpp; path = yas_each_dictionary.cpp; sourceTree = "<group>"; };
		B63674931DD9DFF500C724DB /* yas_each_dictionary.h */ = {isa = PBXFileReference; fileEncoding = 4; lastKnownFileType = sourcecode.c.h; path = yas_each_dictionary.h; sourceTree = "<group>"; };
		B63674961DD9DFF500C724DB /* yas_exception.cpp */ = {isa = PBXFileReference; fileEncoding = 4; lastKnownFileType = sourcecode.cpp.cpp; path = yas_exception.cpp; sourceTree = "<group>"; };
		B63674971DD9DFF500C724DB /* yas_exception.h */ = {isa = PBXFileReference; fileEncoding = 4; lastKnownFileType = sourcecode.c.h; path = yas_exception.h; sourceTree = "<group>"; };
		B63674981DD9DFF500C724DB /* yas_flagset.h */ = {isa = PBXFileReference; fileEncoding = 4; lastKnownFileType = sourcecode.c.h; path = yas_flagset.h; sourceTree = "<group>"; };
		B63674991DD9DFF500C724DB /* yas_flagset_private.h */ = {isa = PBXFileReference; fileEncoding = 4; lastKnownFileType = sourcecode.c.h; path = yas_flagset_private.h; sourceTree = "<group>"; };
		B636749A1DD9DFF500C724DB /* yas_flex_ptr.cpp */ = {isa = PBXFileReference; fileEncoding = 4; lastKnownFileType = sourcecode.cpp.cpp; path = yas_flex_ptr.cpp; sourceTree = "<group>"; };
		B636749B1DD9DFF500C724DB /* yas_flex_ptr.h */ = {isa = PBXFileReference; fileEncoding = 4; lastKnownFileType = sourcecode.c.h; path = yas_flex_ptr.h; sourceTree = "<group>"; };
		B636749C1DD9DFF500C724DB /* yas_objc_cast.h */ = {isa = PBXFileReference; fileEncoding = 4; lastKnownFileType = sourcecode.c.h; path = yas_objc_cast.h; sourceTree = "<group>"; };
		B636749D1DD9DFF500C724DB /* yas_objc_ptr.h */ = {isa = PBXFileReference; fileEncoding = 4; lastKnownFileType = sourcecode.c.h; path = yas_objc_ptr.h; sourceTree = "<group>"; };
		B636749E1DD9DFF500C724DB /* yas_objc_ptr.mm */ = {isa = PBXFileReference; fileEncoding = 4; lastKnownFileType = sourcecode.cpp.objcpp; path = yas_objc_ptr.mm; sourceTree = "<group>"; };
		B636749F1DD9DFF500C724DB /* yas_objc_ptr_private.h */ = {isa = PBXFileReference; fileEncoding = 4; lastKnownFileType = sourcecode.c.h; path = yas_objc_ptr_private.h; sourceTree = "<group>"; };
		B63674A21DD9DFF500C724DB /* yas_operation.cpp */ = {isa = PBXFileReference; fileEncoding = 4; lastKnownFileType = sourcecode.cpp.cpp; path = yas_operation.cpp; sourceTree = "<group>"; };
		B63674A31DD9DFF500C724DB /* yas_operation.h */ = {isa = PBXFileReference; fileEncoding = 4; lastKnownFileType = sourcecode.c.h; path = yas_operation.h; sourceTree = "<group>"; };
		B63674A41DD9DFF500C724DB /* yas_operation_protocol.h */ = {isa = PBXFileReference; fileEncoding = 4; lastKnownFileType = sourcecode.c.h; path = yas_operation_protocol.h; sourceTree = "<group>"; };
		B63674A71DD9DFF500C724DB /* yas_protocol.cpp */ = {isa = PBXFileReference; fileEncoding = 4; lastKnownFileType = sourcecode.cpp.cpp; path = yas_protocol.cpp; sourceTree = "<group>"; };
		B63674A81DD9DFF500C724DB /* yas_protocol.h */ = {isa = PBXFileReference; fileEncoding = 4; lastKnownFileType = sourcecode.c.h; path = yas_protocol.h; sourceTree = "<group>"; };
		B63674A91DD9DFF500C724DB /* yas_protocol_private.h */ = {isa = PBXFileReference; fileEncoding = 4; lastKnownFileType = sourcecode.c.h; path = yas_protocol_private.h; sourceTree = "<group>"; };
		B63674AA1DD9DFF500C724DB /* yas_result.h */ = {isa = PBXFileReference; fileEncoding = 4; lastKnownFileType = sourcecode.c.h; path = yas_result.h; sourceTree = "<group>"; };
		B63674AB1DD9DFF500C724DB /* yas_result_private.h */ = {isa = PBXFileReference; fileEncoding = 4; lastKnownFileType = sourcecode.c.h; path = yas_result_private.h; sourceTree = "<group>"; };
		B63674AC1DD9DFF500C724DB /* yas_stl_utils.cpp */ = {isa = PBXFileReference; fileEncoding = 4; lastKnownFileType = sourcecode.cpp.cpp; path = yas_stl_utils.cpp; sourceTree = "<group>"; };
		B63674AD1DD9DFF500C724DB /* yas_stl_utils.h */ = {isa = PBXFileReference; fileEncoding = 4; lastKnownFileType = sourcecode.c.h; path = yas_stl_utils.h; sourceTree = "<group>"; };
		B63674AE1DD9DFF500C724DB /* yas_stl_utils_private.h */ = {isa = PBXFileReference; fileEncoding = 4; lastKnownFileType = sourcecode.c.h; path = yas_stl_utils_private.h; sourceTree = "<group>"; };
		B63674AF1DD9DFF500C724DB /* yas_to_bool.h */ = {isa = PBXFileReference; fileEncoding = 4; lastKnownFileType = sourcecode.c.h; path = yas_to_bool.h; sourceTree = "<group>"; };
		B63674B01DD9DFF500C724DB /* yas_type_traits.h */ = {isa = PBXFileReference; fileEncoding = 4; lastKnownFileType = sourcecode.c.h; path = yas_type_traits.h; sourceTree = "<group>"; };
		B63674B11DD9DFF500C724DB /* yas_types.h */ = {isa = PBXFileReference; fileEncoding = 4; lastKnownFileType = sourcecode.c.h; path = yas_types.h; sourceTree = "<group>"; };
		B63674B21DD9DFF500C724DB /* yas_unless.h */ = {isa = PBXFileReference; fileEncoding = 4; lastKnownFileType = sourcecode.c.h; path = yas_unless.h; sourceTree = "<group>"; };
		B63674B31DD9DFF500C724DB /* yas_version.cpp */ = {isa = PBXFileReference; fileEncoding = 4; lastKnownFileType = sourcecode.cpp.cpp; path = yas_version.cpp; sourceTree = "<group>"; };
		B63674B41DD9DFF500C724DB /* yas_version.h */ = {isa = PBXFileReference; fileEncoding = 4; lastKnownFileType = sourcecode.c.h; path = yas_version.h; sourceTree = "<group>"; };
		B63674C81DD9E0D300C724DB /* yas_objc_macros.h */ = {isa = PBXFileReference; fileEncoding = 4; lastKnownFileType = sourcecode.c.h; path = yas_objc_macros.h; sourceTree = "<group>"; };
		B63674C91DD9E0D300C724DB /* yas_objc_unowned.h */ = {isa = PBXFileReference; fileEncoding = 4; lastKnownFileType = sourcecode.c.h; path = yas_objc_unowned.h; sourceTree = "<group>"; };
		B63674CA1DD9E0D300C724DB /* yas_objc_unowned.m */ = {isa = PBXFileReference; fileEncoding = 4; lastKnownFileType = sourcecode.c.objc; path = yas_objc_unowned.m; sourceTree = "<group>"; };
		B636DB2D1E3599110070D28B /* yas_processing_number_to_signal_module_tests.mm */ = {isa = PBXFileReference; fileEncoding = 4; lastKnownFileType = sourcecode.cpp.objcpp; path = yas_processing_number_to_signal_module_tests.mm; sourceTree = "<group>"; };
		B64C09611DEC50D700B9DCB1 /* yas_processing_signal_event_tests.mm */ = {isa = PBXFileReference; fileEncoding = 4; lastKnownFileType = sourcecode.cpp.objcpp; path = yas_processing_signal_event_tests.mm; sourceTree = "<group>"; };
		B64C096B1DF024F900B9DCB1 /* yas_processing_channel_tests.mm */ = {isa = PBXFileReference; fileEncoding = 4; lastKnownFileType = sourcecode.cpp.objcpp; path = yas_processing_channel_tests.mm; sourceTree = "<group>"; };
		B64C096D1DF0250300B9DCB1 /* yas_processing_stream_tests.mm */ = {isa = PBXFileReference; fileEncoding = 4; lastKnownFileType = sourcecode.cpp.objcpp; path = yas_processing_stream_tests.mm; sourceTree = "<group>"; };
		B64EBC751E21DD81002697C4 /* yas_processing_cast_module_tests.mm */ = {isa = PBXFileReference; fileEncoding = 4; lastKnownFileType = sourcecode.cpp.objcpp; path = yas_processing_cast_module_tests.mm; sourceTree = "<group>"; };
		B6593B7B1E33A3240061385B /* yas_processing_generator_modules_tests.mm */ = {isa = PBXFileReference; fileEncoding = 4; lastKnownFileType = sourcecode.cpp.objcpp; path = yas_processing_generator_modules_tests.mm; sourceTree = "<group>"; };
		B671F7941E422C1200C8866B /* yas_boolean.cpp */ = {isa = PBXFileReference; fileEncoding = 4; lastKnownFileType = sourcecode.cpp.cpp; path = yas_boolean.cpp; sourceTree = "<group>"; };
		B671F7951E422C1200C8866B /* yas_boolean.h */ = {isa = PBXFileReference; fileEncoding = 4; lastKnownFileType = sourcecode.c.h; path = yas_boolean.h; sourceTree = "<group>"; };
		B671F7971E42D04A00C8866B /* yas_processing_compare_signal_modules_tests.mm */ = {isa = PBXFileReference; fileEncoding = 4; lastKnownFileType = sourcecode.cpp.objcpp; path = yas_processing_compare_signal_modules_tests.mm; sourceTree = "<group>"; };
		B671F79C1E45BEF600C8866B /* yas_processing_routing_signal_module_tests.mm */ = {isa = PBXFileReference; fileEncoding = 4; lastKnownFileType = sourcecode.cpp.objcpp; path = yas_processing_routing_signal_module_tests.mm; sourceTree = "<group>"; };
		B671F7A11E4965F500C8866B /* yas_processing_timeline_module_tests.mm */ = {isa = PBXFileReference; fileEncoding = 4; lastKnownFileType = sourcecode.cpp.objcpp; path = yas_processing_timeline_module_tests.mm; sourceTree = "<group>"; };
		B69222E81E9F10B1004DC802 /* yas_each_index_private.h */ = {isa = PBXFileReference; lastKnownFileType = sourcecode.c.h; path = yas_each_index_private.h; sourceTree = "<group>"; };
		B69222E91E9F10B1004DC802 /* yas_each_index.h */ = {isa = PBXFileReference; lastKnownFileType = sourcecode.c.h; path = yas_each_index.h; sourceTree = "<group>"; };
		B6A0781A1E231FEF00F0CA21 /* yas_processing_remove_number_processor_tests.mm */ = {isa = PBXFileReference; fileEncoding = 4; lastKnownFileType = sourcecode.cpp.objcpp; path = yas_processing_remove_number_processor_tests.mm; sourceTree = "<group>"; };
		B6A6EF9A1DD94E9200436428 /* processing_mac_tests.xctest */ = {isa = PBXFileReference; explicitFileType = wrapper.cfbundle; includeInIndex = 0; path = processing_mac_tests.xctest; sourceTree = BUILT_PRODUCTS_DIR; };
		B6A6EF9F1DD94E9200436428 /* Info.plist */ = {isa = PBXFileReference; lastKnownFileType = text.plist.xml; path = Info.plist; sourceTree = "<group>"; };
		B6AA835D1E67E9ED00120472 /* yas_processing_number_event.cpp */ = {isa = PBXFileReference; fileEncoding = 4; lastKnownFileType = sourcecode.cpp.cpp; path = yas_processing_number_event.cpp; sourceTree = "<group>"; };
		B6AA835E1E67E9ED00120472 /* yas_processing_number_event.h */ = {isa = PBXFileReference; fileEncoding = 4; lastKnownFileType = sourcecode.c.h; path = yas_processing_number_event.h; sourceTree = "<group>"; };
		B6AA835F1E67E9ED00120472 /* yas_processing_number_event_private.h */ = {isa = PBXFileReference; fileEncoding = 4; lastKnownFileType = sourcecode.c.h; path = yas_processing_number_event_private.h; sourceTree = "<group>"; };
		B6AA83601E67E9ED00120472 /* yas_processing_signal_event.cpp */ = {isa = PBXFileReference; fileEncoding = 4; lastKnownFileType = sourcecode.cpp.cpp; path = yas_processing_signal_event.cpp; sourceTree = "<group>"; };
		B6AA83611E67E9ED00120472 /* yas_processing_signal_event.h */ = {isa = PBXFileReference; fileEncoding = 4; lastKnownFileType = sourcecode.c.h; path = yas_processing_signal_event.h; sourceTree = "<group>"; };
		B6AA83621E67E9ED00120472 /* yas_processing_signal_event_private.h */ = {isa = PBXFileReference; fileEncoding = 4; lastKnownFileType = sourcecode.c.h; path = yas_processing_signal_event_private.h; sourceTree = "<group>"; };
		B6AA83651E67E9ED00120472 /* yas_processing_number_process_context.h */ = {isa = PBXFileReference; fileEncoding = 4; lastKnownFileType = sourcecode.c.h; path = yas_processing_number_process_context.h; sourceTree = "<group>"; };
		B6AA83661E67E9ED00120472 /* yas_processing_number_process_context_private.h */ = {isa = PBXFileReference; fileEncoding = 4; lastKnownFileType = sourcecode.c.h; path = yas_processing_number_process_context_private.h; sourceTree = "<group>"; };
		B6AA83671E67E9ED00120472 /* yas_processing_signal_process_context.h */ = {isa = PBXFileReference; fileEncoding = 4; lastKnownFileType = sourcecode.c.h; path = yas_processing_signal_process_context.h; sourceTree = "<group>"; };
		B6AA83681E67E9ED00120472 /* yas_processing_signal_process_context_private.h */ = {isa = PBXFileReference; fileEncoding = 4; lastKnownFileType = sourcecode.c.h; path = yas_processing_signal_process_context_private.h; sourceTree = "<group>"; };
		B6AA83691E67E9ED00120472 /* yas_processing_cast_module.h */ = {isa = PBXFileReference; fileEncoding = 4; lastKnownFileType = sourcecode.c.h; path = yas_processing_cast_module.h; sourceTree = "<group>"; };
		B6AA836A1E67E9ED00120472 /* yas_processing_cast_module_private.h */ = {isa = PBXFileReference; fileEncoding = 4; lastKnownFileType = sourcecode.c.h; path = yas_processing_cast_module_private.h; sourceTree = "<group>"; };
		B6AA836B1E67E9ED00120472 /* yas_processing_compare_modules.cpp */ = {isa = PBXFileReference; fileEncoding = 4; lastKnownFileType = sourcecode.cpp.cpp; path = yas_processing_compare_modules.cpp; sourceTree = "<group>"; };
		B6AA836C1E67E9ED00120472 /* yas_processing_compare_modules.h */ = {isa = PBXFileReference; fileEncoding = 4; lastKnownFileType = sourcecode.c.h; path = yas_processing_compare_modules.h; sourceTree = "<group>"; };
		B6AA836D1E67E9ED00120472 /* yas_processing_constant_module.cpp */ = {isa = PBXFileReference; fileEncoding = 4; lastKnownFileType = sourcecode.cpp.cpp; path = yas_processing_constant_module.cpp; sourceTree = "<group>"; };
		B6AA836E1E67E9ED00120472 /* yas_processing_constant_module.h */ = {isa = PBXFileReference; fileEncoding = 4; lastKnownFileType = sourcecode.c.h; path = yas_processing_constant_module.h; sourceTree = "<group>"; };
		B6AA836F1E67E9ED00120472 /* yas_processing_generator_modules.cpp */ = {isa = PBXFileReference; fileEncoding = 4; lastKnownFileType = sourcecode.cpp.cpp; path = yas_processing_generator_modules.cpp; sourceTree = "<group>"; };
		B6AA83701E67E9ED00120472 /* yas_processing_generator_modules.h */ = {isa = PBXFileReference; fileEncoding = 4; lastKnownFileType = sourcecode.c.h; path = yas_processing_generator_modules.h; sourceTree = "<group>"; };
		B6AA83711E67E9ED00120472 /* yas_processing_math1_modules.cpp */ = {isa = PBXFileReference; fileEncoding = 4; lastKnownFileType = sourcecode.cpp.cpp; path = yas_processing_math1_modules.cpp; sourceTree = "<group>"; };
		B6AA83721E67E9ED00120472 /* yas_processing_math1_modules.h */ = {isa = PBXFileReference; fileEncoding = 4; lastKnownFileType = sourcecode.c.h; path = yas_processing_math1_modules.h; sourceTree = "<group>"; };
		B6AA83731E67E9ED00120472 /* yas_processing_math2_modules.cpp */ = {isa = PBXFileReference; fileEncoding = 4; lastKnownFileType = sourcecode.cpp.cpp; path = yas_processing_math2_modules.cpp; sourceTree = "<group>"; };
		B6AA83741E67E9ED00120472 /* yas_processing_math2_modules.h */ = {isa = PBXFileReference; fileEncoding = 4; lastKnownFileType = sourcecode.c.h; path = yas_processing_math2_modules.h; sourceTree = "<group>"; };
		B6AA83751E67E9ED00120472 /* yas_processing_number_to_signal_module.cpp */ = {isa = PBXFileReference; fileEncoding = 4; lastKnownFileType = sourcecode.cpp.cpp; path = yas_processing_number_to_signal_module.cpp; sourceTree = "<group>"; };
		B6AA83761E67E9ED00120472 /* yas_processing_number_to_signal_module.h */ = {isa = PBXFileReference; fileEncoding = 4; lastKnownFileType = sourcecode.c.h; path = yas_processing_number_to_signal_module.h; sourceTree = "<group>"; };
		B6AA83771E67E9ED00120472 /* yas_processing_routing_modules.cpp */ = {isa = PBXFileReference; fileEncoding = 4; lastKnownFileType = sourcecode.cpp.cpp; path = yas_processing_routing_modules.cpp; sourceTree = "<group>"; };
		B6AA83781E67E9ED00120472 /* yas_processing_routing_modules.h */ = {isa = PBXFileReference; fileEncoding = 4; lastKnownFileType = sourcecode.c.h; path = yas_processing_routing_modules.h; sourceTree = "<group>"; };
		B6AA83791E67E9ED00120472 /* yas_processing_sub_timeline_module.cpp */ = {isa = PBXFileReference; fileEncoding = 4; lastKnownFileType = sourcecode.cpp.cpp; path = yas_processing_sub_timeline_module.cpp; sourceTree = "<group>"; };
		B6AA837A1E67E9ED00120472 /* yas_processing_sub_timeline_module.h */ = {isa = PBXFileReference; fileEncoding = 4; lastKnownFileType = sourcecode.c.h; path = yas_processing_sub_timeline_module.h; sourceTree = "<group>"; };
		B6AA837C1E67E9ED00120472 /* yas_processing_receive_number_processor.cpp */ = {isa = PBXFileReference; fileEncoding = 4; lastKnownFileType = sourcecode.cpp.cpp; path = yas_processing_receive_number_processor.cpp; sourceTree = "<group>"; };
		B6AA837D1E67E9ED00120472 /* yas_processing_receive_number_processor.h */ = {isa = PBXFileReference; fileEncoding = 4; lastKnownFileType = sourcecode.c.h; path = yas_processing_receive_number_processor.h; sourceTree = "<group>"; };
		B6AA837E1E67E9ED00120472 /* yas_processing_receive_signal_processor.cpp */ = {isa = PBXFileReference; fileEncoding = 4; lastKnownFileType = sourcecode.cpp.cpp; path = yas_processing_receive_signal_processor.cpp; sourceTree = "<group>"; };
		B6AA837F1E67E9ED00120472 /* yas_processing_receive_signal_processor.h */ = {isa = PBXFileReference; fileEncoding = 4; lastKnownFileType = sourcecode.c.h; path = yas_processing_receive_signal_processor.h; sourceTree = "<group>"; };
		B6AA83801E67E9ED00120472 /* yas_processing_remove_number_processor.cpp */ = {isa = PBXFileReference; fileEncoding = 4; lastKnownFileType = sourcecode.cpp.cpp; path = yas_processing_remove_number_processor.cpp; sourceTree = "<group>"; };
		B6AA83811E67E9ED00120472 /* yas_processing_remove_number_processor.h */ = {isa = PBXFileReference; fileEncoding = 4; lastKnownFileType = sourcecode.c.h; path = yas_processing_remove_number_processor.h; sourceTree = "<group>"; };
		B6AA83821E67E9ED00120472 /* yas_processing_remove_signal_processor.cpp */ = {isa = PBXFileReference; fileEncoding = 4; lastKnownFileType = sourcecode.cpp.cpp; path = yas_processing_remove_signal_processor.cpp; sourceTree = "<group>"; };
		B6AA83831E67E9ED00120472 /* yas_processing_remove_signal_processor.h */ = {isa = PBXFileReference; fileEncoding = 4; lastKnownFileType = sourcecode.c.h; path = yas_processing_remove_signal_processor.h; sourceTree = "<group>"; };
		B6AA83851E67E9ED00120472 /* yas_processing_send_number_processor.cpp */ = {isa = PBXFileReference; fileEncoding = 4; lastKnownFileType = sourcecode.cpp.cpp; path = yas_processing_send_number_processor.cpp; sourceTree = "<group>"; };
		B6AA83861E67E9ED00120472 /* yas_processing_send_number_processor.h */ = {isa = PBXFileReference; fileEncoding = 4; lastKnownFileType = sourcecode.c.h; path = yas_processing_send_number_processor.h; sourceTree = "<group>"; };
		B6AA83871E67E9ED00120472 /* yas_processing_send_signal_processor.cpp */ = {isa = PBXFileReference; fileEncoding = 4; lastKnownFileType = sourcecode.cpp.cpp; path = yas_processing_send_signal_processor.cpp; sourceTree = "<group>"; };
		B6AA83881E67E9ED00120472 /* yas_processing_send_signal_processor.h */ = {isa = PBXFileReference; fileEncoding = 4; lastKnownFileType = sourcecode.c.h; path = yas_processing_send_signal_processor.h; sourceTree = "<group>"; };
		B6AA83891E67E9ED00120472 /* yas_processing_channel_private.h */ = {isa = PBXFileReference; fileEncoding = 4; lastKnownFileType = sourcecode.c.h; name = yas_processing_channel_private.h; path = ../../processing/yas_processing_channel_private.h; sourceTree = "<group>"; };
		B6AA838A1E67E9ED00120472 /* yas_processing_channel.cpp */ = {isa = PBXFileReference; fileEncoding = 4; lastKnownFileType = sourcecode.cpp.cpp; name = yas_processing_channel.cpp; path = ../../processing/yas_processing_channel.cpp; sourceTree = "<group>"; };
		B6AA838B1E67E9ED00120472 /* yas_processing_channel.h */ = {isa = PBXFileReference; fileEncoding = 4; lastKnownFileType = sourcecode.c.h; name = yas_processing_channel.h; path = ../../processing/yas_processing_channel.h; sourceTree = "<group>"; };
		B6AA838C1E67E9ED00120472 /* yas_processing_connector_private.h */ = {isa = PBXFileReference; fileEncoding = 4; lastKnownFileType = sourcecode.c.h; name = yas_processing_connector_private.h; path = ../../processing/yas_processing_connector_private.h; sourceTree = "<group>"; };
		B6AA838D1E67E9ED00120472 /* yas_processing_connector.h */ = {isa = PBXFileReference; fileEncoding = 4; lastKnownFileType = sourcecode.c.h; name = yas_processing_connector.h; path = ../../processing/yas_processing_connector.h; sourceTree = "<group>"; };
		B6AA838E1E67E9ED00120472 /* yas_processing_constants.h */ = {isa = PBXFileReference; fileEncoding = 4; lastKnownFileType = sourcecode.c.h; name = yas_processing_constants.h; path = ../../processing/yas_processing_constants.h; sourceTree = "<group>"; };
		B6AA838F1E67E9ED00120472 /* yas_processing_event.cpp */ = {isa = PBXFileReference; fileEncoding = 4; lastKnownFileType = sourcecode.cpp.cpp; name = yas_processing_event.cpp; path = ../../processing/yas_processing_event.cpp; sourceTree = "<group>"; };
		B6AA83901E67E9ED00120472 /* yas_processing_event.h */ = {isa = PBXFileReference; fileEncoding = 4; lastKnownFileType = sourcecode.c.h; name = yas_processing_event.h; path = ../../processing/yas_processing_event.h; sourceTree = "<group>"; };
		B6AA83911E67E9ED00120472 /* yas_processing_module.cpp */ = {isa = PBXFileReference; fileEncoding = 4; lastKnownFileType = sourcecode.cpp.cpp; name = yas_processing_module.cpp; path = ../../processing/yas_processing_module.cpp; sourceTree = "<group>"; };
		B6AA83921E67E9ED00120472 /* yas_processing_module.h */ = {isa = PBXFileReference; fileEncoding = 4; lastKnownFileType = sourcecode.c.h; name = yas_processing_module.h; path = ../../processing/yas_processing_module.h; sourceTree = "<group>"; };
		B6AA83931E67E9ED00120472 /* yas_processing_processor.h */ = {isa = PBXFileReference; fileEncoding = 4; lastKnownFileType = sourcecode.c.h; name = yas_processing_processor.h; path = ../../processing/yas_processing_processor.h; sourceTree = "<group>"; };
		B6AA83941E67E9ED00120472 /* yas_processing_stream.cpp */ = {isa = PBXFileReference; fileEncoding = 4; lastKnownFileType = sourcecode.cpp.cpp; name = yas_processing_stream.cpp; path = ../../processing/yas_processing_stream.cpp; sourceTree = "<group>"; };
		B6AA83951E67E9ED00120472 /* yas_processing_stream.h */ = {isa = PBXFileReference; fileEncoding = 4; lastKnownFileType = sourcecode.c.h; name = yas_processing_stream.h; path = ../../processing/yas_processing_stream.h; sourceTree = "<group>"; };
		B6AA83961E67E9ED00120472 /* yas_processing_sync_source.cpp */ = {isa = PBXFileReference; fileEncoding = 4; lastKnownFileType = sourcecode.cpp.cpp; name = yas_processing_sync_source.cpp; path = ../../processing/yas_processing_sync_source.cpp; sourceTree = "<group>"; };
		B6AA83971E67E9ED00120472 /* yas_processing_sync_source.h */ = {isa = PBXFileReference; fileEncoding = 4; lastKnownFileType = sourcecode.c.h; name = yas_processing_sync_source.h; path = ../../processing/yas_processing_sync_source.h; sourceTree = "<group>"; };
		B6AA83981E67E9ED00120472 /* yas_processing_time.cpp */ = {isa = PBXFileReference; fileEncoding = 4; lastKnownFileType = sourcecode.cpp.cpp; name = yas_processing_time.cpp; path = ../../processing/yas_processing_time.cpp; sourceTree = "<group>"; };
		B6AA83991E67E9ED00120472 /* yas_processing_time.h */ = {isa = PBXFileReference; fileEncoding = 4; lastKnownFileType = sourcecode.c.h; name = yas_processing_time.h; path = ../../processing/yas_processing_time.h; sourceTree = "<group>"; };
		B6AA839A1E67E9ED00120472 /* yas_processing_timeline.cpp */ = {isa = PBXFileReference; fileEncoding = 4; lastKnownFileType = sourcecode.cpp.cpp; name = yas_processing_timeline.cpp; path = ../../processing/yas_processing_timeline.cpp; sourceTree = "<group>"; };
		B6AA839B1E67E9ED00120472 /* yas_processing_timeline.h */ = {isa = PBXFileReference; fileEncoding = 4; lastKnownFileType = sourcecode.c.h; name = yas_processing_timeline.h; path = ../../processing/yas_processing_timeline.h; sourceTree = "<group>"; };
		B6AA839C1E67E9ED00120472 /* yas_processing_track.cpp */ = {isa = PBXFileReference; fileEncoding = 4; lastKnownFileType = sourcecode.cpp.cpp; name = yas_processing_track.cpp; path = ../../processing/yas_processing_track.cpp; sourceTree = "<group>"; };
		B6AA839D1E67E9ED00120472 /* yas_processing_track.h */ = {isa = PBXFileReference; fileEncoding = 4; lastKnownFileType = sourcecode.c.h; name = yas_processing_track.h; path = ../../processing/yas_processing_track.h; sourceTree = "<group>"; };
		B6AA839E1E67E9ED00120472 /* yas_processing_types.h */ = {isa = PBXFileReference; fileEncoding = 4; lastKnownFileType = sourcecode.c.h; name = yas_processing_types.h; path = ../../processing/yas_processing_types.h; sourceTree = "<group>"; };
		B6AA839F1E67E9ED00120472 /* yas_processing.h */ = {isa = PBXFileReference; fileEncoding = 4; lastKnownFileType = sourcecode.c.h; name = yas_processing.h; path = ../../processing/yas_processing.h; sourceTree = "<group>"; };
		B6AA83B91E67EABC00120472 /* yas_processing_remove_signal_processor_tests.mm */ = {isa = PBXFileReference; fileEncoding = 4; lastKnownFileType = sourcecode.cpp.objcpp; path = yas_processing_remove_signal_processor_tests.mm; sourceTree = "<group>"; };
		B6AA84461E691B4E00120472 /* yas_processing_cast_module.cpp */ = {isa = PBXFileReference; fileEncoding = 4; lastKnownFileType = sourcecode.cpp.cpp; path = yas_processing_cast_module.cpp; sourceTree = "<group>"; };
		B6AA844D1E6920CA00120472 /* yas_processing_envelope_module.cpp */ = {isa = PBXFileReference; fileEncoding = 4; lastKnownFileType = sourcecode.cpp.cpp; path = yas_processing_envelope_module.cpp; sourceTree = "<group>"; };
		B6AA844E1E6920CA00120472 /* yas_processing_envelope_module.h */ = {isa = PBXFileReference; fileEncoding = 4; lastKnownFileType = sourcecode.c.h; path = yas_processing_envelope_module.h; sourceTree = "<group>"; };
		B6AA84511E692D5200120472 /* yas_processing_envelope_module_tests.mm */ = {isa = PBXFileReference; fileEncoding = 4; lastKnownFileType = sourcecode.cpp.objcpp; path = yas_processing_envelope_module_tests.mm; sourceTree = "<group>"; };
		B6AF4F781E15048300805168 /* yas_processing_signal_processor_tests.mm */ = {isa = PBXFileReference; fileEncoding = 4; lastKnownFileType = sourcecode.cpp.objcpp; path = yas_processing_signal_processor_tests.mm; sourceTree = "<group>"; };
		B6AF4F7A1E160B9F00805168 /* yas_processing_test_utils.cpp */ = {isa = PBXFileReference; fileEncoding = 4; lastKnownFileType = sourcecode.cpp.cpp; path = yas_processing_test_utils.cpp; sourceTree = "<group>"; };
		B6C4DADB1DF6F76200621F80 /* yas_processing_module_tests.mm */ = {isa = PBXFileReference; fileEncoding = 4; lastKnownFileType = sourcecode.cpp.objcpp; path = yas_processing_module_tests.mm; sourceTree = "<group>"; };
		B6C4DADD1DF6F76E00621F80 /* yas_processing_track_tests.mm */ = {isa = PBXFileReference; fileEncoding = 4; lastKnownFileType = sourcecode.cpp.objcpp; path = yas_processing_track_tests.mm; sourceTree = "<group>"; };
		B6E0CB371E17992A00329906 /* yas_processing_constant_signal_module_tests.mm */ = {isa = PBXFileReference; fileEncoding = 4; lastKnownFileType = sourcecode.cpp.objcpp; path = yas_processing_constant_signal_module_tests.mm; sourceTree = "<group>"; };
		B6E0EA7A1E5012710072407A /* yas_processing_sub_timeline_module_tests.mm */ = {isa = PBXFileReference; fileEncoding = 4; lastKnownFileType = sourcecode.cpp.objcpp; path = yas_processing_sub_timeline_module_tests.mm; sourceTree = "<group>"; };
		B6EA4E171E2EFD7700FFAD3B /* yas_processing_math1_signal_modules_tests.mm */ = {isa = PBXFileReference; fileEncoding = 4; lastKnownFileType = sourcecode.cpp.objcpp; path = yas_processing_math1_signal_modules_tests.mm; sourceTree = "<group>"; };
		B6EA4E1F1E30F6CC00FFAD3B /* yas_processing_sync_source_tests.mm */ = {isa = PBXFileReference; fileEncoding = 4; lastKnownFileType = sourcecode.cpp.objcpp; path = yas_processing_sync_source_tests.mm; sourceTree = "<group>"; };
/* End PBXFileReference section */

/* Begin PBXFrameworksBuildPhase section */
		B6A6EF971DD94E9200436428 /* Frameworks */ = {
			isa = PBXFrameworksBuildPhase;
			buildActionMask = 2147483647;
			files = (
			);
			runOnlyForDeploymentPostprocessing = 0;
		};
/* End PBXFrameworksBuildPhase section */

/* Begin PBXGroup section */
		B620F6071DE1BD390050F6A2 /* processing */ = {
			isa = PBXGroup;
			children = (
				B6AA835C1E67E9ED00120472 /* event */,
				B6AA83631E67E9ED00120472 /* module */,
				B6AA837B1E67E9ED00120472 /* processor */,
				B6AA83891E67E9ED00120472 /* yas_processing_channel_private.h */,
				B6AA838A1E67E9ED00120472 /* yas_processing_channel.cpp */,
				B6AA838B1E67E9ED00120472 /* yas_processing_channel.h */,
				B6AA838C1E67E9ED00120472 /* yas_processing_connector_private.h */,
				B6AA838D1E67E9ED00120472 /* yas_processing_connector.h */,
				B6AA838E1E67E9ED00120472 /* yas_processing_constants.h */,
				B6AA838F1E67E9ED00120472 /* yas_processing_event.cpp */,
				B6AA83901E67E9ED00120472 /* yas_processing_event.h */,
				B6AA83911E67E9ED00120472 /* yas_processing_module.cpp */,
				B6AA83921E67E9ED00120472 /* yas_processing_module.h */,
				B6AA83931E67E9ED00120472 /* yas_processing_processor.h */,
				B6AA83941E67E9ED00120472 /* yas_processing_stream.cpp */,
				B6AA83951E67E9ED00120472 /* yas_processing_stream.h */,
				B6AA83961E67E9ED00120472 /* yas_processing_sync_source.cpp */,
				B6AA83971E67E9ED00120472 /* yas_processing_sync_source.h */,
				B6AA83981E67E9ED00120472 /* yas_processing_time.cpp */,
				B6AA83991E67E9ED00120472 /* yas_processing_time.h */,
				B6AA839A1E67E9ED00120472 /* yas_processing_timeline.cpp */,
				B6AA839B1E67E9ED00120472 /* yas_processing_timeline.h */,
				B6AA839C1E67E9ED00120472 /* yas_processing_track.cpp */,
				B6AA839D1E67E9ED00120472 /* yas_processing_track.h */,
				B6AA839E1E67E9ED00120472 /* yas_processing_types.h */,
				B6AA839F1E67E9ED00120472 /* yas_processing.h */,
			);
			name = processing;
			sourceTree = "<group>";
		};
		B633D2291DE1E1BF00C35515 /* processing_tests */ = {
			isa = PBXGroup;
			children = (
				B64EBC751E21DD81002697C4 /* yas_processing_cast_module_tests.mm */,
				B64C096B1DF024F900B9DCB1 /* yas_processing_channel_tests.mm */,
				B6347C201E5BDABD0042B1CF /* yas_processing_compare_number_modules_tests.mm */,
				B671F7971E42D04A00C8866B /* yas_processing_compare_signal_modules_tests.mm */,
				B62D83721E57D4D300262A84 /* yas_processing_constant_number_module_tests.mm */,
				B6E0CB371E17992A00329906 /* yas_processing_constant_signal_module_tests.mm */,
				1A7CDCF51E3CADF900ED3601 /* yas_processing_constants_tests.mm */,
				B6593B7B1E33A3240061385B /* yas_processing_generator_modules_tests.mm */,
				B6347C1E1E59EA690042B1CF /* yas_processing_math1_number_modules_tests.mm */,
				B6EA4E171E2EFD7700FFAD3B /* yas_processing_math1_signal_modules_tests.mm */,
				B6347C1C1E593F5F0042B1CF /* yas_processing_math2_number_modules_tests.mm */,
				B60E73931E1CA56C007957E2 /* yas_processing_math2_signal_modules_tests.mm */,
				B6C4DADB1DF6F76200621F80 /* yas_processing_module_tests.mm */,
				B60E73AC1E1FCD9C007957E2 /* yas_processing_number_event_tests.mm */,
				B60E73B11E1FE965007957E2 /* yas_processing_number_processor_tests.mm */,
				B636DB2D1E3599110070D28B /* yas_processing_number_to_signal_module_tests.mm */,
				B6A0781A1E231FEF00F0CA21 /* yas_processing_remove_number_processor_tests.mm */,
				B6AA83B91E67EABC00120472 /* yas_processing_remove_signal_processor_tests.mm */,
				B671F79C1E45BEF600C8866B /* yas_processing_routing_signal_module_tests.mm */,
				B6347C2E1E6113C90042B1CF /* yas_processing_routing_number_module_tests.mm */,
				B64C09611DEC50D700B9DCB1 /* yas_processing_signal_event_tests.mm */,
				B6AF4F781E15048300805168 /* yas_processing_signal_processor_tests.mm */,
				B64C096D1DF0250300B9DCB1 /* yas_processing_stream_tests.mm */,
				B6E0EA7A1E5012710072407A /* yas_processing_sub_timeline_module_tests.mm */,
				B6EA4E1F1E30F6CC00FFAD3B /* yas_processing_sync_source_tests.mm */,
				B6AF4F7A1E160B9F00805168 /* yas_processing_test_utils.cpp */,
				B6272EB31DF70C1900F5DF95 /* yas_processing_test_utils.h */,
				B633D22A1DE1E1EB00C35515 /* yas_processing_time_range_tests.mm */,
				B60E73951E1D37A5007957E2 /* yas_processing_time_tests.mm */,
				B671F7A11E4965F500C8866B /* yas_processing_timeline_module_tests.mm */,
				B6348AC41E0BD4F90096DA81 /* yas_processing_timeline_tests.mm */,
				B6C4DADD1DF6F76E00621F80 /* yas_processing_track_tests.mm */,
				B6347C301E6128FE0042B1CF /* yas_processing_signal_process_context_tests.mm */,
				B6347C321E61290D0042B1CF /* yas_processing_number_process_context_tests.mm */,
				B6AA84511E692D5200120472 /* yas_processing_envelope_module_tests.mm */,
			);
			name = processing_tests;
			sourceTree = "<group>";
		};
		B63674831DD9DFF500C724DB /* cpp_utils */ = {
			isa = PBXGroup;
			children = (
				B63674841DD9DFF500C724DB /* yas_base.cpp */,
				B63674851DD9DFF500C724DB /* yas_base.h */,
				B63674861DD9DFF500C724DB /* yas_base_private.h */,
				B671F7941E422C1200C8866B /* yas_boolean.cpp */,
				B671F7951E422C1200C8866B /* yas_boolean.h */,
				B63674871DD9DFF500C724DB /* yas_cf_ref.cpp */,
				B63674881DD9DFF500C724DB /* yas_cf_ref.h */,
				B63674891DD9DFF500C724DB /* yas_cf_ref_private.h */,
				B636748A1DD9DFF500C724DB /* yas_cf_utils.h */,
				B636748B1DD9DFF500C724DB /* yas_cf_utils.mm */,
				B636748C1DD9DFF500C724DB /* yas_cf_utils_private.h */,
				B63674901DD9DFF500C724DB /* yas_delaying_caller.cpp */,
				B63674911DD9DFF500C724DB /* yas_delaying_caller.h */,
				B63674921DD9DFF500C724DB /* yas_each_dictionary.cpp */,
				B63674931DD9DFF500C724DB /* yas_each_dictionary.h */,
				B69222E81E9F10B1004DC802 /* yas_each_index_private.h */,
				B69222E91E9F10B1004DC802 /* yas_each_index.h */,
				B63674961DD9DFF500C724DB /* yas_exception.cpp */,
				B63674971DD9DFF500C724DB /* yas_exception.h */,
				B60477BA1E1BDE9D00195A0F /* yas_fast_each_private.h */,
				B60477BB1E1BDE9D00195A0F /* yas_fast_each.h */,
				B63674981DD9DFF500C724DB /* yas_flagset.h */,
				B63674991DD9DFF500C724DB /* yas_flagset_private.h */,
				B636749A1DD9DFF500C724DB /* yas_flex_ptr.cpp */,
				B636749B1DD9DFF500C724DB /* yas_flex_ptr.h */,
				B636749C1DD9DFF500C724DB /* yas_objc_cast.h */,
				B636749D1DD9DFF500C724DB /* yas_objc_ptr.h */,
				B636749E1DD9DFF500C724DB /* yas_objc_ptr.mm */,
				B636749F1DD9DFF500C724DB /* yas_objc_ptr_private.h */,
				B63674A21DD9DFF500C724DB /* yas_operation.cpp */,
				B63674A31DD9DFF500C724DB /* yas_operation.h */,
				B63674A41DD9DFF500C724DB /* yas_operation_protocol.h */,
				B63674A71DD9DFF500C724DB /* yas_protocol.cpp */,
				B63674A81DD9DFF500C724DB /* yas_protocol.h */,
				B63674A91DD9DFF500C724DB /* yas_protocol_private.h */,
				B63674AA1DD9DFF500C724DB /* yas_result.h */,
				B63674AB1DD9DFF500C724DB /* yas_result_private.h */,
				B63674AC1DD9DFF500C724DB /* yas_stl_utils.cpp */,
				B63674AD1DD9DFF500C724DB /* yas_stl_utils.h */,
				B63674AE1DD9DFF500C724DB /* yas_stl_utils_private.h */,
				B63674AF1DD9DFF500C724DB /* yas_to_bool.h */,
				B63674B01DD9DFF500C724DB /* yas_type_traits.h */,
				B63674B11DD9DFF500C724DB /* yas_types.h */,
				B63674B21DD9DFF500C724DB /* yas_unless.h */,
				B63674B31DD9DFF500C724DB /* yas_version.cpp */,
				B63674B41DD9DFF500C724DB /* yas_version.h */,
			);
			name = cpp_utils;
			path = ../../submodules/cpp_utils/cpp_utils;
			sourceTree = "<group>";
		};
		B63674C71DD9E0D300C724DB /* objc_utils */ = {
			isa = PBXGroup;
			children = (
				B63674C81DD9E0D300C724DB /* yas_objc_macros.h */,
				B63674C91DD9E0D300C724DB /* yas_objc_unowned.h */,
				B63674CA1DD9E0D300C724DB /* yas_objc_unowned.m */,
			);
			name = objc_utils;
			path = ../../submodules/objc_utils/objc_utils;
			sourceTree = "<group>";
		};
		B650E3C81DD8105800E423C7 = {
			isa = PBXGroup;
			children = (
				B6A6EF9C1DD94E9200436428 /* processing_mac_tests */,
				B6A6EF9B1DD94E9200436428 /* Products */,
			);
			sourceTree = "<group>";
		};
		B6A6EF9B1DD94E9200436428 /* Products */ = {
			isa = PBXGroup;
			children = (
				B6A6EF9A1DD94E9200436428 /* processing_mac_tests.xctest */,
			);
			name = Products;
			sourceTree = "<group>";
		};
		B6A6EF9C1DD94E9200436428 /* processing_mac_tests */ = {
			isa = PBXGroup;
			children = (
				B633D2291DE1E1BF00C35515 /* processing_tests */,
				B620F6071DE1BD390050F6A2 /* processing */,
				B63674C71DD9E0D300C724DB /* objc_utils */,
				B63674831DD9DFF500C724DB /* cpp_utils */,
				B6A6EF9F1DD94E9200436428 /* Info.plist */,
			);
			path = processing_mac_tests;
			sourceTree = "<group>";
		};
		B6AA835C1E67E9ED00120472 /* event */ = {
			isa = PBXGroup;
			children = (
				B6AA835D1E67E9ED00120472 /* yas_processing_number_event.cpp */,
				B6AA835E1E67E9ED00120472 /* yas_processing_number_event.h */,
				B6AA835F1E67E9ED00120472 /* yas_processing_number_event_private.h */,
				B6AA83601E67E9ED00120472 /* yas_processing_signal_event.cpp */,
				B6AA83611E67E9ED00120472 /* yas_processing_signal_event.h */,
				B6AA83621E67E9ED00120472 /* yas_processing_signal_event_private.h */,
			);
			name = event;
			path = ../../processing/event;
			sourceTree = "<group>";
		};
		B6AA83631E67E9ED00120472 /* module */ = {
			isa = PBXGroup;
			children = (
				B6AA83641E67E9ED00120472 /* context */,
				B6AA836A1E67E9ED00120472 /* yas_processing_cast_module_private.h */,
				B6AA84461E691B4E00120472 /* yas_processing_cast_module.cpp */,
				B6AA83691E67E9ED00120472 /* yas_processing_cast_module.h */,
				B6AA836B1E67E9ED00120472 /* yas_processing_compare_modules.cpp */,
				B6AA836C1E67E9ED00120472 /* yas_processing_compare_modules.h */,
				B6AA836D1E67E9ED00120472 /* yas_processing_constant_module.cpp */,
				B6AA836E1E67E9ED00120472 /* yas_processing_constant_module.h */,
				B6AA844D1E6920CA00120472 /* yas_processing_envelope_module.cpp */,
				B6AA844E1E6920CA00120472 /* yas_processing_envelope_module.h */,
				B6AA836F1E67E9ED00120472 /* yas_processing_generator_modules.cpp */,
				B6AA83701E67E9ED00120472 /* yas_processing_generator_modules.h */,
				B6AA83711E67E9ED00120472 /* yas_processing_math1_modules.cpp */,
				B6AA83721E67E9ED00120472 /* yas_processing_math1_modules.h */,
				B6AA83731E67E9ED00120472 /* yas_processing_math2_modules.cpp */,
				B6AA83741E67E9ED00120472 /* yas_processing_math2_modules.h */,
				B6AA83751E67E9ED00120472 /* yas_processing_number_to_signal_module.cpp */,
				B6AA83761E67E9ED00120472 /* yas_processing_number_to_signal_module.h */,
				B6AA83771E67E9ED00120472 /* yas_processing_routing_modules.cpp */,
				B6AA83781E67E9ED00120472 /* yas_processing_routing_modules.h */,
				B6AA83791E67E9ED00120472 /* yas_processing_sub_timeline_module.cpp */,
				B6AA837A1E67E9ED00120472 /* yas_processing_sub_timeline_module.h */,
			);
			name = module;
			path = ../../processing/module;
			sourceTree = "<group>";
		};
		B6AA83641E67E9ED00120472 /* context */ = {
			isa = PBXGroup;
			children = (
				B6AA83651E67E9ED00120472 /* yas_processing_number_process_context.h */,
				B6AA83661E67E9ED00120472 /* yas_processing_number_process_context_private.h */,
				B6AA83671E67E9ED00120472 /* yas_processing_signal_process_context.h */,
				B6AA83681E67E9ED00120472 /* yas_processing_signal_process_context_private.h */,
			);
			path = context;
			sourceTree = "<group>";
		};
		B6AA837B1E67E9ED00120472 /* processor */ = {
			isa = PBXGroup;
			children = (
				B6AA837C1E67E9ED00120472 /* yas_processing_receive_number_processor.cpp */,
				B6AA837D1E67E9ED00120472 /* yas_processing_receive_number_processor.h */,
				B6AA837E1E67E9ED00120472 /* yas_processing_receive_signal_processor.cpp */,
				B6AA837F1E67E9ED00120472 /* yas_processing_receive_signal_processor.h */,
				B6AA83801E67E9ED00120472 /* yas_processing_remove_number_processor.cpp */,
				B6AA83811E67E9ED00120472 /* yas_processing_remove_number_processor.h */,
				B6AA83821E67E9ED00120472 /* yas_processing_remove_signal_processor.cpp */,
				B6AA83831E67E9ED00120472 /* yas_processing_remove_signal_processor.h */,
				B6AA83851E67E9ED00120472 /* yas_processing_send_number_processor.cpp */,
				B6AA83861E67E9ED00120472 /* yas_processing_send_number_processor.h */,
				B6AA83871E67E9ED00120472 /* yas_processing_send_signal_processor.cpp */,
				B6AA83881E67E9ED00120472 /* yas_processing_send_signal_processor.h */,
			);
			name = processor;
			path = ../../processing/processor;
			sourceTree = "<group>";
		};
/* End PBXGroup section */

/* Begin PBXNativeTarget section */
		B6A6EF991DD94E9200436428 /* processing_mac_tests */ = {
			isa = PBXNativeTarget;
			buildConfigurationList = B6A6EFA21DD94E9200436428 /* Build configuration list for PBXNativeTarget "processing_mac_tests" */;
			buildPhases = (
				B6302A1320AB0A27009A5C2A /* ShellScript */,
				B6A6EF961DD94E9200436428 /* Sources */,
				B6A6EF971DD94E9200436428 /* Frameworks */,
				B6A6EF981DD94E9200436428 /* Resources */,
			);
			buildRules = (
			);
			dependencies = (
			);
			name = processing_mac_tests;
			productName = processing_mac_tests;
			productReference = B6A6EF9A1DD94E9200436428 /* processing_mac_tests.xctest */;
			productType = "com.apple.product-type.bundle.unit-test";
		};
/* End PBXNativeTarget section */

/* Begin PBXProject section */
		B650E3C91DD8105800E423C7 /* Project object */ = {
			isa = PBXProject;
			attributes = {
				LastUpgradeCheck = 0930;
				TargetAttributes = {
					B6A6EF991DD94E9200436428 = {
						CreatedOnToolsVersion = 8.1;
						DevelopmentTeam = WVVR5YE53F;
						ProvisioningStyle = Automatic;
					};
				};
			};
			buildConfigurationList = B650E3CC1DD8105800E423C7 /* Build configuration list for PBXProject "processing_tests" */;
			compatibilityVersion = "Xcode 3.2";
			developmentRegion = English;
			hasScannedForEncodings = 0;
			knownRegions = (
				en,
			);
			mainGroup = B650E3C81DD8105800E423C7;
			productRefGroup = B6A6EF9B1DD94E9200436428 /* Products */;
			projectDirPath = "";
			projectRoot = "";
			targets = (
				B6A6EF991DD94E9200436428 /* processing_mac_tests */,
			);
		};
/* End PBXProject section */

/* Begin PBXResourcesBuildPhase section */
		B6A6EF981DD94E9200436428 /* Resources */ = {
			isa = PBXResourcesBuildPhase;
			buildActionMask = 2147483647;
			files = (
			);
			runOnlyForDeploymentPostprocessing = 0;
		};
/* End PBXResourcesBuildPhase section */

/* Begin PBXShellScriptBuildPhase section */
		B6302A1320AB0A27009A5C2A /* ShellScript */ = {
			isa = PBXShellScriptBuildPhase;
			buildActionMask = 2147483647;
			files = (
			);
			inputPaths = (
			);
			outputPaths = (
			);
			runOnlyForDeploymentPostprocessing = 0;
			shellPath = /bin/sh;
			shellScript = ../script/format.sh;
		};
/* End PBXShellScriptBuildPhase section */

/* Begin PBXSourcesBuildPhase section */
		B6A6EF961DD94E9200436428 /* Sources */ = {
			isa = PBXSourcesBuildPhase;
			buildActionMask = 2147483647;
			files = (
				B6EA4E201E30F6CC00FFAD3B /* yas_processing_sync_source_tests.mm in Sources */,
				B63674C11DD9DFF500C724DB /* yas_version.cpp in Sources */,
				B6AA83AC1E67E9ED00120472 /* yas_processing_remove_number_processor.cpp in Sources */,
				B6AA83B71E67E9ED00120472 /* yas_processing_timeline.cpp in Sources */,
				B6E0EA7B1E5012710072407A /* yas_processing_sub_timeline_module_tests.mm in Sources */,
				B6AA83BA1E67EABC00120472 /* yas_processing_remove_signal_processor_tests.mm in Sources */,
				B6347C1F1E59EA690042B1CF /* yas_processing_math1_number_modules_tests.mm in Sources */,
				B60E73961E1D37A5007957E2 /* yas_processing_time_tests.mm in Sources */,
				1A7CDCF61E3CADF900ED3601 /* yas_processing_constants_tests.mm in Sources */,
				B63674B71DD9DFF500C724DB /* yas_cf_utils.mm in Sources */,
				B6AA844F1E6920CA00120472 /* yas_processing_envelope_module.cpp in Sources */,
				B63674BC1DD9DFF500C724DB /* yas_flex_ptr.cpp in Sources */,
				B636DB2E1E3599110070D28B /* yas_processing_number_to_signal_module_tests.mm in Sources */,
				B6C4DADE1DF6F76E00621F80 /* yas_processing_track_tests.mm in Sources */,
				B6AA83B81E67E9ED00120472 /* yas_processing_track.cpp in Sources */,
				B671F7961E422C1200C8866B /* yas_boolean.cpp in Sources */,
				B6AA84521E692D5200120472 /* yas_processing_envelope_module_tests.mm in Sources */,
				B6593B7C1E33A3240061385B /* yas_processing_generator_modules_tests.mm in Sources */,
				B6AA83AD1E67E9ED00120472 /* yas_processing_remove_signal_processor.cpp in Sources */,
				B64C096C1DF024F900B9DCB1 /* yas_processing_channel_tests.mm in Sources */,
				B63674C01DD9DFF500C724DB /* yas_stl_utils.cpp in Sources */,
				B6AA83B61E67E9ED00120472 /* yas_processing_time.cpp in Sources */,
				B6AA83B11E67E9ED00120472 /* yas_processing_channel.cpp in Sources */,
				B6AF4F791E15048300805168 /* yas_processing_signal_processor_tests.mm in Sources */,
				B6AA83A71E67E9ED00120472 /* yas_processing_number_to_signal_module.cpp in Sources */,
				B671F7A21E4965F500C8866B /* yas_processing_timeline_module_tests.mm in Sources */,
				B6347C311E6128FE0042B1CF /* yas_processing_signal_process_context_tests.mm in Sources */,
				B60E73941E1CA56C007957E2 /* yas_processing_math2_signal_modules_tests.mm in Sources */,
				B6AA83A01E67E9ED00120472 /* yas_processing_number_event.cpp in Sources */,
				B6AA83B31E67E9ED00120472 /* yas_processing_module.cpp in Sources */,
				B63674B51DD9DFF500C724DB /* yas_base.cpp in Sources */,
				B6AA83B51E67E9ED00120472 /* yas_processing_sync_source.cpp in Sources */,
				B6AA83AA1E67E9ED00120472 /* yas_processing_receive_number_processor.cpp in Sources */,
				B6AA83A91E67E9ED00120472 /* yas_processing_sub_timeline_module.cpp in Sources */,
				B6347C1D1E593F5F0042B1CF /* yas_processing_math2_number_modules_tests.mm in Sources */,
				B63674CB1DD9E0D300C724DB /* yas_objc_unowned.m in Sources */,
				B6AA83A11E67E9ED00120472 /* yas_processing_signal_event.cpp in Sources */,
				B6AA83A81E67E9ED00120472 /* yas_processing_routing_modules.cpp in Sources */,
				B6AA83B21E67E9ED00120472 /* yas_processing_event.cpp in Sources */,
				B6AA83B01E67E9ED00120472 /* yas_processing_send_signal_processor.cpp in Sources */,
				B671F79D1E45BEF600C8866B /* yas_processing_routing_signal_module_tests.mm in Sources */,
				B63674B61DD9DFF500C724DB /* yas_cf_ref.cpp in Sources */,
				B6AA83A21E67E9ED00120472 /* yas_processing_compare_modules.cpp in Sources */,
				B6E0CB381E17992A00329906 /* yas_processing_constant_signal_module_tests.mm in Sources */,
				B63674BA1DD9DFF500C724DB /* yas_each_dictionary.cpp in Sources */,
				B64EBC761E21DD81002697C4 /* yas_processing_cast_module_tests.mm in Sources */,
				B63674BB1DD9DFF500C724DB /* yas_exception.cpp in Sources */,
				B6A0781B1E231FEF00F0CA21 /* yas_processing_remove_number_processor_tests.mm in Sources */,
				B671F7981E42D04A00C8866B /* yas_processing_compare_signal_modules_tests.mm in Sources */,
				B6AA83B41E67E9ED00120472 /* yas_processing_stream.cpp in Sources */,
				B60E73AD1E1FCD9C007957E2 /* yas_processing_number_event_tests.mm in Sources */,
				B6EA4E181E2EFD7700FFAD3B /* yas_processing_math1_signal_modules_tests.mm in Sources */,
				B63674BD1DD9DFF500C724DB /* yas_objc_ptr.mm in Sources */,
				B64C09621DEC50D700B9DCB1 /* yas_processing_signal_event_tests.mm in Sources */,
				B6AA83A51E67E9ED00120472 /* yas_processing_math1_modules.cpp in Sources */,
				B6347C2F1E6113C90042B1CF /* yas_processing_routing_number_module_tests.mm in Sources */,
				B64C096E1DF0250300B9DCB1 /* yas_processing_stream_tests.mm in Sources */,
				B63674BE1DD9DFF500C724DB /* yas_operation.cpp in Sources */,
				B63674B91DD9DFF500C724DB /* yas_delaying_caller.cpp in Sources */,
				B6AA83AF1E67E9ED00120472 /* yas_processing_send_number_processor.cpp in Sources */,
				B62D83731E57D4D300262A84 /* yas_processing_constant_number_module_tests.mm in Sources */,
				B60E73B21E1FE965007957E2 /* yas_processing_number_processor_tests.mm in Sources */,
				B6AF4F7B1E160B9F00805168 /* yas_processing_test_utils.cpp in Sources */,
				B63674BF1DD9DFF500C724DB /* yas_protocol.cpp in Sources */,
				B6AA83A31E67E9ED00120472 /* yas_processing_constant_module.cpp in Sources */,
				B6347C211E5BDABD0042B1CF /* yas_processing_compare_number_modules_tests.mm in Sources */,
				B6AA83A61E67E9ED00120472 /* yas_processing_math2_modules.cpp in Sources */,
				B633D22B1DE1E1EB00C35515 /* yas_processing_time_range_tests.mm in Sources */,
				B6C4DADC1DF6F76200621F80 /* yas_processing_module_tests.mm in Sources */,
				B6348AC51E0BD4F90096DA81 /* yas_processing_timeline_tests.mm in Sources */,
				B6347C331E61290D0042B1CF /* yas_processing_number_process_context_tests.mm in Sources */,
				B6AA83A41E67E9ED00120472 /* yas_processing_generator_modules.cpp in Sources */,
				B6AA84471E691B4E00120472 /* yas_processing_cast_module.cpp in Sources */,
				B6AA83AB1E67E9ED00120472 /* yas_processing_receive_signal_processor.cpp in Sources */,
			);
			runOnlyForDeploymentPostprocessing = 0;
		};
/* End PBXSourcesBuildPhase section */

/* Begin XCBuildConfiguration section */
		B650E3CD1DD8105800E423C7 /* Debug */ = {
			isa = XCBuildConfiguration;
			buildSettings = {
				CLANG_CXX_LANGUAGE_STANDARD = "gnu++17";
				CLANG_CXX_LIBRARY = "libc++";
				CLANG_WARN_BLOCK_CAPTURE_AUTORELEASING = YES;
				CLANG_WARN_BOOL_CONVERSION = YES;
				CLANG_WARN_COMMA = YES;
				CLANG_WARN_CONSTANT_CONVERSION = YES;
				CLANG_WARN_DEPRECATED_OBJC_IMPLEMENTATIONS = YES;
				CLANG_WARN_EMPTY_BODY = YES;
				CLANG_WARN_ENUM_CONVERSION = YES;
				CLANG_WARN_INFINITE_RECURSION = YES;
				CLANG_WARN_INT_CONVERSION = YES;
				CLANG_WARN_NON_LITERAL_NULL_CONVERSION = YES;
				CLANG_WARN_OBJC_IMPLICIT_RETAIN_SELF = YES;
				CLANG_WARN_OBJC_LITERAL_CONVERSION = YES;
				CLANG_WARN_RANGE_LOOP_ANALYSIS = YES;
				CLANG_WARN_STRICT_PROTOTYPES = YES;
				CLANG_WARN_SUSPICIOUS_MOVE = YES;
				CLANG_WARN_UNREACHABLE_CODE = YES;
				CLANG_WARN__DUPLICATE_METHOD_MATCH = YES;
				ENABLE_STRICT_OBJC_MSGSEND = YES;
				ENABLE_TESTABILITY = YES;
				GCC_C_LANGUAGE_STANDARD = gnu11;
				GCC_NO_COMMON_BLOCKS = YES;
				GCC_WARN_64_TO_32_BIT_CONVERSION = YES;
				GCC_WARN_ABOUT_RETURN_TYPE = YES;
				GCC_WARN_UNDECLARED_SELECTOR = YES;
				GCC_WARN_UNINITIALIZED_AUTOS = YES;
				GCC_WARN_UNUSED_FUNCTION = YES;
				GCC_WARN_UNUSED_VARIABLE = YES;
				ONLY_ACTIVE_ARCH = YES;
			};
			name = Debug;
		};
		B650E3CE1DD8105800E423C7 /* Release */ = {
			isa = XCBuildConfiguration;
			buildSettings = {
				CLANG_CXX_LANGUAGE_STANDARD = "gnu++17";
				CLANG_CXX_LIBRARY = "libc++";
				CLANG_WARN_BLOCK_CAPTURE_AUTORELEASING = YES;
				CLANG_WARN_BOOL_CONVERSION = YES;
				CLANG_WARN_COMMA = YES;
				CLANG_WARN_CONSTANT_CONVERSION = YES;
				CLANG_WARN_DEPRECATED_OBJC_IMPLEMENTATIONS = YES;
				CLANG_WARN_EMPTY_BODY = YES;
				CLANG_WARN_ENUM_CONVERSION = YES;
				CLANG_WARN_INFINITE_RECURSION = YES;
				CLANG_WARN_INT_CONVERSION = YES;
				CLANG_WARN_NON_LITERAL_NULL_CONVERSION = YES;
				CLANG_WARN_OBJC_IMPLICIT_RETAIN_SELF = YES;
				CLANG_WARN_OBJC_LITERAL_CONVERSION = YES;
				CLANG_WARN_RANGE_LOOP_ANALYSIS = YES;
				CLANG_WARN_STRICT_PROTOTYPES = YES;
				CLANG_WARN_SUSPICIOUS_MOVE = YES;
				CLANG_WARN_UNREACHABLE_CODE = YES;
				CLANG_WARN__DUPLICATE_METHOD_MATCH = YES;
				ENABLE_STRICT_OBJC_MSGSEND = YES;
				GCC_C_LANGUAGE_STANDARD = gnu11;
				GCC_NO_COMMON_BLOCKS = YES;
				GCC_WARN_64_TO_32_BIT_CONVERSION = YES;
				GCC_WARN_ABOUT_RETURN_TYPE = YES;
				GCC_WARN_UNDECLARED_SELECTOR = YES;
				GCC_WARN_UNINITIALIZED_AUTOS = YES;
				GCC_WARN_UNUSED_FUNCTION = YES;
				GCC_WARN_UNUSED_VARIABLE = YES;
			};
			name = Release;
		};
		B6A6EFA01DD94E9200436428 /* Debug */ = {
			isa = XCBuildConfiguration;
			buildSettings = {
				ALWAYS_SEARCH_USER_PATHS = NO;
				CLANG_ANALYZER_NONNULL = YES;
				CLANG_ENABLE_MODULES = YES;
				CLANG_ENABLE_OBJC_WEAK = YES;
				CLANG_WARN_BOOL_CONVERSION = YES;
				CLANG_WARN_CONSTANT_CONVERSION = YES;
				CLANG_WARN_DIRECT_OBJC_ISA_USAGE = YES_ERROR;
				CLANG_WARN_DOCUMENTATION_COMMENTS = YES;
				CLANG_WARN_EMPTY_BODY = YES;
				CLANG_WARN_ENUM_CONVERSION = YES;
				CLANG_WARN_INFINITE_RECURSION = YES;
				CLANG_WARN_INT_CONVERSION = YES;
				CLANG_WARN_OBJC_ROOT_CLASS = YES_ERROR;
				CLANG_WARN_SUSPICIOUS_MOVES = YES;
				CLANG_WARN_UNREACHABLE_CODE = YES;
				CLANG_WARN__DUPLICATE_METHOD_MATCH = YES;
				CODE_SIGN_IDENTITY = "-";
				COMBINE_HIDPI_IMAGES = YES;
				COPY_PHASE_STRIP = NO;
				DEBUG_INFORMATION_FORMAT = dwarf;
				DEVELOPMENT_TEAM = WVVR5YE53F;
				ENABLE_STRICT_OBJC_MSGSEND = YES;
				ENABLE_TESTABILITY = YES;
				GCC_C_LANGUAGE_STANDARD = gnu99;
				GCC_DYNAMIC_NO_PIC = NO;
				GCC_NO_COMMON_BLOCKS = YES;
				GCC_OPTIMIZATION_LEVEL = 0;
				GCC_PREPROCESSOR_DEFINITIONS = (
					"DEBUG=1",
					"$(inherited)",
				);
				GCC_WARN_64_TO_32_BIT_CONVERSION = YES;
				GCC_WARN_ABOUT_RETURN_TYPE = YES_ERROR;
				GCC_WARN_UNDECLARED_SELECTOR = YES;
				GCC_WARN_UNINITIALIZED_AUTOS = YES_AGGRESSIVE;
				GCC_WARN_UNUSED_FUNCTION = YES;
				GCC_WARN_UNUSED_VARIABLE = YES;
				INFOPLIST_FILE = processing_mac_tests/Info.plist;
				LD_RUNPATH_SEARCH_PATHS = "$(inherited) @executable_path/../Frameworks @loader_path/../Frameworks";
				MACOSX_DEPLOYMENT_TARGET = 10.12;
				MTL_ENABLE_DEBUG_INFO = YES;
				ONLY_ACTIVE_ARCH = YES;
				PRODUCT_BUNDLE_IDENTIFIER = "jp.objective-audio.processing-mac-tests";
				PRODUCT_NAME = "$(TARGET_NAME)";
				SDKROOT = macosx;
			};
			name = Debug;
		};
		B6A6EFA11DD94E9200436428 /* Release */ = {
			isa = XCBuildConfiguration;
			buildSettings = {
				ALWAYS_SEARCH_USER_PATHS = NO;
				CLANG_ANALYZER_NONNULL = YES;
				CLANG_ENABLE_MODULES = YES;
				CLANG_ENABLE_OBJC_WEAK = YES;
				CLANG_WARN_BOOL_CONVERSION = YES;
				CLANG_WARN_CONSTANT_CONVERSION = YES;
				CLANG_WARN_DIRECT_OBJC_ISA_USAGE = YES_ERROR;
				CLANG_WARN_DOCUMENTATION_COMMENTS = YES;
				CLANG_WARN_EMPTY_BODY = YES;
				CLANG_WARN_ENUM_CONVERSION = YES;
				CLANG_WARN_INFINITE_RECURSION = YES;
				CLANG_WARN_INT_CONVERSION = YES;
				CLANG_WARN_OBJC_ROOT_CLASS = YES_ERROR;
				CLANG_WARN_SUSPICIOUS_MOVES = YES;
				CLANG_WARN_UNREACHABLE_CODE = YES;
				CLANG_WARN__DUPLICATE_METHOD_MATCH = YES;
				CODE_SIGN_IDENTITY = "-";
				COMBINE_HIDPI_IMAGES = YES;
				COPY_PHASE_STRIP = NO;
				DEBUG_INFORMATION_FORMAT = "dwarf-with-dsym";
				DEVELOPMENT_TEAM = WVVR5YE53F;
				ENABLE_NS_ASSERTIONS = NO;
				ENABLE_STRICT_OBJC_MSGSEND = YES;
				GCC_C_LANGUAGE_STANDARD = gnu99;
				GCC_NO_COMMON_BLOCKS = YES;
				GCC_WARN_64_TO_32_BIT_CONVERSION = YES;
				GCC_WARN_ABOUT_RETURN_TYPE = YES_ERROR;
				GCC_WARN_UNDECLARED_SELECTOR = YES;
				GCC_WARN_UNINITIALIZED_AUTOS = YES_AGGRESSIVE;
				GCC_WARN_UNUSED_FUNCTION = YES;
				GCC_WARN_UNUSED_VARIABLE = YES;
				INFOPLIST_FILE = processing_mac_tests/Info.plist;
				LD_RUNPATH_SEARCH_PATHS = "$(inherited) @executable_path/../Frameworks @loader_path/../Frameworks";
				MACOSX_DEPLOYMENT_TARGET = 10.12;
				MTL_ENABLE_DEBUG_INFO = NO;
				PRODUCT_BUNDLE_IDENTIFIER = "jp.objective-audio.processing-mac-tests";
				PRODUCT_NAME = "$(TARGET_NAME)";
				SDKROOT = macosx;
			};
			name = Release;
		};
/* End XCBuildConfiguration section */

/* Begin XCConfigurationList section */
		B650E3CC1DD8105800E423C7 /* Build configuration list for PBXProject "processing_tests" */ = {
			isa = XCConfigurationList;
			buildConfigurations = (
				B650E3CD1DD8105800E423C7 /* Debug */,
				B650E3CE1DD8105800E423C7 /* Release */,
			);
			defaultConfigurationIsVisible = 0;
			defaultConfigurationName = Release;
		};
		B6A6EFA21DD94E9200436428 /* Build configuration list for PBXNativeTarget "processing_mac_tests" */ = {
			isa = XCConfigurationList;
			buildConfigurations = (
				B6A6EFA01DD94E9200436428 /* Debug */,
				B6A6EFA11DD94E9200436428 /* Release */,
			);
			defaultConfigurationIsVisible = 0;
			defaultConfigurationName = Release;
		};
/* End XCConfigurationList section */
	};
	rootObject = B650E3C91DD8105800E423C7 /* Project object */;
}
