// !$*UTF8*$!
{
	archiveVersion = 1;
	classes = {
	};
	objectVersion = 54;
	objects = {

/* Begin PBXBuildFile section */
		B65AF80121E38C7A00C65DB5 /* cpp_utils.framework in Frameworks */ = {isa = PBXBuildFile; fileRef = B65AF80021E38C7A00C65DB5 /* cpp_utils.framework */; };
		B65AF80321E38C7A00C65DB5 /* processing.framework in Frameworks */ = {isa = PBXBuildFile; fileRef = B65AF80221E38C7A00C65DB5 /* processing.framework */; };
		B67E64C525FBAC300031C189 /* yas_processing_sync_source_tests.mm in Sources */ = {isa = PBXBuildFile; fileRef = B67E649E25FBAC300031C189 /* yas_processing_sync_source_tests.mm */; };
		B67E64C625FBAC300031C189 /* yas_processing_compare_signal_modules_tests.mm in Sources */ = {isa = PBXBuildFile; fileRef = B67E649F25FBAC300031C189 /* yas_processing_compare_signal_modules_tests.mm */; };
		B67E64C725FBAC300031C189 /* yas_processing_timeline_tests.mm in Sources */ = {isa = PBXBuildFile; fileRef = B67E64A025FBAC300031C189 /* yas_processing_timeline_tests.mm */; };
		B67E64C825FBAC300031C189 /* yas_processing_compare_number_modules_tests.mm in Sources */ = {isa = PBXBuildFile; fileRef = B67E64A125FBAC300031C189 /* yas_processing_compare_number_modules_tests.mm */; };
		B67E64C925FBAC300031C189 /* yas_processing_signal_process_context_tests.mm in Sources */ = {isa = PBXBuildFile; fileRef = B67E64A225FBAC300031C189 /* yas_processing_signal_process_context_tests.mm */; };
		B67E64CA25FBAC300031C189 /* yas_processing_track_tests.mm in Sources */ = {isa = PBXBuildFile; fileRef = B67E64A325FBAC300031C189 /* yas_processing_track_tests.mm */; };
		B67E64CB25FBAC300031C189 /* yas_processing_number_process_context_tests.mm in Sources */ = {isa = PBXBuildFile; fileRef = B67E64A425FBAC300031C189 /* yas_processing_number_process_context_tests.mm */; };
		B67E64CC25FBAC300031C189 /* yas_processing_remove_number_processor_tests.mm in Sources */ = {isa = PBXBuildFile; fileRef = B67E64A525FBAC300031C189 /* yas_processing_remove_number_processor_tests.mm */; };
		B67E64CD25FBAC300031C189 /* yas_processing_cast_module_tests.mm in Sources */ = {isa = PBXBuildFile; fileRef = B67E64A625FBAC300031C189 /* yas_processing_cast_module_tests.mm */; };
		B67E64CE25FBAC300031C189 /* yas_processing_generator_modules_tests.mm in Sources */ = {isa = PBXBuildFile; fileRef = B67E64A725FBAC300031C189 /* yas_processing_generator_modules_tests.mm */; };
		B67E64CF25FBAC300031C189 /* yas_processing_constants_tests.mm in Sources */ = {isa = PBXBuildFile; fileRef = B67E64A825FBAC300031C189 /* yas_processing_constants_tests.mm */; };
		B67E64D025FBAC300031C189 /* yas_processing_module_set_utils_tests.mm in Sources */ = {isa = PBXBuildFile; fileRef = B67E64A925FBAC300031C189 /* yas_processing_module_set_utils_tests.mm */; };
		B67E64D125FBAC300031C189 /* yas_processing_constant_signal_module_tests.mm in Sources */ = {isa = PBXBuildFile; fileRef = B67E64AA25FBAC300031C189 /* yas_processing_constant_signal_module_tests.mm */; };
		B67E64D225FBAC300031C189 /* yas_processing_constant_number_module_tests.mm in Sources */ = {isa = PBXBuildFile; fileRef = B67E64AB25FBAC300031C189 /* yas_processing_constant_number_module_tests.mm */; };
		B67E64D325FBAC300031C189 /* yas_processing_time_tests.mm in Sources */ = {isa = PBXBuildFile; fileRef = B67E64AC25FBAC300031C189 /* yas_processing_time_tests.mm */; };
		B67E64D425FBAC300031C189 /* yas_processing_signal_processor_tests.mm in Sources */ = {isa = PBXBuildFile; fileRef = B67E64AD25FBAC300031C189 /* yas_processing_signal_processor_tests.mm */; };
		B67E64D525FBAC300031C189 /* yas_processing_track_observing_tests.mm in Sources */ = {isa = PBXBuildFile; fileRef = B67E64AE25FBAC300031C189 /* yas_processing_track_observing_tests.mm */; };
		B67E64D625FBAC300031C189 /* yas_processing_track_utils_tests.mm in Sources */ = {isa = PBXBuildFile; fileRef = B67E64AF25FBAC300031C189 /* yas_processing_track_utils_tests.mm */; };
		B67E64D725FBAC300031C189 /* yas_processing_timeline_observing_tests.mm in Sources */ = {isa = PBXBuildFile; fileRef = B67E64B025FBAC300031C189 /* yas_processing_timeline_observing_tests.mm */; };
		B67E64D825FBAC300031C189 /* yas_processing_time_range_tests.mm in Sources */ = {isa = PBXBuildFile; fileRef = B67E64B125FBAC300031C189 /* yas_processing_time_range_tests.mm */; };
		B67E64D925FBAC300031C189 /* yas_processing_routing_number_module_tests.mm in Sources */ = {isa = PBXBuildFile; fileRef = B67E64B225FBAC300031C189 /* yas_processing_routing_number_module_tests.mm */; };
		B67E64DA25FBAC300031C189 /* yas_processing_number_to_signal_module_tests.mm in Sources */ = {isa = PBXBuildFile; fileRef = B67E64B325FBAC300031C189 /* yas_processing_number_to_signal_module_tests.mm */; };
		B67E64DB25FBAC300031C189 /* yas_processing_number_processor_tests.mm in Sources */ = {isa = PBXBuildFile; fileRef = B67E64B425FBAC300031C189 /* yas_processing_number_processor_tests.mm */; };
		B67E64DC25FBAC300031C189 /* yas_processing_signal_event_tests.mm in Sources */ = {isa = PBXBuildFile; fileRef = B67E64B525FBAC300031C189 /* yas_processing_signal_event_tests.mm */; };
		B67E64DD25FBAC300031C189 /* yas_processing_math1_signal_modules_tests.mm in Sources */ = {isa = PBXBuildFile; fileRef = B67E64B625FBAC300031C189 /* yas_processing_math1_signal_modules_tests.mm */; };
		B67E64DE25FBAC300031C189 /* yas_processing_module_set_tests.mm in Sources */ = {isa = PBXBuildFile; fileRef = B67E64B725FBAC300031C189 /* yas_processing_module_set_tests.mm */; };
		B67E64DF25FBAC300031C189 /* yas_processing_math1_number_modules_tests.mm in Sources */ = {isa = PBXBuildFile; fileRef = B67E64B825FBAC300031C189 /* yas_processing_math1_number_modules_tests.mm */; };
		B67E64E025FBAC300031C189 /* yas_processing_math2_number_modules_tests.mm in Sources */ = {isa = PBXBuildFile; fileRef = B67E64B925FBAC300031C189 /* yas_processing_math2_number_modules_tests.mm */; };
		B67E64E125FBAC300031C189 /* yas_processing_sub_timeline_module_tests.mm in Sources */ = {isa = PBXBuildFile; fileRef = B67E64BA25FBAC300031C189 /* yas_processing_sub_timeline_module_tests.mm */; };
		B67E64E225FBAC300031C189 /* yas_processing_math2_signal_modules_tests.mm in Sources */ = {isa = PBXBuildFile; fileRef = B67E64BB25FBAC300031C189 /* yas_processing_math2_signal_modules_tests.mm */; };
		B67E64E325FBAC300031C189 /* yas_processing_number_event_tests.mm in Sources */ = {isa = PBXBuildFile; fileRef = B67E64BC25FBAC300031C189 /* yas_processing_number_event_tests.mm */; };
		B67E64E425FBAC300031C189 /* yas_processing_remove_signal_processor_tests.mm in Sources */ = {isa = PBXBuildFile; fileRef = B67E64BD25FBAC300031C189 /* yas_processing_remove_signal_processor_tests.mm */; };
		B67E64E525FBAC300031C189 /* yas_processing_channel_tests.mm in Sources */ = {isa = PBXBuildFile; fileRef = B67E64BE25FBAC300031C189 /* yas_processing_channel_tests.mm */; };
		B67E64E625FBAC300031C189 /* yas_processing_module_tests.mm in Sources */ = {isa = PBXBuildFile; fileRef = B67E64BF25FBAC300031C189 /* yas_processing_module_tests.mm */; };
		B67E64E725FBAC300031C189 /* yas_processing_stream_tests.mm in Sources */ = {isa = PBXBuildFile; fileRef = B67E64C025FBAC300031C189 /* yas_processing_stream_tests.mm */; };
		B67E64E925FBAC300031C189 /* yas_processing_routing_signal_module_tests.mm in Sources */ = {isa = PBXBuildFile; fileRef = B67E64C225FBAC300031C189 /* yas_processing_routing_signal_module_tests.mm */; };
		B67E64EA25FBAC300031C189 /* yas_processing_envelope_module_tests.mm in Sources */ = {isa = PBXBuildFile; fileRef = B67E64C325FBAC300031C189 /* yas_processing_envelope_module_tests.mm */; };
		B683AFFA264006E600D15BD8 /* yas_processing_test_utils.cpp in Sources */ = {isa = PBXBuildFile; fileRef = B683AFF8264006E600D15BD8 /* yas_processing_test_utils.cpp */; };
		B683AFFF264006FE00D15BD8 /* yas_processing_file_module_tests.mm in Sources */ = {isa = PBXBuildFile; fileRef = B683AFFE264006FE00D15BD8 /* yas_processing_file_module_tests.mm */; };
		B683B0032640071E00D15BD8 /* audio.framework in Frameworks */ = {isa = PBXBuildFile; fileRef = B683B0022640071E00D15BD8 /* audio.framework */; };
		B694CABC263D65B400EC80B8 /* yas_processing_module_utils_tests.mm in Sources */ = {isa = PBXBuildFile; fileRef = B694CABB263D65B400EC80B8 /* yas_processing_module_utils_tests.mm */; };
		B6A989EF25F3B444007BD61F /* observing.framework in Frameworks */ = {isa = PBXBuildFile; fileRef = B6A989EE25F3B444007BD61F /* observing.framework */; };
/* End PBXBuildFile section */

/* Begin PBXFileReference section */
		B65AF7F421E38C4E00C65DB5 /* processing_ios_tests.xctest */ = {isa = PBXFileReference; explicitFileType = wrapper.cfbundle; includeInIndex = 0; path = processing_ios_tests.xctest; sourceTree = BUILT_PRODUCTS_DIR; };
		B65AF7F921E38C4E00C65DB5 /* Info.plist */ = {isa = PBXFileReference; lastKnownFileType = text.plist.xml; path = Info.plist; sourceTree = "<group>"; };
		B65AF7FE21E38C7A00C65DB5 /* chaining.framework */ = {isa = PBXFileReference; explicitFileType = wrapper.framework; path = chaining.framework; sourceTree = BUILT_PRODUCTS_DIR; };
		B65AF80021E38C7A00C65DB5 /* cpp_utils.framework */ = {isa = PBXFileReference; explicitFileType = wrapper.framework; path = cpp_utils.framework; sourceTree = BUILT_PRODUCTS_DIR; };
		B65AF80221E38C7A00C65DB5 /* processing.framework */ = {isa = PBXFileReference; explicitFileType = wrapper.framework; path = processing.framework; sourceTree = BUILT_PRODUCTS_DIR; };
		B67E649E25FBAC300031C189 /* yas_processing_sync_source_tests.mm */ = {isa = PBXFileReference; fileEncoding = 4; lastKnownFileType = sourcecode.cpp.objcpp; path = yas_processing_sync_source_tests.mm; sourceTree = "<group>"; };
		B67E649F25FBAC300031C189 /* yas_processing_compare_signal_modules_tests.mm */ = {isa = PBXFileReference; fileEncoding = 4; lastKnownFileType = sourcecode.cpp.objcpp; path = yas_processing_compare_signal_modules_tests.mm; sourceTree = "<group>"; };
		B67E64A025FBAC300031C189 /* yas_processing_timeline_tests.mm */ = {isa = PBXFileReference; fileEncoding = 4; lastKnownFileType = sourcecode.cpp.objcpp; path = yas_processing_timeline_tests.mm; sourceTree = "<group>"; };
		B67E64A125FBAC300031C189 /* yas_processing_compare_number_modules_tests.mm */ = {isa = PBXFileReference; fileEncoding = 4; lastKnownFileType = sourcecode.cpp.objcpp; path = yas_processing_compare_number_modules_tests.mm; sourceTree = "<group>"; };
		B67E64A225FBAC300031C189 /* yas_processing_signal_process_context_tests.mm */ = {isa = PBXFileReference; fileEncoding = 4; lastKnownFileType = sourcecode.cpp.objcpp; path = yas_processing_signal_process_context_tests.mm; sourceTree = "<group>"; };
		B67E64A325FBAC300031C189 /* yas_processing_track_tests.mm */ = {isa = PBXFileReference; fileEncoding = 4; lastKnownFileType = sourcecode.cpp.objcpp; path = yas_processing_track_tests.mm; sourceTree = "<group>"; };
		B67E64A425FBAC300031C189 /* yas_processing_number_process_context_tests.mm */ = {isa = PBXFileReference; fileEncoding = 4; lastKnownFileType = sourcecode.cpp.objcpp; path = yas_processing_number_process_context_tests.mm; sourceTree = "<group>"; };
		B67E64A525FBAC300031C189 /* yas_processing_remove_number_processor_tests.mm */ = {isa = PBXFileReference; fileEncoding = 4; lastKnownFileType = sourcecode.cpp.objcpp; path = yas_processing_remove_number_processor_tests.mm; sourceTree = "<group>"; };
		B67E64A625FBAC300031C189 /* yas_processing_cast_module_tests.mm */ = {isa = PBXFileReference; fileEncoding = 4; lastKnownFileType = sourcecode.cpp.objcpp; path = yas_processing_cast_module_tests.mm; sourceTree = "<group>"; };
		B67E64A725FBAC300031C189 /* yas_processing_generator_modules_tests.mm */ = {isa = PBXFileReference; fileEncoding = 4; lastKnownFileType = sourcecode.cpp.objcpp; path = yas_processing_generator_modules_tests.mm; sourceTree = "<group>"; };
		B67E64A825FBAC300031C189 /* yas_processing_constants_tests.mm */ = {isa = PBXFileReference; fileEncoding = 4; lastKnownFileType = sourcecode.cpp.objcpp; path = yas_processing_constants_tests.mm; sourceTree = "<group>"; };
		B67E64A925FBAC300031C189 /* yas_processing_module_set_utils_tests.mm */ = {isa = PBXFileReference; fileEncoding = 4; lastKnownFileType = sourcecode.cpp.objcpp; path = yas_processing_module_set_utils_tests.mm; sourceTree = "<group>"; };
		B67E64AA25FBAC300031C189 /* yas_processing_constant_signal_module_tests.mm */ = {isa = PBXFileReference; fileEncoding = 4; lastKnownFileType = sourcecode.cpp.objcpp; path = yas_processing_constant_signal_module_tests.mm; sourceTree = "<group>"; };
		B67E64AB25FBAC300031C189 /* yas_processing_constant_number_module_tests.mm */ = {isa = PBXFileReference; fileEncoding = 4; lastKnownFileType = sourcecode.cpp.objcpp; path = yas_processing_constant_number_module_tests.mm; sourceTree = "<group>"; };
		B67E64AC25FBAC300031C189 /* yas_processing_time_tests.mm */ = {isa = PBXFileReference; fileEncoding = 4; lastKnownFileType = sourcecode.cpp.objcpp; path = yas_processing_time_tests.mm; sourceTree = "<group>"; };
		B67E64AD25FBAC300031C189 /* yas_processing_signal_processor_tests.mm */ = {isa = PBXFileReference; fileEncoding = 4; lastKnownFileType = sourcecode.cpp.objcpp; path = yas_processing_signal_processor_tests.mm; sourceTree = "<group>"; };
		B67E64AE25FBAC300031C189 /* yas_processing_track_observing_tests.mm */ = {isa = PBXFileReference; fileEncoding = 4; lastKnownFileType = sourcecode.cpp.objcpp; path = yas_processing_track_observing_tests.mm; sourceTree = "<group>"; };
		B67E64AF25FBAC300031C189 /* yas_processing_track_utils_tests.mm */ = {isa = PBXFileReference; fileEncoding = 4; lastKnownFileType = sourcecode.cpp.objcpp; path = yas_processing_track_utils_tests.mm; sourceTree = "<group>"; };
		B67E64B025FBAC300031C189 /* yas_processing_timeline_observing_tests.mm */ = {isa = PBXFileReference; fileEncoding = 4; lastKnownFileType = sourcecode.cpp.objcpp; path = yas_processing_timeline_observing_tests.mm; sourceTree = "<group>"; };
		B67E64B125FBAC300031C189 /* yas_processing_time_range_tests.mm */ = {isa = PBXFileReference; fileEncoding = 4; lastKnownFileType = sourcecode.cpp.objcpp; path = yas_processing_time_range_tests.mm; sourceTree = "<group>"; };
		B67E64B225FBAC300031C189 /* yas_processing_routing_number_module_tests.mm */ = {isa = PBXFileReference; fileEncoding = 4; lastKnownFileType = sourcecode.cpp.objcpp; path = yas_processing_routing_number_module_tests.mm; sourceTree = "<group>"; };
		B67E64B325FBAC300031C189 /* yas_processing_number_to_signal_module_tests.mm */ = {isa = PBXFileReference; fileEncoding = 4; lastKnownFileType = sourcecode.cpp.objcpp; path = yas_processing_number_to_signal_module_tests.mm; sourceTree = "<group>"; };
		B67E64B425FBAC300031C189 /* yas_processing_number_processor_tests.mm */ = {isa = PBXFileReference; fileEncoding = 4; lastKnownFileType = sourcecode.cpp.objcpp; path = yas_processing_number_processor_tests.mm; sourceTree = "<group>"; };
		B67E64B525FBAC300031C189 /* yas_processing_signal_event_tests.mm */ = {isa = PBXFileReference; fileEncoding = 4; lastKnownFileType = sourcecode.cpp.objcpp; path = yas_processing_signal_event_tests.mm; sourceTree = "<group>"; };
		B67E64B625FBAC300031C189 /* yas_processing_math1_signal_modules_tests.mm */ = {isa = PBXFileReference; fileEncoding = 4; lastKnownFileType = sourcecode.cpp.objcpp; path = yas_processing_math1_signal_modules_tests.mm; sourceTree = "<group>"; };
		B67E64B725FBAC300031C189 /* yas_processing_module_set_tests.mm */ = {isa = PBXFileReference; fileEncoding = 4; lastKnownFileType = sourcecode.cpp.objcpp; path = yas_processing_module_set_tests.mm; sourceTree = "<group>"; };
		B67E64B825FBAC300031C189 /* yas_processing_math1_number_modules_tests.mm */ = {isa = PBXFileReference; fileEncoding = 4; lastKnownFileType = sourcecode.cpp.objcpp; path = yas_processing_math1_number_modules_tests.mm; sourceTree = "<group>"; };
		B67E64B925FBAC300031C189 /* yas_processing_math2_number_modules_tests.mm */ = {isa = PBXFileReference; fileEncoding = 4; lastKnownFileType = sourcecode.cpp.objcpp; path = yas_processing_math2_number_modules_tests.mm; sourceTree = "<group>"; };
		B67E64BA25FBAC300031C189 /* yas_processing_sub_timeline_module_tests.mm */ = {isa = PBXFileReference; fileEncoding = 4; lastKnownFileType = sourcecode.cpp.objcpp; path = yas_processing_sub_timeline_module_tests.mm; sourceTree = "<group>"; };
		B67E64BB25FBAC300031C189 /* yas_processing_math2_signal_modules_tests.mm */ = {isa = PBXFileReference; fileEncoding = 4; lastKnownFileType = sourcecode.cpp.objcpp; path = yas_processing_math2_signal_modules_tests.mm; sourceTree = "<group>"; };
		B67E64BC25FBAC300031C189 /* yas_processing_number_event_tests.mm */ = {isa = PBXFileReference; fileEncoding = 4; lastKnownFileType = sourcecode.cpp.objcpp; path = yas_processing_number_event_tests.mm; sourceTree = "<group>"; };
		B67E64BD25FBAC300031C189 /* yas_processing_remove_signal_processor_tests.mm */ = {isa = PBXFileReference; fileEncoding = 4; lastKnownFileType = sourcecode.cpp.objcpp; path = yas_processing_remove_signal_processor_tests.mm; sourceTree = "<group>"; };
		B67E64BE25FBAC300031C189 /* yas_processing_channel_tests.mm */ = {isa = PBXFileReference; fileEncoding = 4; lastKnownFileType = sourcecode.cpp.objcpp; path = yas_processing_channel_tests.mm; sourceTree = "<group>"; };
		B67E64BF25FBAC300031C189 /* yas_processing_module_tests.mm */ = {isa = PBXFileReference; fileEncoding = 4; lastKnownFileType = sourcecode.cpp.objcpp; path = yas_processing_module_tests.mm; sourceTree = "<group>"; };
		B67E64C025FBAC300031C189 /* yas_processing_stream_tests.mm */ = {isa = PBXFileReference; fileEncoding = 4; lastKnownFileType = sourcecode.cpp.objcpp; path = yas_processing_stream_tests.mm; sourceTree = "<group>"; };
		B67E64C225FBAC300031C189 /* yas_processing_routing_signal_module_tests.mm */ = {isa = PBXFileReference; fileEncoding = 4; lastKnownFileType = sourcecode.cpp.objcpp; path = yas_processing_routing_signal_module_tests.mm; sourceTree = "<group>"; };
		B67E64C325FBAC300031C189 /* yas_processing_envelope_module_tests.mm */ = {isa = PBXFileReference; fileEncoding = 4; lastKnownFileType = sourcecode.cpp.objcpp; path = yas_processing_envelope_module_tests.mm; sourceTree = "<group>"; };
		B683AFF8264006E600D15BD8 /* yas_processing_test_utils.cpp */ = {isa = PBXFileReference; fileEncoding = 4; lastKnownFileType = sourcecode.cpp.cpp; path = yas_processing_test_utils.cpp; sourceTree = "<group>"; };
		B683AFF9264006E600D15BD8 /* yas_processing_test_utils.h */ = {isa = PBXFileReference; fileEncoding = 4; lastKnownFileType = sourcecode.c.h; path = yas_processing_test_utils.h; sourceTree = "<group>"; };
		B683AFFE264006FE00D15BD8 /* yas_processing_file_module_tests.mm */ = {isa = PBXFileReference; fileEncoding = 4; lastKnownFileType = sourcecode.cpp.objcpp; path = yas_processing_file_module_tests.mm; sourceTree = "<group>"; };
		B683B0022640071E00D15BD8 /* audio.framework */ = {isa = PBXFileReference; explicitFileType = wrapper.framework; path = audio.framework; sourceTree = BUILT_PRODUCTS_DIR; };
		B694CABB263D65B400EC80B8 /* yas_processing_module_utils_tests.mm */ = {isa = PBXFileReference; fileEncoding = 4; lastKnownFileType = sourcecode.cpp.objcpp; path = yas_processing_module_utils_tests.mm; sourceTree = "<group>"; };
		B6A989EE25F3B444007BD61F /* observing.framework */ = {isa = PBXFileReference; explicitFileType = wrapper.framework; path = observing.framework; sourceTree = BUILT_PRODUCTS_DIR; };
/* End PBXFileReference section */

/* Begin PBXFrameworksBuildPhase section */
		B65AF7F121E38C4E00C65DB5 /* Frameworks */ = {
			isa = PBXFrameworksBuildPhase;
			buildActionMask = 2147483647;
			files = (
				B65AF80321E38C7A00C65DB5 /* processing.framework in Frameworks */,
				B683B0032640071E00D15BD8 /* audio.framework in Frameworks */,
				B6A989EF25F3B444007BD61F /* observing.framework in Frameworks */,
				B65AF80121E38C7A00C65DB5 /* cpp_utils.framework in Frameworks */,
			);
			runOnlyForDeploymentPostprocessing = 0;
		};
/* End PBXFrameworksBuildPhase section */

/* Begin PBXGroup section */
		B65AF7E921E38C3400C65DB5 = {
			isa = PBXGroup;
			children = (
				B65AF7F621E38C4E00C65DB5 /* processing_ios_tests */,
				B65AF7F521E38C4E00C65DB5 /* Products */,
				B65AF7FD21E38C7A00C65DB5 /* Frameworks */,
			);
			sourceTree = "<group>";
		};
		B65AF7F521E38C4E00C65DB5 /* Products */ = {
			isa = PBXGroup;
			children = (
				B65AF7F421E38C4E00C65DB5 /* processing_ios_tests.xctest */,
			);
			name = Products;
			sourceTree = "<group>";
		};
		B65AF7F621E38C4E00C65DB5 /* processing_ios_tests */ = {
			isa = PBXGroup;
			children = (
				B67E649D25FBAC300031C189 /* processing_tests */,
				B65AF7F921E38C4E00C65DB5 /* Info.plist */,
			);
			path = processing_ios_tests;
			sourceTree = "<group>";
		};
		B65AF7FD21E38C7A00C65DB5 /* Frameworks */ = {
			isa = PBXGroup;
			children = (
				B683B0022640071E00D15BD8 /* audio.framework */,
				B6A989EE25F3B444007BD61F /* observing.framework */,
				B65AF7FE21E38C7A00C65DB5 /* chaining.framework */,
				B65AF80021E38C7A00C65DB5 /* cpp_utils.framework */,
				B65AF80221E38C7A00C65DB5 /* processing.framework */,
			);
			name = Frameworks;
			sourceTree = "<group>";
		};
		B67E649D25FBAC300031C189 /* processing_tests */ = {
			isa = PBXGroup;
			children = (
				B683AFF7264006E600D15BD8 /* utils */,
				B67E64A625FBAC300031C189 /* yas_processing_cast_module_tests.mm */,
				B67E64BE25FBAC300031C189 /* yas_processing_channel_tests.mm */,
				B67E64A125FBAC300031C189 /* yas_processing_compare_number_modules_tests.mm */,
				B67E649F25FBAC300031C189 /* yas_processing_compare_signal_modules_tests.mm */,
				B67E64AB25FBAC300031C189 /* yas_processing_constant_number_module_tests.mm */,
				B67E64AA25FBAC300031C189 /* yas_processing_constant_signal_module_tests.mm */,
				B67E64A825FBAC300031C189 /* yas_processing_constants_tests.mm */,
				B67E64C325FBAC300031C189 /* yas_processing_envelope_module_tests.mm */,
				B683AFFE264006FE00D15BD8 /* yas_processing_file_module_tests.mm */,
				B67E64A725FBAC300031C189 /* yas_processing_generator_modules_tests.mm */,
				B67E64B825FBAC300031C189 /* yas_processing_math1_number_modules_tests.mm */,
				B67E64B625FBAC300031C189 /* yas_processing_math1_signal_modules_tests.mm */,
				B67E64B925FBAC300031C189 /* yas_processing_math2_number_modules_tests.mm */,
				B67E64BB25FBAC300031C189 /* yas_processing_math2_signal_modules_tests.mm */,
				B67E64B725FBAC300031C189 /* yas_processing_module_set_tests.mm */,
				B67E64A925FBAC300031C189 /* yas_processing_module_set_utils_tests.mm */,
				B67E64BF25FBAC300031C189 /* yas_processing_module_tests.mm */,
				B694CABB263D65B400EC80B8 /* yas_processing_module_utils_tests.mm */,
				B67E64BC25FBAC300031C189 /* yas_processing_number_event_tests.mm */,
				B67E64A425FBAC300031C189 /* yas_processing_number_process_context_tests.mm */,
				B67E64B425FBAC300031C189 /* yas_processing_number_processor_tests.mm */,
				B67E64B325FBAC300031C189 /* yas_processing_number_to_signal_module_tests.mm */,
				B67E64A525FBAC300031C189 /* yas_processing_remove_number_processor_tests.mm */,
				B67E64BD25FBAC300031C189 /* yas_processing_remove_signal_processor_tests.mm */,
				B67E64B225FBAC300031C189 /* yas_processing_routing_number_module_tests.mm */,
				B67E64C225FBAC300031C189 /* yas_processing_routing_signal_module_tests.mm */,
				B67E64B525FBAC300031C189 /* yas_processing_signal_event_tests.mm */,
				B67E64A225FBAC300031C189 /* yas_processing_signal_process_context_tests.mm */,
				B67E64AD25FBAC300031C189 /* yas_processing_signal_processor_tests.mm */,
				B67E64C025FBAC300031C189 /* yas_processing_stream_tests.mm */,
				B67E64BA25FBAC300031C189 /* yas_processing_sub_timeline_module_tests.mm */,
				B67E649E25FBAC300031C189 /* yas_processing_sync_source_tests.mm */,
				B67E64B125FBAC300031C189 /* yas_processing_time_range_tests.mm */,
				B67E64AC25FBAC300031C189 /* yas_processing_time_tests.mm */,
				B67E64B025FBAC300031C189 /* yas_processing_timeline_observing_tests.mm */,
				B67E64A025FBAC300031C189 /* yas_processing_timeline_tests.mm */,
				B67E64AE25FBAC300031C189 /* yas_processing_track_observing_tests.mm */,
				B67E64A325FBAC300031C189 /* yas_processing_track_tests.mm */,
				B67E64AF25FBAC300031C189 /* yas_processing_track_utils_tests.mm */,
			);
			name = processing_tests;
			path = ../../processing_tests;
			sourceTree = "<group>";
		};
		B683AFF7264006E600D15BD8 /* utils */ = {
			isa = PBXGroup;
			children = (
				B683AFF8264006E600D15BD8 /* yas_processing_test_utils.cpp */,
				B683AFF9264006E600D15BD8 /* yas_processing_test_utils.h */,
			);
			path = utils;
			sourceTree = "<group>";
		};
/* End PBXGroup section */

/* Begin PBXNativeTarget section */
		B65AF7F321E38C4E00C65DB5 /* processing_ios_tests */ = {
			isa = PBXNativeTarget;
			buildConfigurationList = B65AF7FA21E38C4E00C65DB5 /* Build configuration list for PBXNativeTarget "processing_ios_tests" */;
			buildPhases = (
				B6DE372E21EA044700E49BCB /* ShellScript */,
				B65AF7F021E38C4E00C65DB5 /* Sources */,
				B65AF7F121E38C4E00C65DB5 /* Frameworks */,
				B65AF7F221E38C4E00C65DB5 /* Resources */,
			);
			buildRules = (
			);
			dependencies = (
			);
			name = processing_ios_tests;
			productName = processing_ios_tests;
			productReference = B65AF7F421E38C4E00C65DB5 /* processing_ios_tests.xctest */;
			productType = "com.apple.product-type.bundle.unit-test";
		};
/* End PBXNativeTarget section */

/* Begin PBXProject section */
		B65AF7EA21E38C3400C65DB5 /* Project object */ = {
			isa = PBXProject;
			attributes = {
				LastUpgradeCheck = 1400;
				TargetAttributes = {
					B65AF7F321E38C4E00C65DB5 = {
						CreatedOnToolsVersion = 10.1;
					};
				};
			};
			buildConfigurationList = B65AF7ED21E38C3400C65DB5 /* Build configuration list for PBXProject "processing_ios_tests" */;
			compatibilityVersion = "Xcode 9.3";
			developmentRegion = en;
			hasScannedForEncodings = 0;
			knownRegions = (
				en,
				Base,
			);
			mainGroup = B65AF7E921E38C3400C65DB5;
			productRefGroup = B65AF7F521E38C4E00C65DB5 /* Products */;
			projectDirPath = "";
			projectRoot = "";
			targets = (
				B65AF7F321E38C4E00C65DB5 /* processing_ios_tests */,
			);
		};
/* End PBXProject section */

/* Begin PBXResourcesBuildPhase section */
		B65AF7F221E38C4E00C65DB5 /* Resources */ = {
			isa = PBXResourcesBuildPhase;
			buildActionMask = 2147483647;
			files = (
			);
			runOnlyForDeploymentPostprocessing = 0;
		};
/* End PBXResourcesBuildPhase section */

/* Begin PBXShellScriptBuildPhase section */
		B6DE372E21EA044700E49BCB /* ShellScript */ = {
			isa = PBXShellScriptBuildPhase;
			alwaysOutOfDate = 1;
			buildActionMask = 2147483647;
			files = (
			);
			inputFileListPaths = (
			);
			inputPaths = (
			);
			outputFileListPaths = (
			);
			outputPaths = (
			);
			runOnlyForDeploymentPostprocessing = 0;
			shellPath = /bin/sh;
			shellScript = "../script/format.sh\n";
		};
/* End PBXShellScriptBuildPhase section */

/* Begin PBXSourcesBuildPhase section */
		B65AF7F021E38C4E00C65DB5 /* Sources */ = {
			isa = PBXSourcesBuildPhase;
			buildActionMask = 2147483647;
			files = (
				B67E64D725FBAC300031C189 /* yas_processing_timeline_observing_tests.mm in Sources */,
				B67E64D625FBAC300031C189 /* yas_processing_track_utils_tests.mm in Sources */,
				B67E64C725FBAC300031C189 /* yas_processing_timeline_tests.mm in Sources */,
				B67E64D225FBAC300031C189 /* yas_processing_constant_number_module_tests.mm in Sources */,
				B67E64E725FBAC300031C189 /* yas_processing_stream_tests.mm in Sources */,
				B67E64C625FBAC300031C189 /* yas_processing_compare_signal_modules_tests.mm in Sources */,
				B67E64CD25FBAC300031C189 /* yas_processing_cast_module_tests.mm in Sources */,
				B67E64E025FBAC300031C189 /* yas_processing_math2_number_modules_tests.mm in Sources */,
				B67E64E525FBAC300031C189 /* yas_processing_channel_tests.mm in Sources */,
				B67E64C925FBAC300031C189 /* yas_processing_signal_process_context_tests.mm in Sources */,
				B67E64CB25FBAC300031C189 /* yas_processing_number_process_context_tests.mm in Sources */,
				B67E64D525FBAC300031C189 /* yas_processing_track_observing_tests.mm in Sources */,
				B67E64C525FBAC300031C189 /* yas_processing_sync_source_tests.mm in Sources */,
				B67E64E225FBAC300031C189 /* yas_processing_math2_signal_modules_tests.mm in Sources */,
				B67E64D425FBAC300031C189 /* yas_processing_signal_processor_tests.mm in Sources */,
				B67E64D325FBAC300031C189 /* yas_processing_time_tests.mm in Sources */,
				B67E64DA25FBAC300031C189 /* yas_processing_number_to_signal_module_tests.mm in Sources */,
				B67E64EA25FBAC300031C189 /* yas_processing_envelope_module_tests.mm in Sources */,
				B67E64CF25FBAC300031C189 /* yas_processing_constants_tests.mm in Sources */,
				B67E64DB25FBAC300031C189 /* yas_processing_number_processor_tests.mm in Sources */,
				B67E64D125FBAC300031C189 /* yas_processing_constant_signal_module_tests.mm in Sources */,
				B683AFFA264006E600D15BD8 /* yas_processing_test_utils.cpp in Sources */,
				B67E64DD25FBAC300031C189 /* yas_processing_math1_signal_modules_tests.mm in Sources */,
				B67E64E325FBAC300031C189 /* yas_processing_number_event_tests.mm in Sources */,
				B67E64D925FBAC300031C189 /* yas_processing_routing_number_module_tests.mm in Sources */,
				B67E64E925FBAC300031C189 /* yas_processing_routing_signal_module_tests.mm in Sources */,
				B67E64E625FBAC300031C189 /* yas_processing_module_tests.mm in Sources */,
				B67E64CE25FBAC300031C189 /* yas_processing_generator_modules_tests.mm in Sources */,
				B67E64DF25FBAC300031C189 /* yas_processing_math1_number_modules_tests.mm in Sources */,
				B67E64CA25FBAC300031C189 /* yas_processing_track_tests.mm in Sources */,
				B67E64CC25FBAC300031C189 /* yas_processing_remove_number_processor_tests.mm in Sources */,
				B67E64E125FBAC300031C189 /* yas_processing_sub_timeline_module_tests.mm in Sources */,
				B694CABC263D65B400EC80B8 /* yas_processing_module_utils_tests.mm in Sources */,
				B67E64C825FBAC300031C189 /* yas_processing_compare_number_modules_tests.mm in Sources */,
				B683AFFF264006FE00D15BD8 /* yas_processing_file_module_tests.mm in Sources */,
				B67E64E425FBAC300031C189 /* yas_processing_remove_signal_processor_tests.mm in Sources */,
				B67E64DC25FBAC300031C189 /* yas_processing_signal_event_tests.mm in Sources */,
				B67E64DE25FBAC300031C189 /* yas_processing_module_set_tests.mm in Sources */,
				B67E64D025FBAC300031C189 /* yas_processing_module_set_utils_tests.mm in Sources */,
				B67E64D825FBAC300031C189 /* yas_processing_time_range_tests.mm in Sources */,
			);
			runOnlyForDeploymentPostprocessing = 0;
		};
/* End PBXSourcesBuildPhase section */

/* Begin XCBuildConfiguration section */
		B65AF7EE21E38C3400C65DB5 /* Debug */ = {
			isa = XCBuildConfiguration;
			buildSettings = {
				CLANG_CXX_LANGUAGE_STANDARD = "gnu++23";
				CLANG_WARN_BLOCK_CAPTURE_AUTORELEASING = YES;
				CLANG_WARN_BOOL_CONVERSION = YES;
				CLANG_WARN_COMMA = YES;
				CLANG_WARN_CONSTANT_CONVERSION = YES;
				CLANG_WARN_DEPRECATED_OBJC_IMPLEMENTATIONS = YES;
				CLANG_WARN_EMPTY_BODY = YES;
				CLANG_WARN_ENUM_CONVERSION = YES;
				CLANG_WARN_INFINITE_RECURSION = YES;
				CLANG_WARN_INT_CONVERSION = YES;
				CLANG_WARN_NON_LITERAL_NULL_CONVERSION = YES;
				CLANG_WARN_OBJC_IMPLICIT_RETAIN_SELF = YES;
				CLANG_WARN_OBJC_LITERAL_CONVERSION = YES;
				CLANG_WARN_QUOTED_INCLUDE_IN_FRAMEWORK_HEADER = YES;
				CLANG_WARN_RANGE_LOOP_ANALYSIS = YES;
				CLANG_WARN_STRICT_PROTOTYPES = YES;
				CLANG_WARN_SUSPICIOUS_MOVE = YES;
				CLANG_WARN_UNREACHABLE_CODE = YES;
				CLANG_WARN__DUPLICATE_METHOD_MATCH = YES;
				DEAD_CODE_STRIPPING = YES;
				ENABLE_STRICT_OBJC_MSGSEND = YES;
				ENABLE_TESTABILITY = YES;
				GCC_C_LANGUAGE_STANDARD = gnu17;
				GCC_NO_COMMON_BLOCKS = YES;
				GCC_WARN_64_TO_32_BIT_CONVERSION = YES;
				GCC_WARN_ABOUT_RETURN_TYPE = YES;
				GCC_WARN_UNDECLARED_SELECTOR = YES;
				GCC_WARN_UNINITIALIZED_AUTOS = YES;
				GCC_WARN_UNUSED_FUNCTION = YES;
				GCC_WARN_UNUSED_VARIABLE = YES;
				ONLY_ACTIVE_ARCH = YES;
			};
			name = Debug;
		};
		B65AF7EF21E38C3400C65DB5 /* Release */ = {
			isa = XCBuildConfiguration;
			buildSettings = {
				CLANG_CXX_LANGUAGE_STANDARD = "gnu++23";
				CLANG_WARN_BLOCK_CAPTURE_AUTORELEASING = YES;
				CLANG_WARN_BOOL_CONVERSION = YES;
				CLANG_WARN_COMMA = YES;
				CLANG_WARN_CONSTANT_CONVERSION = YES;
				CLANG_WARN_DEPRECATED_OBJC_IMPLEMENTATIONS = YES;
				CLANG_WARN_EMPTY_BODY = YES;
				CLANG_WARN_ENUM_CONVERSION = YES;
				CLANG_WARN_INFINITE_RECURSION = YES;
				CLANG_WARN_INT_CONVERSION = YES;
				CLANG_WARN_NON_LITERAL_NULL_CONVERSION = YES;
				CLANG_WARN_OBJC_IMPLICIT_RETAIN_SELF = YES;
				CLANG_WARN_OBJC_LITERAL_CONVERSION = YES;
				CLANG_WARN_QUOTED_INCLUDE_IN_FRAMEWORK_HEADER = YES;
				CLANG_WARN_RANGE_LOOP_ANALYSIS = YES;
				CLANG_WARN_STRICT_PROTOTYPES = YES;
				CLANG_WARN_SUSPICIOUS_MOVE = YES;
				CLANG_WARN_UNREACHABLE_CODE = YES;
				CLANG_WARN__DUPLICATE_METHOD_MATCH = YES;
				DEAD_CODE_STRIPPING = YES;
				ENABLE_STRICT_OBJC_MSGSEND = YES;
				GCC_C_LANGUAGE_STANDARD = gnu17;
				GCC_NO_COMMON_BLOCKS = YES;
				GCC_WARN_64_TO_32_BIT_CONVERSION = YES;
				GCC_WARN_ABOUT_RETURN_TYPE = YES;
				GCC_WARN_UNDECLARED_SELECTOR = YES;
				GCC_WARN_UNINITIALIZED_AUTOS = YES;
				GCC_WARN_UNUSED_FUNCTION = YES;
				GCC_WARN_UNUSED_VARIABLE = YES;
			};
			name = Release;
		};
		B65AF7FB21E38C4E00C65DB5 /* Debug */ = {
			isa = XCBuildConfiguration;
			buildSettings = {
				ALWAYS_SEARCH_USER_PATHS = NO;
				CLANG_ANALYZER_NONNULL = YES;
				CLANG_ANALYZER_NUMBER_OBJECT_CONVERSION = YES_AGGRESSIVE;
				CLANG_CXX_LIBRARY = "libc++";
				CLANG_ENABLE_MODULES = YES;
				CLANG_ENABLE_OBJC_WEAK = YES;
				CLANG_WARN_BLOCK_CAPTURE_AUTORELEASING = YES;
				CLANG_WARN_BOOL_CONVERSION = YES;
				CLANG_WARN_COMMA = YES;
				CLANG_WARN_CONSTANT_CONVERSION = YES;
				CLANG_WARN_DEPRECATED_OBJC_IMPLEMENTATIONS = YES;
				CLANG_WARN_DIRECT_OBJC_ISA_USAGE = YES_ERROR;
				CLANG_WARN_DOCUMENTATION_COMMENTS = YES;
				CLANG_WARN_EMPTY_BODY = YES;
				CLANG_WARN_ENUM_CONVERSION = YES;
				CLANG_WARN_INFINITE_RECURSION = YES;
				CLANG_WARN_INT_CONVERSION = YES;
				CLANG_WARN_NON_LITERAL_NULL_CONVERSION = YES;
				CLANG_WARN_OBJC_IMPLICIT_RETAIN_SELF = YES;
				CLANG_WARN_OBJC_LITERAL_CONVERSION = YES;
				CLANG_WARN_OBJC_ROOT_CLASS = YES_ERROR;
				CLANG_WARN_RANGE_LOOP_ANALYSIS = YES;
				CLANG_WARN_STRICT_PROTOTYPES = YES;
				CLANG_WARN_SUSPICIOUS_MOVE = YES;
				CLANG_WARN_UNGUARDED_AVAILABILITY = YES_AGGRESSIVE;
				CLANG_WARN_UNREACHABLE_CODE = YES;
				CLANG_WARN__DUPLICATE_METHOD_MATCH = YES;
				CODE_SIGN_IDENTITY = "iPhone Developer";
				CODE_SIGN_STYLE = Manual;
				COPY_PHASE_STRIP = NO;
				DEBUG_INFORMATION_FORMAT = dwarf;
				DEVELOPMENT_TEAM = "";
				ENABLE_STRICT_OBJC_MSGSEND = YES;
				ENABLE_TESTABILITY = YES;
				GCC_DYNAMIC_NO_PIC = NO;
				GCC_NO_COMMON_BLOCKS = YES;
				GCC_OPTIMIZATION_LEVEL = 0;
				GCC_PREPROCESSOR_DEFINITIONS = (
					"DEBUG=1",
					"$(inherited)",
				);
				GCC_WARN_64_TO_32_BIT_CONVERSION = YES;
				GCC_WARN_ABOUT_RETURN_TYPE = YES_ERROR;
				GCC_WARN_UNDECLARED_SELECTOR = YES;
				GCC_WARN_UNINITIALIZED_AUTOS = YES_AGGRESSIVE;
				GCC_WARN_UNUSED_FUNCTION = YES;
				GCC_WARN_UNUSED_VARIABLE = YES;
				INFOPLIST_FILE = processing_ios_tests/Info.plist;
				IPHONEOS_DEPLOYMENT_TARGET = 14.7;
				LD_RUNPATH_SEARCH_PATHS = (
					"$(inherited)",
					"@executable_path/Frameworks",
					"@loader_path/Frameworks",
				);
				MTL_ENABLE_DEBUG_INFO = INCLUDE_SOURCE;
				MTL_FAST_MATH = YES;
				ONLY_ACTIVE_ARCH = YES;
				PRODUCT_BUNDLE_IDENTIFIER = "objective-audio.processing-ios-tests";
				PRODUCT_NAME = "$(TARGET_NAME)";
				PROVISIONING_PROFILE_SPECIFIER = "";
				SDKROOT = iphoneos;
				TARGETED_DEVICE_FAMILY = "1,2";
			};
			name = Debug;
		};
		B65AF7FC21E38C4E00C65DB5 /* Release */ = {
			isa = XCBuildConfiguration;
			buildSettings = {
				ALWAYS_SEARCH_USER_PATHS = NO;
				CLANG_ANALYZER_NONNULL = YES;
				CLANG_ANALYZER_NUMBER_OBJECT_CONVERSION = YES_AGGRESSIVE;
				CLANG_CXX_LIBRARY = "libc++";
				CLANG_ENABLE_MODULES = YES;
				CLANG_ENABLE_OBJC_WEAK = YES;
				CLANG_WARN_BLOCK_CAPTURE_AUTORELEASING = YES;
				CLANG_WARN_BOOL_CONVERSION = YES;
				CLANG_WARN_COMMA = YES;
				CLANG_WARN_CONSTANT_CONVERSION = YES;
				CLANG_WARN_DEPRECATED_OBJC_IMPLEMENTATIONS = YES;
				CLANG_WARN_DIRECT_OBJC_ISA_USAGE = YES_ERROR;
				CLANG_WARN_DOCUMENTATION_COMMENTS = YES;
				CLANG_WARN_EMPTY_BODY = YES;
				CLANG_WARN_ENUM_CONVERSION = YES;
				CLANG_WARN_INFINITE_RECURSION = YES;
				CLANG_WARN_INT_CONVERSION = YES;
				CLANG_WARN_NON_LITERAL_NULL_CONVERSION = YES;
				CLANG_WARN_OBJC_IMPLICIT_RETAIN_SELF = YES;
				CLANG_WARN_OBJC_LITERAL_CONVERSION = YES;
				CLANG_WARN_OBJC_ROOT_CLASS = YES_ERROR;
				CLANG_WARN_RANGE_LOOP_ANALYSIS = YES;
				CLANG_WARN_STRICT_PROTOTYPES = YES;
				CLANG_WARN_SUSPICIOUS_MOVE = YES;
				CLANG_WARN_UNGUARDED_AVAILABILITY = YES_AGGRESSIVE;
				CLANG_WARN_UNREACHABLE_CODE = YES;
				CLANG_WARN__DUPLICATE_METHOD_MATCH = YES;
				CODE_SIGN_IDENTITY = "iPhone Developer";
				CODE_SIGN_STYLE = Manual;
				COPY_PHASE_STRIP = NO;
				DEBUG_INFORMATION_FORMAT = "dwarf-with-dsym";
				DEVELOPMENT_TEAM = "";
				ENABLE_NS_ASSERTIONS = NO;
				ENABLE_STRICT_OBJC_MSGSEND = YES;
				GCC_NO_COMMON_BLOCKS = YES;
				GCC_WARN_64_TO_32_BIT_CONVERSION = YES;
				GCC_WARN_ABOUT_RETURN_TYPE = YES_ERROR;
				GCC_WARN_UNDECLARED_SELECTOR = YES;
				GCC_WARN_UNINITIALIZED_AUTOS = YES_AGGRESSIVE;
				GCC_WARN_UNUSED_FUNCTION = YES;
				GCC_WARN_UNUSED_VARIABLE = YES;
				INFOPLIST_FILE = processing_ios_tests/Info.plist;
				IPHONEOS_DEPLOYMENT_TARGET = 14.7;
				LD_RUNPATH_SEARCH_PATHS = (
					"$(inherited)",
					"@executable_path/Frameworks",
					"@loader_path/Frameworks",
				);
				MTL_ENABLE_DEBUG_INFO = NO;
				MTL_FAST_MATH = YES;
				PRODUCT_BUNDLE_IDENTIFIER = "objective-audio.processing-ios-tests";
				PRODUCT_NAME = "$(TARGET_NAME)";
				PROVISIONING_PROFILE_SPECIFIER = "";
				SDKROOT = iphoneos;
				TARGETED_DEVICE_FAMILY = "1,2";
				VALIDATE_PRODUCT = YES;
			};
			name = Release;
		};
/* End XCBuildConfiguration section */

/* Begin XCConfigurationList section */
		B65AF7ED21E38C3400C65DB5 /* Build configuration list for PBXProject "processing_ios_tests" */ = {
			isa = XCConfigurationList;
			buildConfigurations = (
				B65AF7EE21E38C3400C65DB5 /* Debug */,
				B65AF7EF21E38C3400C65DB5 /* Release */,
			);
			defaultConfigurationIsVisible = 0;
			defaultConfigurationName = Release;
		};
		B65AF7FA21E38C4E00C65DB5 /* Build configuration list for PBXNativeTarget "processing_ios_tests" */ = {
			isa = XCConfigurationList;
			buildConfigurations = (
				B65AF7FB21E38C4E00C65DB5 /* Debug */,
				B65AF7FC21E38C4E00C65DB5 /* Release */,
			);
			defaultConfigurationIsVisible = 0;
			defaultConfigurationName = Release;
		};
/* End XCConfigurationList section */
	};
	rootObject = B65AF7EA21E38C3400C65DB5 /* Project object */;
}
