// !$*UTF8*$!
{
	archiveVersion = 1;
	classes = {
	};
	objectVersion = 46;
	objects = {

/* Begin PBXBuildFile section */
		1A7CDCF61E3CADF900ED3601 /* yas_processing_constants_tests.mm in Sources */ = {isa = PBXBuildFile; fileRef = 1A7CDCF51E3CADF900ED3601 /* yas_processing_constants_tests.mm */; };
		B6002B8221DC68A20013AA0E /* chaining.framework in Frameworks */ = {isa = PBXBuildFile; fileRef = B6002B8121DC68A20013AA0E /* chaining.framework */; };
		B6002B8421DC6D060013AA0E /* cpp_utils.framework in Frameworks */ = {isa = PBXBuildFile; fileRef = B6002B8321DC6D060013AA0E /* cpp_utils.framework */; };
		B60E73941E1CA56C007957E2 /* yas_processing_math2_signal_modules_tests.mm in Sources */ = {isa = PBXBuildFile; fileRef = B60E73931E1CA56C007957E2 /* yas_processing_math2_signal_modules_tests.mm */; };
		B60E73961E1D37A5007957E2 /* yas_processing_time_tests.mm in Sources */ = {isa = PBXBuildFile; fileRef = B60E73951E1D37A5007957E2 /* yas_processing_time_tests.mm */; };
		B60E73AD1E1FCD9C007957E2 /* yas_processing_number_event_tests.mm in Sources */ = {isa = PBXBuildFile; fileRef = B60E73AC1E1FCD9C007957E2 /* yas_processing_number_event_tests.mm */; };
		B60E73B21E1FE965007957E2 /* yas_processing_number_processor_tests.mm in Sources */ = {isa = PBXBuildFile; fileRef = B60E73B11E1FE965007957E2 /* yas_processing_number_processor_tests.mm */; };
		B623823821E386B300234CC2 /* processing.framework in Frameworks */ = {isa = PBXBuildFile; fileRef = B623823721E386B300234CC2 /* processing.framework */; };
		B62D83731E57D4D300262A84 /* yas_processing_constant_number_module_tests.mm in Sources */ = {isa = PBXBuildFile; fileRef = B62D83721E57D4D300262A84 /* yas_processing_constant_number_module_tests.mm */; };
		B633D22B1DE1E1EB00C35515 /* yas_processing_time_range_tests.mm in Sources */ = {isa = PBXBuildFile; fileRef = B633D22A1DE1E1EB00C35515 /* yas_processing_time_range_tests.mm */; };
		B6347C1D1E593F5F0042B1CF /* yas_processing_math2_number_modules_tests.mm in Sources */ = {isa = PBXBuildFile; fileRef = B6347C1C1E593F5F0042B1CF /* yas_processing_math2_number_modules_tests.mm */; };
		B6347C1F1E59EA690042B1CF /* yas_processing_math1_number_modules_tests.mm in Sources */ = {isa = PBXBuildFile; fileRef = B6347C1E1E59EA690042B1CF /* yas_processing_math1_number_modules_tests.mm */; };
		B6347C211E5BDABD0042B1CF /* yas_processing_compare_number_modules_tests.mm in Sources */ = {isa = PBXBuildFile; fileRef = B6347C201E5BDABD0042B1CF /* yas_processing_compare_number_modules_tests.mm */; };
		B6347C2F1E6113C90042B1CF /* yas_processing_routing_number_module_tests.mm in Sources */ = {isa = PBXBuildFile; fileRef = B6347C2E1E6113C90042B1CF /* yas_processing_routing_number_module_tests.mm */; };
		B6347C311E6128FE0042B1CF /* yas_processing_signal_process_context_tests.mm in Sources */ = {isa = PBXBuildFile; fileRef = B6347C301E6128FE0042B1CF /* yas_processing_signal_process_context_tests.mm */; };
		B6347C331E61290D0042B1CF /* yas_processing_number_process_context_tests.mm in Sources */ = {isa = PBXBuildFile; fileRef = B6347C321E61290D0042B1CF /* yas_processing_number_process_context_tests.mm */; };
		B6348AC51E0BD4F90096DA81 /* yas_processing_timeline_tests.mm in Sources */ = {isa = PBXBuildFile; fileRef = B6348AC41E0BD4F90096DA81 /* yas_processing_timeline_tests.mm */; };
		B636DB2E1E3599110070D28B /* yas_processing_number_to_signal_module_tests.mm in Sources */ = {isa = PBXBuildFile; fileRef = B636DB2D1E3599110070D28B /* yas_processing_number_to_signal_module_tests.mm */; };
		B64C09621DEC50D700B9DCB1 /* yas_processing_signal_event_tests.mm in Sources */ = {isa = PBXBuildFile; fileRef = B64C09611DEC50D700B9DCB1 /* yas_processing_signal_event_tests.mm */; };
		B64C096C1DF024F900B9DCB1 /* yas_processing_channel_tests.mm in Sources */ = {isa = PBXBuildFile; fileRef = B64C096B1DF024F900B9DCB1 /* yas_processing_channel_tests.mm */; };
		B64C096E1DF0250300B9DCB1 /* yas_processing_stream_tests.mm in Sources */ = {isa = PBXBuildFile; fileRef = B64C096D1DF0250300B9DCB1 /* yas_processing_stream_tests.mm */; };
		B64EBC761E21DD81002697C4 /* yas_processing_cast_module_tests.mm in Sources */ = {isa = PBXBuildFile; fileRef = B64EBC751E21DD81002697C4 /* yas_processing_cast_module_tests.mm */; };
		B6593B7C1E33A3240061385B /* yas_processing_generator_modules_tests.mm in Sources */ = {isa = PBXBuildFile; fileRef = B6593B7B1E33A3240061385B /* yas_processing_generator_modules_tests.mm */; };
		B671F7981E42D04A00C8866B /* yas_processing_compare_signal_modules_tests.mm in Sources */ = {isa = PBXBuildFile; fileRef = B671F7971E42D04A00C8866B /* yas_processing_compare_signal_modules_tests.mm */; };
		B671F79D1E45BEF600C8866B /* yas_processing_routing_signal_module_tests.mm in Sources */ = {isa = PBXBuildFile; fileRef = B671F79C1E45BEF600C8866B /* yas_processing_routing_signal_module_tests.mm */; };
		B684E88D21D70BD100599A55 /* yas_processing_track_chain_tests.mm in Sources */ = {isa = PBXBuildFile; fileRef = B684E88C21D70BD100599A55 /* yas_processing_track_chain_tests.mm */; };
		B6A0781B1E231FEF00F0CA21 /* yas_processing_remove_number_processor_tests.mm in Sources */ = {isa = PBXBuildFile; fileRef = B6A0781A1E231FEF00F0CA21 /* yas_processing_remove_number_processor_tests.mm */; };
		B6AA83BA1E67EABC00120472 /* yas_processing_remove_signal_processor_tests.mm in Sources */ = {isa = PBXBuildFile; fileRef = B6AA83B91E67EABC00120472 /* yas_processing_remove_signal_processor_tests.mm */; };
		B6AA84521E692D5200120472 /* yas_processing_envelope_module_tests.mm in Sources */ = {isa = PBXBuildFile; fileRef = B6AA84511E692D5200120472 /* yas_processing_envelope_module_tests.mm */; };
		B6AF4F791E15048300805168 /* yas_processing_signal_processor_tests.mm in Sources */ = {isa = PBXBuildFile; fileRef = B6AF4F781E15048300805168 /* yas_processing_signal_processor_tests.mm */; };
		B6AF4F7B1E160B9F00805168 /* yas_processing_test_utils.cpp in Sources */ = {isa = PBXBuildFile; fileRef = B6AF4F7A1E160B9F00805168 /* yas_processing_test_utils.cpp */; };
		B6C4DADC1DF6F76200621F80 /* yas_processing_module_tests.mm in Sources */ = {isa = PBXBuildFile; fileRef = B6C4DADB1DF6F76200621F80 /* yas_processing_module_tests.mm */; };
		B6C4DADE1DF6F76E00621F80 /* yas_processing_track_tests.mm in Sources */ = {isa = PBXBuildFile; fileRef = B6C4DADD1DF6F76E00621F80 /* yas_processing_track_tests.mm */; };
		B6E0CB381E17992A00329906 /* yas_processing_constant_signal_module_tests.mm in Sources */ = {isa = PBXBuildFile; fileRef = B6E0CB371E17992A00329906 /* yas_processing_constant_signal_module_tests.mm */; };
		B6E0EA7B1E5012710072407A /* yas_processing_sub_timeline_module_tests.mm in Sources */ = {isa = PBXBuildFile; fileRef = B6E0EA7A1E5012710072407A /* yas_processing_sub_timeline_module_tests.mm */; };
		B6EA4E181E2EFD7700FFAD3B /* yas_processing_math1_signal_modules_tests.mm in Sources */ = {isa = PBXBuildFile; fileRef = B6EA4E171E2EFD7700FFAD3B /* yas_processing_math1_signal_modules_tests.mm */; };
		B6EA4E201E30F6CC00FFAD3B /* yas_processing_sync_source_tests.mm in Sources */ = {isa = PBXBuildFile; fileRef = B6EA4E1F1E30F6CC00FFAD3B /* yas_processing_sync_source_tests.mm */; };
/* End PBXBuildFile section */

/* Begin PBXFileReference section */
		1A7CDCF51E3CADF900ED3601 /* yas_processing_constants_tests.mm */ = {isa = PBXFileReference; fileEncoding = 4; lastKnownFileType = sourcecode.cpp.objcpp; path = yas_processing_constants_tests.mm; sourceTree = "<group>"; };
		B6002B8121DC68A20013AA0E /* chaining.framework */ = {isa = PBXFileReference; explicitFileType = wrapper.framework; path = chaining.framework; sourceTree = BUILT_PRODUCTS_DIR; };
		B6002B8321DC6D060013AA0E /* cpp_utils.framework */ = {isa = PBXFileReference; explicitFileType = wrapper.framework; path = cpp_utils.framework; sourceTree = BUILT_PRODUCTS_DIR; };
		B60E73931E1CA56C007957E2 /* yas_processing_math2_signal_modules_tests.mm */ = {isa = PBXFileReference; fileEncoding = 4; lastKnownFileType = sourcecode.cpp.objcpp; path = yas_processing_math2_signal_modules_tests.mm; sourceTree = "<group>"; };
		B60E73951E1D37A5007957E2 /* yas_processing_time_tests.mm */ = {isa = PBXFileReference; fileEncoding = 4; lastKnownFileType = sourcecode.cpp.objcpp; path = yas_processing_time_tests.mm; sourceTree = "<group>"; };
		B60E73AC1E1FCD9C007957E2 /* yas_processing_number_event_tests.mm */ = {isa = PBXFileReference; fileEncoding = 4; lastKnownFileType = sourcecode.cpp.objcpp; path = yas_processing_number_event_tests.mm; sourceTree = "<group>"; };
		B60E73B11E1FE965007957E2 /* yas_processing_number_processor_tests.mm */ = {isa = PBXFileReference; fileEncoding = 4; lastKnownFileType = sourcecode.cpp.objcpp; path = yas_processing_number_processor_tests.mm; sourceTree = "<group>"; };
		B623823721E386B300234CC2 /* processing.framework */ = {isa = PBXFileReference; explicitFileType = wrapper.framework; path = processing.framework; sourceTree = BUILT_PRODUCTS_DIR; };
		B6272EB31DF70C1900F5DF95 /* yas_processing_test_utils.h */ = {isa = PBXFileReference; lastKnownFileType = sourcecode.c.h; path = yas_processing_test_utils.h; sourceTree = "<group>"; };
		B62D83721E57D4D300262A84 /* yas_processing_constant_number_module_tests.mm */ = {isa = PBXFileReference; fileEncoding = 4; lastKnownFileType = sourcecode.cpp.objcpp; path = yas_processing_constant_number_module_tests.mm; sourceTree = "<group>"; };
		B633D22A1DE1E1EB00C35515 /* yas_processing_time_range_tests.mm */ = {isa = PBXFileReference; fileEncoding = 4; lastKnownFileType = sourcecode.cpp.objcpp; path = yas_processing_time_range_tests.mm; sourceTree = "<group>"; };
		B6347C1C1E593F5F0042B1CF /* yas_processing_math2_number_modules_tests.mm */ = {isa = PBXFileReference; fileEncoding = 4; lastKnownFileType = sourcecode.cpp.objcpp; path = yas_processing_math2_number_modules_tests.mm; sourceTree = "<group>"; };
		B6347C1E1E59EA690042B1CF /* yas_processing_math1_number_modules_tests.mm */ = {isa = PBXFileReference; fileEncoding = 4; lastKnownFileType = sourcecode.cpp.objcpp; path = yas_processing_math1_number_modules_tests.mm; sourceTree = "<group>"; };
		B6347C201E5BDABD0042B1CF /* yas_processing_compare_number_modules_tests.mm */ = {isa = PBXFileReference; fileEncoding = 4; lastKnownFileType = sourcecode.cpp.objcpp; path = yas_processing_compare_number_modules_tests.mm; sourceTree = "<group>"; };
		B6347C2E1E6113C90042B1CF /* yas_processing_routing_number_module_tests.mm */ = {isa = PBXFileReference; fileEncoding = 4; lastKnownFileType = sourcecode.cpp.objcpp; path = yas_processing_routing_number_module_tests.mm; sourceTree = "<group>"; };
		B6347C301E6128FE0042B1CF /* yas_processing_signal_process_context_tests.mm */ = {isa = PBXFileReference; fileEncoding = 4; lastKnownFileType = sourcecode.cpp.objcpp; path = yas_processing_signal_process_context_tests.mm; sourceTree = "<group>"; };
		B6347C321E61290D0042B1CF /* yas_processing_number_process_context_tests.mm */ = {isa = PBXFileReference; fileEncoding = 4; lastKnownFileType = sourcecode.cpp.objcpp; path = yas_processing_number_process_context_tests.mm; sourceTree = "<group>"; };
		B6348AC41E0BD4F90096DA81 /* yas_processing_timeline_tests.mm */ = {isa = PBXFileReference; fileEncoding = 4; lastKnownFileType = sourcecode.cpp.objcpp; path = yas_processing_timeline_tests.mm; sourceTree = "<group>"; };
		B636DB2D1E3599110070D28B /* yas_processing_number_to_signal_module_tests.mm */ = {isa = PBXFileReference; fileEncoding = 4; lastKnownFileType = sourcecode.cpp.objcpp; path = yas_processing_number_to_signal_module_tests.mm; sourceTree = "<group>"; };
		B64C09611DEC50D700B9DCB1 /* yas_processing_signal_event_tests.mm */ = {isa = PBXFileReference; fileEncoding = 4; lastKnownFileType = sourcecode.cpp.objcpp; path = yas_processing_signal_event_tests.mm; sourceTree = "<group>"; };
		B64C096B1DF024F900B9DCB1 /* yas_processing_channel_tests.mm */ = {isa = PBXFileReference; fileEncoding = 4; lastKnownFileType = sourcecode.cpp.objcpp; path = yas_processing_channel_tests.mm; sourceTree = "<group>"; };
		B64C096D1DF0250300B9DCB1 /* yas_processing_stream_tests.mm */ = {isa = PBXFileReference; fileEncoding = 4; lastKnownFileType = sourcecode.cpp.objcpp; path = yas_processing_stream_tests.mm; sourceTree = "<group>"; };
		B64EBC751E21DD81002697C4 /* yas_processing_cast_module_tests.mm */ = {isa = PBXFileReference; fileEncoding = 4; lastKnownFileType = sourcecode.cpp.objcpp; path = yas_processing_cast_module_tests.mm; sourceTree = "<group>"; };
		B6593B7B1E33A3240061385B /* yas_processing_generator_modules_tests.mm */ = {isa = PBXFileReference; fileEncoding = 4; lastKnownFileType = sourcecode.cpp.objcpp; path = yas_processing_generator_modules_tests.mm; sourceTree = "<group>"; };
		B671F7971E42D04A00C8866B /* yas_processing_compare_signal_modules_tests.mm */ = {isa = PBXFileReference; fileEncoding = 4; lastKnownFileType = sourcecode.cpp.objcpp; path = yas_processing_compare_signal_modules_tests.mm; sourceTree = "<group>"; };
		B671F79C1E45BEF600C8866B /* yas_processing_routing_signal_module_tests.mm */ = {isa = PBXFileReference; fileEncoding = 4; lastKnownFileType = sourcecode.cpp.objcpp; path = yas_processing_routing_signal_module_tests.mm; sourceTree = "<group>"; };
		B684E88C21D70BD100599A55 /* yas_processing_track_chain_tests.mm */ = {isa = PBXFileReference; lastKnownFileType = sourcecode.cpp.objcpp; path = yas_processing_track_chain_tests.mm; sourceTree = "<group>"; };
		B6A0781A1E231FEF00F0CA21 /* yas_processing_remove_number_processor_tests.mm */ = {isa = PBXFileReference; fileEncoding = 4; lastKnownFileType = sourcecode.cpp.objcpp; path = yas_processing_remove_number_processor_tests.mm; sourceTree = "<group>"; };
		B6A6EF9A1DD94E9200436428 /* processing_mac_tests.xctest */ = {isa = PBXFileReference; explicitFileType = wrapper.cfbundle; includeInIndex = 0; path = processing_mac_tests.xctest; sourceTree = BUILT_PRODUCTS_DIR; };
		B6A6EF9F1DD94E9200436428 /* Info.plist */ = {isa = PBXFileReference; lastKnownFileType = text.plist.xml; path = Info.plist; sourceTree = "<group>"; };
		B6AA83B91E67EABC00120472 /* yas_processing_remove_signal_processor_tests.mm */ = {isa = PBXFileReference; fileEncoding = 4; lastKnownFileType = sourcecode.cpp.objcpp; path = yas_processing_remove_signal_processor_tests.mm; sourceTree = "<group>"; };
		B6AA84511E692D5200120472 /* yas_processing_envelope_module_tests.mm */ = {isa = PBXFileReference; fileEncoding = 4; lastKnownFileType = sourcecode.cpp.objcpp; path = yas_processing_envelope_module_tests.mm; sourceTree = "<group>"; };
		B6AF4F781E15048300805168 /* yas_processing_signal_processor_tests.mm */ = {isa = PBXFileReference; fileEncoding = 4; lastKnownFileType = sourcecode.cpp.objcpp; path = yas_processing_signal_processor_tests.mm; sourceTree = "<group>"; };
		B6AF4F7A1E160B9F00805168 /* yas_processing_test_utils.cpp */ = {isa = PBXFileReference; fileEncoding = 4; lastKnownFileType = sourcecode.cpp.cpp; path = yas_processing_test_utils.cpp; sourceTree = "<group>"; };
		B6C4DADB1DF6F76200621F80 /* yas_processing_module_tests.mm */ = {isa = PBXFileReference; fileEncoding = 4; lastKnownFileType = sourcecode.cpp.objcpp; path = yas_processing_module_tests.mm; sourceTree = "<group>"; };
		B6C4DADD1DF6F76E00621F80 /* yas_processing_track_tests.mm */ = {isa = PBXFileReference; fileEncoding = 4; lastKnownFileType = sourcecode.cpp.objcpp; path = yas_processing_track_tests.mm; sourceTree = "<group>"; };
		B6E0CB371E17992A00329906 /* yas_processing_constant_signal_module_tests.mm */ = {isa = PBXFileReference; fileEncoding = 4; lastKnownFileType = sourcecode.cpp.objcpp; path = yas_processing_constant_signal_module_tests.mm; sourceTree = "<group>"; };
		B6E0EA7A1E5012710072407A /* yas_processing_sub_timeline_module_tests.mm */ = {isa = PBXFileReference; fileEncoding = 4; lastKnownFileType = sourcecode.cpp.objcpp; path = yas_processing_sub_timeline_module_tests.mm; sourceTree = "<group>"; };
		B6EA4E171E2EFD7700FFAD3B /* yas_processing_math1_signal_modules_tests.mm */ = {isa = PBXFileReference; fileEncoding = 4; lastKnownFileType = sourcecode.cpp.objcpp; path = yas_processing_math1_signal_modules_tests.mm; sourceTree = "<group>"; };
		B6EA4E1F1E30F6CC00FFAD3B /* yas_processing_sync_source_tests.mm */ = {isa = PBXFileReference; fileEncoding = 4; lastKnownFileType = sourcecode.cpp.objcpp; path = yas_processing_sync_source_tests.mm; sourceTree = "<group>"; };
/* End PBXFileReference section */

/* Begin PBXFrameworksBuildPhase section */
		B6A6EF971DD94E9200436428 /* Frameworks */ = {
			isa = PBXFrameworksBuildPhase;
			buildActionMask = 2147483647;
			files = (
				B623823821E386B300234CC2 /* processing.framework in Frameworks */,
				B6002B8421DC6D060013AA0E /* cpp_utils.framework in Frameworks */,
				B6002B8221DC68A20013AA0E /* chaining.framework in Frameworks */,
			);
			runOnlyForDeploymentPostprocessing = 0;
		};
/* End PBXFrameworksBuildPhase section */

/* Begin PBXGroup section */
		B6002B8021DC68A20013AA0E /* Frameworks */ = {
			isa = PBXGroup;
			children = (
				B623823721E386B300234CC2 /* processing.framework */,
				B6002B8321DC6D060013AA0E /* cpp_utils.framework */,
				B6002B8121DC68A20013AA0E /* chaining.framework */,
			);
			name = Frameworks;
			sourceTree = "<group>";
		};
		B633D2291DE1E1BF00C35515 /* processing_tests */ = {
			isa = PBXGroup;
			children = (
				B64EBC751E21DD81002697C4 /* yas_processing_cast_module_tests.mm */,
				B64C096B1DF024F900B9DCB1 /* yas_processing_channel_tests.mm */,
				B6347C201E5BDABD0042B1CF /* yas_processing_compare_number_modules_tests.mm */,
				B671F7971E42D04A00C8866B /* yas_processing_compare_signal_modules_tests.mm */,
				B62D83721E57D4D300262A84 /* yas_processing_constant_number_module_tests.mm */,
				B6E0CB371E17992A00329906 /* yas_processing_constant_signal_module_tests.mm */,
				1A7CDCF51E3CADF900ED3601 /* yas_processing_constants_tests.mm */,
				B6593B7B1E33A3240061385B /* yas_processing_generator_modules_tests.mm */,
				B6347C1E1E59EA690042B1CF /* yas_processing_math1_number_modules_tests.mm */,
				B6EA4E171E2EFD7700FFAD3B /* yas_processing_math1_signal_modules_tests.mm */,
				B6347C1C1E593F5F0042B1CF /* yas_processing_math2_number_modules_tests.mm */,
				B60E73931E1CA56C007957E2 /* yas_processing_math2_signal_modules_tests.mm */,
				B6C4DADB1DF6F76200621F80 /* yas_processing_module_tests.mm */,
				B60E73AC1E1FCD9C007957E2 /* yas_processing_number_event_tests.mm */,
				B60E73B11E1FE965007957E2 /* yas_processing_number_processor_tests.mm */,
				B636DB2D1E3599110070D28B /* yas_processing_number_to_signal_module_tests.mm */,
				B6A0781A1E231FEF00F0CA21 /* yas_processing_remove_number_processor_tests.mm */,
				B6AA83B91E67EABC00120472 /* yas_processing_remove_signal_processor_tests.mm */,
				B671F79C1E45BEF600C8866B /* yas_processing_routing_signal_module_tests.mm */,
				B6347C2E1E6113C90042B1CF /* yas_processing_routing_number_module_tests.mm */,
				B64C09611DEC50D700B9DCB1 /* yas_processing_signal_event_tests.mm */,
				B6AF4F781E15048300805168 /* yas_processing_signal_processor_tests.mm */,
				B64C096D1DF0250300B9DCB1 /* yas_processing_stream_tests.mm */,
				B6E0EA7A1E5012710072407A /* yas_processing_sub_timeline_module_tests.mm */,
				B6EA4E1F1E30F6CC00FFAD3B /* yas_processing_sync_source_tests.mm */,
				B6AF4F7A1E160B9F00805168 /* yas_processing_test_utils.cpp */,
				B6272EB31DF70C1900F5DF95 /* yas_processing_test_utils.h */,
				B633D22A1DE1E1EB00C35515 /* yas_processing_time_range_tests.mm */,
				B60E73951E1D37A5007957E2 /* yas_processing_time_tests.mm */,
				B6348AC41E0BD4F90096DA81 /* yas_processing_timeline_tests.mm */,
				B6C4DADD1DF6F76E00621F80 /* yas_processing_track_tests.mm */,
				B684E88C21D70BD100599A55 /* yas_processing_track_chain_tests.mm */,
				B6347C301E6128FE0042B1CF /* yas_processing_signal_process_context_tests.mm */,
				B6347C321E61290D0042B1CF /* yas_processing_number_process_context_tests.mm */,
				B6AA84511E692D5200120472 /* yas_processing_envelope_module_tests.mm */,
			);
			name = processing_tests;
			path = ../../processing_tests;
			sourceTree = "<group>";
		};
		B650E3C81DD8105800E423C7 = {
			isa = PBXGroup;
			children = (
				B6A6EF9C1DD94E9200436428 /* processing_mac_tests */,
				B6A6EF9B1DD94E9200436428 /* Products */,
				B6002B8021DC68A20013AA0E /* Frameworks */,
			);
			sourceTree = "<group>";
		};
		B6A6EF9B1DD94E9200436428 /* Products */ = {
			isa = PBXGroup;
			children = (
				B6A6EF9A1DD94E9200436428 /* processing_mac_tests.xctest */,
			);
			name = Products;
			sourceTree = "<group>";
		};
		B6A6EF9C1DD94E9200436428 /* processing_mac_tests */ = {
			isa = PBXGroup;
			children = (
				B633D2291DE1E1BF00C35515 /* processing_tests */,
				B6A6EF9F1DD94E9200436428 /* Info.plist */,
			);
			path = processing_mac_tests;
			sourceTree = "<group>";
		};
/* End PBXGroup section */

/* Begin PBXNativeTarget section */
		B6A6EF991DD94E9200436428 /* processing_mac_tests */ = {
			isa = PBXNativeTarget;
			buildConfigurationList = B6A6EFA21DD94E9200436428 /* Build configuration list for PBXNativeTarget "processing_mac_tests" */;
			buildPhases = (
				B6302A1320AB0A27009A5C2A /* ShellScript */,
				B6A6EF961DD94E9200436428 /* Sources */,
				B6A6EF971DD94E9200436428 /* Frameworks */,
				B6A6EF981DD94E9200436428 /* Resources */,
			);
			buildRules = (
			);
			dependencies = (
			);
			name = processing_mac_tests;
			productName = processing_mac_tests;
			productReference = B6A6EF9A1DD94E9200436428 /* processing_mac_tests.xctest */;
			productType = "com.apple.product-type.bundle.unit-test";
		};
/* End PBXNativeTarget section */

/* Begin PBXProject section */
		B650E3C91DD8105800E423C7 /* Project object */ = {
			isa = PBXProject;
			attributes = {
				LastUpgradeCheck = 0930;
				TargetAttributes = {
					B6A6EF991DD94E9200436428 = {
						CreatedOnToolsVersion = 8.1;
						ProvisioningStyle = Manual;
					};
				};
			};
			buildConfigurationList = B650E3CC1DD8105800E423C7 /* Build configuration list for PBXProject "processing_mac_tests" */;
			compatibilityVersion = "Xcode 3.2";
			developmentRegion = English;
			hasScannedForEncodings = 0;
			knownRegions = (
				en,
			);
			mainGroup = B650E3C81DD8105800E423C7;
			productRefGroup = B6A6EF9B1DD94E9200436428 /* Products */;
			projectDirPath = "";
			projectRoot = "";
			targets = (
				B6A6EF991DD94E9200436428 /* processing_mac_tests */,
			);
		};
/* End PBXProject section */

/* Begin PBXResourcesBuildPhase section */
		B6A6EF981DD94E9200436428 /* Resources */ = {
			isa = PBXResourcesBuildPhase;
			buildActionMask = 2147483647;
			files = (
			);
			runOnlyForDeploymentPostprocessing = 0;
		};
/* End PBXResourcesBuildPhase section */

/* Begin PBXShellScriptBuildPhase section */
		B6302A1320AB0A27009A5C2A /* ShellScript */ = {
			isa = PBXShellScriptBuildPhase;
			buildActionMask = 2147483647;
			files = (
			);
			inputPaths = (
			);
			outputPaths = (
			);
			runOnlyForDeploymentPostprocessing = 0;
			shellPath = /bin/sh;
			shellScript = ../script/format.sh;
		};
/* End PBXShellScriptBuildPhase section */

/* Begin PBXSourcesBuildPhase section */
		B6A6EF961DD94E9200436428 /* Sources */ = {
			isa = PBXSourcesBuildPhase;
			buildActionMask = 2147483647;
			files = (
				B6EA4E201E30F6CC00FFAD3B /* yas_processing_sync_source_tests.mm in Sources */,
				B6E0EA7B1E5012710072407A /* yas_processing_sub_timeline_module_tests.mm in Sources */,
				B6AA83BA1E67EABC00120472 /* yas_processing_remove_signal_processor_tests.mm in Sources */,
				B6347C1F1E59EA690042B1CF /* yas_processing_math1_number_modules_tests.mm in Sources */,
				B60E73961E1D37A5007957E2 /* yas_processing_time_tests.mm in Sources */,
				1A7CDCF61E3CADF900ED3601 /* yas_processing_constants_tests.mm in Sources */,
				B636DB2E1E3599110070D28B /* yas_processing_number_to_signal_module_tests.mm in Sources */,
				B6C4DADE1DF6F76E00621F80 /* yas_processing_track_tests.mm in Sources */,
				B6AA84521E692D5200120472 /* yas_processing_envelope_module_tests.mm in Sources */,
				B6593B7C1E33A3240061385B /* yas_processing_generator_modules_tests.mm in Sources */,
				B64C096C1DF024F900B9DCB1 /* yas_processing_channel_tests.mm in Sources */,
				B6AF4F791E15048300805168 /* yas_processing_signal_processor_tests.mm in Sources */,
				B6347C311E6128FE0042B1CF /* yas_processing_signal_process_context_tests.mm in Sources */,
				B60E73941E1CA56C007957E2 /* yas_processing_math2_signal_modules_tests.mm in Sources */,
				B6347C1D1E593F5F0042B1CF /* yas_processing_math2_number_modules_tests.mm in Sources */,
				B671F79D1E45BEF600C8866B /* yas_processing_routing_signal_module_tests.mm in Sources */,
				B6E0CB381E17992A00329906 /* yas_processing_constant_signal_module_tests.mm in Sources */,
				B64EBC761E21DD81002697C4 /* yas_processing_cast_module_tests.mm in Sources */,
				B6A0781B1E231FEF00F0CA21 /* yas_processing_remove_number_processor_tests.mm in Sources */,
				B671F7981E42D04A00C8866B /* yas_processing_compare_signal_modules_tests.mm in Sources */,
				B60E73AD1E1FCD9C007957E2 /* yas_processing_number_event_tests.mm in Sources */,
				B684E88D21D70BD100599A55 /* yas_processing_track_chain_tests.mm in Sources */,
				B6EA4E181E2EFD7700FFAD3B /* yas_processing_math1_signal_modules_tests.mm in Sources */,
				B64C09621DEC50D700B9DCB1 /* yas_processing_signal_event_tests.mm in Sources */,
				B6347C2F1E6113C90042B1CF /* yas_processing_routing_number_module_tests.mm in Sources */,
				B64C096E1DF0250300B9DCB1 /* yas_processing_stream_tests.mm in Sources */,
				B62D83731E57D4D300262A84 /* yas_processing_constant_number_module_tests.mm in Sources */,
				B60E73B21E1FE965007957E2 /* yas_processing_number_processor_tests.mm in Sources */,
				B6AF4F7B1E160B9F00805168 /* yas_processing_test_utils.cpp in Sources */,
				B6347C211E5BDABD0042B1CF /* yas_processing_compare_number_modules_tests.mm in Sources */,
				B633D22B1DE1E1EB00C35515 /* yas_processing_time_range_tests.mm in Sources */,
				B6C4DADC1DF6F76200621F80 /* yas_processing_module_tests.mm in Sources */,
				B6348AC51E0BD4F90096DA81 /* yas_processing_timeline_tests.mm in Sources */,
				B6347C331E61290D0042B1CF /* yas_processing_number_process_context_tests.mm in Sources */,
			);
			runOnlyForDeploymentPostprocessing = 0;
		};
/* End PBXSourcesBuildPhase section */

/* Begin XCBuildConfiguration section */
		B650E3CD1DD8105800E423C7 /* Debug */ = {
			isa = XCBuildConfiguration;
			buildSettings = {
				CLANG_CXX_LANGUAGE_STANDARD = "gnu++17";
				CLANG_CXX_LIBRARY = "libc++";
				CLANG_WARN_BLOCK_CAPTURE_AUTORELEASING = YES;
				CLANG_WARN_BOOL_CONVERSION = YES;
				CLANG_WARN_COMMA = YES;
				CLANG_WARN_CONSTANT_CONVERSION = YES;
				CLANG_WARN_DEPRECATED_OBJC_IMPLEMENTATIONS = YES;
				CLANG_WARN_EMPTY_BODY = YES;
				CLANG_WARN_ENUM_CONVERSION = YES;
				CLANG_WARN_INFINITE_RECURSION = YES;
				CLANG_WARN_INT_CONVERSION = YES;
				CLANG_WARN_NON_LITERAL_NULL_CONVERSION = YES;
				CLANG_WARN_OBJC_IMPLICIT_RETAIN_SELF = YES;
				CLANG_WARN_OBJC_LITERAL_CONVERSION = YES;
				CLANG_WARN_RANGE_LOOP_ANALYSIS = YES;
				CLANG_WARN_STRICT_PROTOTYPES = YES;
				CLANG_WARN_SUSPICIOUS_MOVE = YES;
				CLANG_WARN_UNREACHABLE_CODE = YES;
				CLANG_WARN__DUPLICATE_METHOD_MATCH = YES;
				ENABLE_STRICT_OBJC_MSGSEND = YES;
				ENABLE_TESTABILITY = YES;
				GCC_C_LANGUAGE_STANDARD = gnu11;
				GCC_NO_COMMON_BLOCKS = YES;
				GCC_WARN_64_TO_32_BIT_CONVERSION = YES;
				GCC_WARN_ABOUT_RETURN_TYPE = YES;
				GCC_WARN_UNDECLARED_SELECTOR = YES;
				GCC_WARN_UNINITIALIZED_AUTOS = YES;
				GCC_WARN_UNUSED_FUNCTION = YES;
				GCC_WARN_UNUSED_VARIABLE = YES;
				ONLY_ACTIVE_ARCH = YES;
			};
			name = Debug;
		};
		B650E3CE1DD8105800E423C7 /* Release */ = {
			isa = XCBuildConfiguration;
			buildSettings = {
				CLANG_CXX_LANGUAGE_STANDARD = "gnu++17";
				CLANG_CXX_LIBRARY = "libc++";
				CLANG_WARN_BLOCK_CAPTURE_AUTORELEASING = YES;
				CLANG_WARN_BOOL_CONVERSION = YES;
				CLANG_WARN_COMMA = YES;
				CLANG_WARN_CONSTANT_CONVERSION = YES;
				CLANG_WARN_DEPRECATED_OBJC_IMPLEMENTATIONS = YES;
				CLANG_WARN_EMPTY_BODY = YES;
				CLANG_WARN_ENUM_CONVERSION = YES;
				CLANG_WARN_INFINITE_RECURSION = YES;
				CLANG_WARN_INT_CONVERSION = YES;
				CLANG_WARN_NON_LITERAL_NULL_CONVERSION = YES;
				CLANG_WARN_OBJC_IMPLICIT_RETAIN_SELF = YES;
				CLANG_WARN_OBJC_LITERAL_CONVERSION = YES;
				CLANG_WARN_RANGE_LOOP_ANALYSIS = YES;
				CLANG_WARN_STRICT_PROTOTYPES = YES;
				CLANG_WARN_SUSPICIOUS_MOVE = YES;
				CLANG_WARN_UNREACHABLE_CODE = YES;
				CLANG_WARN__DUPLICATE_METHOD_MATCH = YES;
				ENABLE_STRICT_OBJC_MSGSEND = YES;
				GCC_C_LANGUAGE_STANDARD = gnu11;
				GCC_NO_COMMON_BLOCKS = YES;
				GCC_WARN_64_TO_32_BIT_CONVERSION = YES;
				GCC_WARN_ABOUT_RETURN_TYPE = YES;
				GCC_WARN_UNDECLARED_SELECTOR = YES;
				GCC_WARN_UNINITIALIZED_AUTOS = YES;
				GCC_WARN_UNUSED_FUNCTION = YES;
				GCC_WARN_UNUSED_VARIABLE = YES;
			};
			name = Release;
		};
		B6A6EFA01DD94E9200436428 /* Debug */ = {
			isa = XCBuildConfiguration;
			buildSettings = {
				ALWAYS_SEARCH_USER_PATHS = NO;
				CLANG_ANALYZER_NONNULL = YES;
				CLANG_ENABLE_MODULES = YES;
				CLANG_ENABLE_OBJC_WEAK = YES;
				CLANG_WARN_BOOL_CONVERSION = YES;
				CLANG_WARN_CONSTANT_CONVERSION = YES;
				CLANG_WARN_DIRECT_OBJC_ISA_USAGE = YES_ERROR;
				CLANG_WARN_DOCUMENTATION_COMMENTS = YES;
				CLANG_WARN_EMPTY_BODY = YES;
				CLANG_WARN_ENUM_CONVERSION = YES;
				CLANG_WARN_INFINITE_RECURSION = YES;
				CLANG_WARN_INT_CONVERSION = YES;
				CLANG_WARN_OBJC_ROOT_CLASS = YES_ERROR;
				CLANG_WARN_SUSPICIOUS_MOVES = YES;
				CLANG_WARN_UNREACHABLE_CODE = YES;
				CLANG_WARN__DUPLICATE_METHOD_MATCH = YES;
				CODE_SIGN_IDENTITY = "-";
				CODE_SIGN_STYLE = Manual;
				COMBINE_HIDPI_IMAGES = YES;
				COPY_PHASE_STRIP = NO;
				DEBUG_INFORMATION_FORMAT = dwarf;
				DEVELOPMENT_TEAM = "";
				ENABLE_STRICT_OBJC_MSGSEND = YES;
				ENABLE_TESTABILITY = YES;
				GCC_C_LANGUAGE_STANDARD = gnu99;
				GCC_DYNAMIC_NO_PIC = NO;
				GCC_NO_COMMON_BLOCKS = YES;
				GCC_OPTIMIZATION_LEVEL = 0;
				GCC_PREPROCESSOR_DEFINITIONS = (
					"DEBUG=1",
					"$(inherited)",
				);
				GCC_WARN_64_TO_32_BIT_CONVERSION = YES;
				GCC_WARN_ABOUT_RETURN_TYPE = YES_ERROR;
				GCC_WARN_UNDECLARED_SELECTOR = YES;
				GCC_WARN_UNINITIALIZED_AUTOS = YES_AGGRESSIVE;
				GCC_WARN_UNUSED_FUNCTION = YES;
				GCC_WARN_UNUSED_VARIABLE = YES;
				INFOPLIST_FILE = processing_mac_tests/Info.plist;
				LD_RUNPATH_SEARCH_PATHS = "$(inherited) @executable_path/../Frameworks @loader_path/../Frameworks";
				MACOSX_DEPLOYMENT_TARGET = 10.12;
				MTL_ENABLE_DEBUG_INFO = YES;
				ONLY_ACTIVE_ARCH = YES;
				PRODUCT_BUNDLE_IDENTIFIER = "jp.objective-audio.processing-mac-tests";
				PRODUCT_NAME = "$(TARGET_NAME)";
				PROVISIONING_PROFILE_SPECIFIER = "";
				SDKROOT = macosx;
			};
			name = Debug;
		};
		B6A6EFA11DD94E9200436428 /* Release */ = {
			isa = XCBuildConfiguration;
			buildSettings = {
				ALWAYS_SEARCH_USER_PATHS = NO;
				CLANG_ANALYZER_NONNULL = YES;
				CLANG_ENABLE_MODULES = YES;
				CLANG_ENABLE_OBJC_WEAK = YES;
				CLANG_WARN_BOOL_CONVERSION = YES;
				CLANG_WARN_CONSTANT_CONVERSION = YES;
				CLANG_WARN_DIRECT_OBJC_ISA_USAGE = YES_ERROR;
				CLANG_WARN_DOCUMENTATION_COMMENTS = YES;
				CLANG_WARN_EMPTY_BODY = YES;
				CLANG_WARN_ENUM_CONVERSION = YES;
				CLANG_WARN_INFINITE_RECURSION = YES;
				CLANG_WARN_INT_CONVERSION = YES;
				CLANG_WARN_OBJC_ROOT_CLASS = YES_ERROR;
				CLANG_WARN_SUSPICIOUS_MOVES = YES;
				CLANG_WARN_UNREACHABLE_CODE = YES;
				CLANG_WARN__DUPLICATE_METHOD_MATCH = YES;
				CODE_SIGN_IDENTITY = "-";
				CODE_SIGN_STYLE = Manual;
				COMBINE_HIDPI_IMAGES = YES;
				COPY_PHASE_STRIP = NO;
				DEBUG_INFORMATION_FORMAT = "dwarf-with-dsym";
				DEVELOPMENT_TEAM = "";
				ENABLE_NS_ASSERTIONS = NO;
				ENABLE_STRICT_OBJC_MSGSEND = YES;
				GCC_C_LANGUAGE_STANDARD = gnu99;
				GCC_NO_COMMON_BLOCKS = YES;
				GCC_WARN_64_TO_32_BIT_CONVERSION = YES;
				GCC_WARN_ABOUT_RETURN_TYPE = YES_ERROR;
				GCC_WARN_UNDECLARED_SELECTOR = YES;
				GCC_WARN_UNINITIALIZED_AUTOS = YES_AGGRESSIVE;
				GCC_WARN_UNUSED_FUNCTION = YES;
				GCC_WARN_UNUSED_VARIABLE = YES;
				INFOPLIST_FILE = processing_mac_tests/Info.plist;
				LD_RUNPATH_SEARCH_PATHS = "$(inherited) @executable_path/../Frameworks @loader_path/../Frameworks";
				MACOSX_DEPLOYMENT_TARGET = 10.12;
				MTL_ENABLE_DEBUG_INFO = NO;
				PRODUCT_BUNDLE_IDENTIFIER = "jp.objective-audio.processing-mac-tests";
				PRODUCT_NAME = "$(TARGET_NAME)";
				PROVISIONING_PROFILE_SPECIFIER = "";
				SDKROOT = macosx;
			};
			name = Release;
		};
/* End XCBuildConfiguration section */

/* Begin XCConfigurationList section */
		B650E3CC1DD8105800E423C7 /* Build configuration list for PBXProject "processing_mac_tests" */ = {
			isa = XCConfigurationList;
			buildConfigurations = (
				B650E3CD1DD8105800E423C7 /* Debug */,
				B650E3CE1DD8105800E423C7 /* Release */,
			);
			defaultConfigurationIsVisible = 0;
			defaultConfigurationName = Release;
		};
		B6A6EFA21DD94E9200436428 /* Build configuration list for PBXNativeTarget "processing_mac_tests" */ = {
			isa = XCConfigurationList;
			buildConfigurations = (
				B6A6EFA01DD94E9200436428 /* Debug */,
				B6A6EFA11DD94E9200436428 /* Release */,
			);
			defaultConfigurationIsVisible = 0;
			defaultConfigurationName = Release;
		};
/* End XCConfigurationList section */
	};
	rootObject = B650E3C91DD8105800E423C7 /* Project object */;
}
