// !$*UTF8*$!
{
	archiveVersion = 1;
	classes = {
	};
	objectVersion = 50;
	objects = {

/* Begin PBXBuildFile section */
		B623819B21E2DD0900234CC2 /* processing.h in Headers */ = {isa = PBXBuildFile; fileRef = B623819921E2DD0900234CC2 /* processing.h */; settings = {ATTRIBUTES = (Public, ); }; };
		B62381A321E2DD2B00234CC2 /* cpp_utils.framework in Frameworks */ = {isa = PBXBuildFile; fileRef = B62381A221E2DD2B00234CC2 /* cpp_utils.framework */; };
		B62381EB21E2DD4D00234CC2 /* yas_processing_track.h in Headers */ = {isa = PBXBuildFile; fileRef = B62381A521E2DD4D00234CC2 /* yas_processing_track.h */; settings = {ATTRIBUTES = (Public, ); }; };
		B62381EC21E2DD4D00234CC2 /* yas_processing_channel.h in Headers */ = {isa = PBXBuildFile; fileRef = B62381A621E2DD4D00234CC2 /* yas_processing_channel.h */; settings = {ATTRIBUTES = (Public, ); }; };
		B62381ED21E2DD4D00234CC2 /* yas_processing_channel_private.h in Headers */ = {isa = PBXBuildFile; fileRef = B62381A721E2DD4D00234CC2 /* yas_processing_channel_private.h */; settings = {ATTRIBUTES = (Public, ); }; };
		B62381EE21E2DD4D00234CC2 /* yas_processing_sync_source.cpp in Sources */ = {isa = PBXBuildFile; fileRef = B62381A821E2DD4D00234CC2 /* yas_processing_sync_source.cpp */; };
		B62381EF21E2DD4D00234CC2 /* yas_processing_channel.cpp in Sources */ = {isa = PBXBuildFile; fileRef = B62381A921E2DD4D00234CC2 /* yas_processing_channel.cpp */; };
		B62381F021E2DD4D00234CC2 /* yas_processing_processor.h in Headers */ = {isa = PBXBuildFile; fileRef = B62381AA21E2DD4D00234CC2 /* yas_processing_processor.h */; settings = {ATTRIBUTES = (Public, ); }; };
		B62381F121E2DD4D00234CC2 /* yas_processing_time.h in Headers */ = {isa = PBXBuildFile; fileRef = B62381AB21E2DD4D00234CC2 /* yas_processing_time.h */; settings = {ATTRIBUTES = (Public, ); }; };
		B62381F221E2DD4D00234CC2 /* yas_processing_generator_modules.h in Headers */ = {isa = PBXBuildFile; fileRef = B62381AD21E2DD4D00234CC2 /* yas_processing_generator_modules.h */; settings = {ATTRIBUTES = (Public, ); }; };
		B62381F321E2DD4D00234CC2 /* yas_processing_compare_modules.cpp in Sources */ = {isa = PBXBuildFile; fileRef = B62381AE21E2DD4D00234CC2 /* yas_processing_compare_modules.cpp */; };
		B62381F421E2DD4D00234CC2 /* yas_processing_sub_timeline_module.h in Headers */ = {isa = PBXBuildFile; fileRef = B62381AF21E2DD4D00234CC2 /* yas_processing_sub_timeline_module.h */; settings = {ATTRIBUTES = (Public, ); }; };
		B62381F521E2DD4D00234CC2 /* yas_processing_math2_modules.cpp in Sources */ = {isa = PBXBuildFile; fileRef = B62381B021E2DD4D00234CC2 /* yas_processing_math2_modules.cpp */; };
		B62381F621E2DD4D00234CC2 /* yas_processing_cast_module_private.h in Headers */ = {isa = PBXBuildFile; fileRef = B62381B121E2DD4D00234CC2 /* yas_processing_cast_module_private.h */; settings = {ATTRIBUTES = (Public, ); }; };
		B62381F721E2DD4D00234CC2 /* yas_processing_number_process_context_private.h in Headers */ = {isa = PBXBuildFile; fileRef = B62381B321E2DD4D00234CC2 /* yas_processing_number_process_context_private.h */; settings = {ATTRIBUTES = (Public, ); }; };
		B62381F821E2DD4D00234CC2 /* yas_processing_signal_process_context.h in Headers */ = {isa = PBXBuildFile; fileRef = B62381B421E2DD4D00234CC2 /* yas_processing_signal_process_context.h */; settings = {ATTRIBUTES = (Public, ); }; };
		B62381F921E2DD4D00234CC2 /* yas_processing_number_process_context.h in Headers */ = {isa = PBXBuildFile; fileRef = B62381B521E2DD4D00234CC2 /* yas_processing_number_process_context.h */; settings = {ATTRIBUTES = (Public, ); }; };
		B62381FA21E2DD4D00234CC2 /* yas_processing_signal_process_context_private.h in Headers */ = {isa = PBXBuildFile; fileRef = B62381B621E2DD4D00234CC2 /* yas_processing_signal_process_context_private.h */; settings = {ATTRIBUTES = (Public, ); }; };
		B62381FB21E2DD4D00234CC2 /* yas_processing_compare_modules.h in Headers */ = {isa = PBXBuildFile; fileRef = B62381B721E2DD4D00234CC2 /* yas_processing_compare_modules.h */; settings = {ATTRIBUTES = (Public, ); }; };
		B62381FC21E2DD4D00234CC2 /* yas_processing_routing_modules.h in Headers */ = {isa = PBXBuildFile; fileRef = B62381B821E2DD4D00234CC2 /* yas_processing_routing_modules.h */; settings = {ATTRIBUTES = (Public, ); }; };
		B62381FD21E2DD4D00234CC2 /* yas_processing_generator_modules.cpp in Sources */ = {isa = PBXBuildFile; fileRef = B62381B921E2DD4D00234CC2 /* yas_processing_generator_modules.cpp */; };
		B62381FE21E2DD4D00234CC2 /* yas_processing_math2_modules.h in Headers */ = {isa = PBXBuildFile; fileRef = B62381BA21E2DD4D00234CC2 /* yas_processing_math2_modules.h */; settings = {ATTRIBUTES = (Public, ); }; };
		B62381FF21E2DD4D00234CC2 /* yas_processing_math1_modules.cpp in Sources */ = {isa = PBXBuildFile; fileRef = B62381BB21E2DD4D00234CC2 /* yas_processing_math1_modules.cpp */; };
		B623820021E2DD4D00234CC2 /* yas_processing_number_to_signal_module.cpp in Sources */ = {isa = PBXBuildFile; fileRef = B62381BC21E2DD4D00234CC2 /* yas_processing_number_to_signal_module.cpp */; };
		B623820121E2DD4D00234CC2 /* yas_processing_math1_modules.h in Headers */ = {isa = PBXBuildFile; fileRef = B62381BD21E2DD4D00234CC2 /* yas_processing_math1_modules.h */; settings = {ATTRIBUTES = (Public, ); }; };
		B623820221E2DD4D00234CC2 /* yas_processing_number_to_signal_module.h in Headers */ = {isa = PBXBuildFile; fileRef = B62381BE21E2DD4D00234CC2 /* yas_processing_number_to_signal_module.h */; settings = {ATTRIBUTES = (Public, ); }; };
		B623820321E2DD4D00234CC2 /* yas_processing_envelope_module.cpp in Sources */ = {isa = PBXBuildFile; fileRef = B62381BF21E2DD4D00234CC2 /* yas_processing_envelope_module.cpp */; };
		B623820421E2DD4D00234CC2 /* yas_processing_routing_modules.cpp in Sources */ = {isa = PBXBuildFile; fileRef = B62381C021E2DD4D00234CC2 /* yas_processing_routing_modules.cpp */; };
		B623820521E2DD4D00234CC2 /* yas_processing_envelope_module.h in Headers */ = {isa = PBXBuildFile; fileRef = B62381C121E2DD4D00234CC2 /* yas_processing_envelope_module.h */; settings = {ATTRIBUTES = (Public, ); }; };
		B623820621E2DD4D00234CC2 /* yas_processing_cast_module.h in Headers */ = {isa = PBXBuildFile; fileRef = B62381C221E2DD4D00234CC2 /* yas_processing_cast_module.h */; settings = {ATTRIBUTES = (Public, ); }; };
		B623820721E2DD4D00234CC2 /* yas_processing_constant_module.cpp in Sources */ = {isa = PBXBuildFile; fileRef = B62381C321E2DD4D00234CC2 /* yas_processing_constant_module.cpp */; };
		B623820821E2DD4D00234CC2 /* yas_processing_cast_module.cpp in Sources */ = {isa = PBXBuildFile; fileRef = B62381C421E2DD4D00234CC2 /* yas_processing_cast_module.cpp */; };
		B623820921E2DD4D00234CC2 /* yas_processing_sub_timeline_module.cpp in Sources */ = {isa = PBXBuildFile; fileRef = B62381C521E2DD4D00234CC2 /* yas_processing_sub_timeline_module.cpp */; };
		B623820A21E2DD4D00234CC2 /* yas_processing_constant_module.h in Headers */ = {isa = PBXBuildFile; fileRef = B62381C621E2DD4D00234CC2 /* yas_processing_constant_module.h */; settings = {ATTRIBUTES = (Public, ); }; };
		B623820B21E2DD4D00234CC2 /* yas_processing_module.cpp in Sources */ = {isa = PBXBuildFile; fileRef = B62381C721E2DD4D00234CC2 /* yas_processing_module.cpp */; };
		B623820C21E2DD4D00234CC2 /* yas_processing_send_number_processor.cpp in Sources */ = {isa = PBXBuildFile; fileRef = B62381C921E2DD4D00234CC2 /* yas_processing_send_number_processor.cpp */; };
		B623820D21E2DD4D00234CC2 /* yas_processing_send_number_processor.h in Headers */ = {isa = PBXBuildFile; fileRef = B62381CA21E2DD4D00234CC2 /* yas_processing_send_number_processor.h */; settings = {ATTRIBUTES = (Public, ); }; };
		B623820E21E2DD4D00234CC2 /* yas_processing_receive_signal_processor.h in Headers */ = {isa = PBXBuildFile; fileRef = B62381CB21E2DD4D00234CC2 /* yas_processing_receive_signal_processor.h */; settings = {ATTRIBUTES = (Public, ); }; };
		B623820F21E2DD4D00234CC2 /* yas_processing_receive_number_processor.cpp in Sources */ = {isa = PBXBuildFile; fileRef = B62381CC21E2DD4D00234CC2 /* yas_processing_receive_number_processor.cpp */; };
		B623821021E2DD4D00234CC2 /* yas_processing_remove_number_processor.h in Headers */ = {isa = PBXBuildFile; fileRef = B62381CD21E2DD4D00234CC2 /* yas_processing_remove_number_processor.h */; settings = {ATTRIBUTES = (Public, ); }; };
		B623821121E2DD4D00234CC2 /* yas_processing_remove_signal_processor.cpp in Sources */ = {isa = PBXBuildFile; fileRef = B62381CE21E2DD4D00234CC2 /* yas_processing_remove_signal_processor.cpp */; };
		B623821221E2DD4D00234CC2 /* yas_processing_remove_signal_processor.h in Headers */ = {isa = PBXBuildFile; fileRef = B62381CF21E2DD4D00234CC2 /* yas_processing_remove_signal_processor.h */; settings = {ATTRIBUTES = (Public, ); }; };
		B623821321E2DD4D00234CC2 /* yas_processing_receive_number_processor.h in Headers */ = {isa = PBXBuildFile; fileRef = B62381D021E2DD4D00234CC2 /* yas_processing_receive_number_processor.h */; settings = {ATTRIBUTES = (Public, ); }; };
		B623821421E2DD4D00234CC2 /* yas_processing_send_signal_processor.h in Headers */ = {isa = PBXBuildFile; fileRef = B62381D121E2DD4D00234CC2 /* yas_processing_send_signal_processor.h */; settings = {ATTRIBUTES = (Public, ); }; };
		B623821521E2DD4D00234CC2 /* yas_processing_remove_number_processor.cpp in Sources */ = {isa = PBXBuildFile; fileRef = B62381D221E2DD4D00234CC2 /* yas_processing_remove_number_processor.cpp */; };
		B623821621E2DD4D00234CC2 /* yas_processing_receive_signal_processor.cpp in Sources */ = {isa = PBXBuildFile; fileRef = B62381D321E2DD4D00234CC2 /* yas_processing_receive_signal_processor.cpp */; };
		B623821721E2DD4D00234CC2 /* yas_processing_send_signal_processor.cpp in Sources */ = {isa = PBXBuildFile; fileRef = B62381D421E2DD4D00234CC2 /* yas_processing_send_signal_processor.cpp */; };
		B623821821E2DD4D00234CC2 /* yas_processing_stream.h in Headers */ = {isa = PBXBuildFile; fileRef = B62381D521E2DD4D00234CC2 /* yas_processing_stream.h */; settings = {ATTRIBUTES = (Public, ); }; };
		B623821921E2DD4D00234CC2 /* yas_processing_track.cpp in Sources */ = {isa = PBXBuildFile; fileRef = B62381D621E2DD4D00234CC2 /* yas_processing_track.cpp */; };
		B623821A21E2DD4D00234CC2 /* yas_processing_common_types.h in Headers */ = {isa = PBXBuildFile; fileRef = B62381D721E2DD4D00234CC2 /* yas_processing_common_types.h */; settings = {ATTRIBUTES = (Public, ); }; };
		B623821B21E2DD4D00234CC2 /* yas_processing_stream.cpp in Sources */ = {isa = PBXBuildFile; fileRef = B62381D821E2DD4D00234CC2 /* yas_processing_stream.cpp */; };
		B623821C21E2DD4D00234CC2 /* yas_processing_timeline.cpp in Sources */ = {isa = PBXBuildFile; fileRef = B62381D921E2DD4D00234CC2 /* yas_processing_timeline.cpp */; };
		B623821D21E2DD4D00234CC2 /* yas_processing_event.h in Headers */ = {isa = PBXBuildFile; fileRef = B62381DA21E2DD4D00234CC2 /* yas_processing_event.h */; settings = {ATTRIBUTES = (Public, ); }; };
		B623821E21E2DD4D00234CC2 /* yas_processing_umbrella.h in Headers */ = {isa = PBXBuildFile; fileRef = B62381DB21E2DD4D00234CC2 /* yas_processing_umbrella.h */; settings = {ATTRIBUTES = (Public, ); }; };
		B623821F21E2DD4D00234CC2 /* yas_processing_module.h in Headers */ = {isa = PBXBuildFile; fileRef = B62381DC21E2DD4D00234CC2 /* yas_processing_module.h */; settings = {ATTRIBUTES = (Public, ); }; };
		B623822021E2DD4D00234CC2 /* yas_processing_connector.h in Headers */ = {isa = PBXBuildFile; fileRef = B62381DD21E2DD4D00234CC2 /* yas_processing_connector.h */; settings = {ATTRIBUTES = (Public, ); }; };
		B623822121E2DD4D00234CC2 /* yas_processing_sync_source.h in Headers */ = {isa = PBXBuildFile; fileRef = B62381DE21E2DD4D00234CC2 /* yas_processing_sync_source.h */; settings = {ATTRIBUTES = (Public, ); }; };
		B623822221E2DD4D00234CC2 /* yas_processing_event.cpp in Sources */ = {isa = PBXBuildFile; fileRef = B62381DF21E2DD4D00234CC2 /* yas_processing_event.cpp */; };
		B623822321E2DD4D00234CC2 /* yas_processing_connector_private.h in Headers */ = {isa = PBXBuildFile; fileRef = B62381E021E2DD4D00234CC2 /* yas_processing_connector_private.h */; settings = {ATTRIBUTES = (Public, ); }; };
		B623822421E2DD4D00234CC2 /* yas_processing_time.cpp in Sources */ = {isa = PBXBuildFile; fileRef = B62381E121E2DD4D00234CC2 /* yas_processing_time.cpp */; };
		B623822521E2DD4D00234CC2 /* yas_processing_number_event_private.h in Headers */ = {isa = PBXBuildFile; fileRef = B62381E321E2DD4D00234CC2 /* yas_processing_number_event_private.h */; settings = {ATTRIBUTES = (Public, ); }; };
		B623822621E2DD4D00234CC2 /* yas_processing_number_event.h in Headers */ = {isa = PBXBuildFile; fileRef = B62381E421E2DD4D00234CC2 /* yas_processing_number_event.h */; settings = {ATTRIBUTES = (Public, ); }; };
		B623822721E2DD4D00234CC2 /* yas_processing_signal_event.h in Headers */ = {isa = PBXBuildFile; fileRef = B62381E521E2DD4D00234CC2 /* yas_processing_signal_event.h */; settings = {ATTRIBUTES = (Public, ); }; };
		B623822821E2DD4D00234CC2 /* yas_processing_signal_event.cpp in Sources */ = {isa = PBXBuildFile; fileRef = B62381E621E2DD4D00234CC2 /* yas_processing_signal_event.cpp */; };
		B623822921E2DD4D00234CC2 /* yas_processing_number_event.cpp in Sources */ = {isa = PBXBuildFile; fileRef = B62381E721E2DD4D00234CC2 /* yas_processing_number_event.cpp */; };
		B623822A21E2DD4D00234CC2 /* yas_processing_signal_event_private.h in Headers */ = {isa = PBXBuildFile; fileRef = B62381E821E2DD4D00234CC2 /* yas_processing_signal_event_private.h */; settings = {ATTRIBUTES = (Public, ); }; };
		B623822B21E2DD4D00234CC2 /* yas_processing_constants.h in Headers */ = {isa = PBXBuildFile; fileRef = B62381E921E2DD4D00234CC2 /* yas_processing_constants.h */; settings = {ATTRIBUTES = (Public, ); }; };
		B623822C21E2DD4D00234CC2 /* yas_processing_timeline.h in Headers */ = {isa = PBXBuildFile; fileRef = B62381EA21E2DD4D00234CC2 /* yas_processing_timeline.h */; settings = {ATTRIBUTES = (Public, ); }; };
		B684FF4F25F8F354001AD23A /* yas_processing_module_set.cpp in Sources */ = {isa = PBXBuildFile; fileRef = B684FF4D25F8F354001AD23A /* yas_processing_module_set.cpp */; };
		B684FF5025F8F354001AD23A /* yas_processing_module_set.h in Headers */ = {isa = PBXBuildFile; fileRef = B684FF4E25F8F354001AD23A /* yas_processing_module_set.h */; settings = {ATTRIBUTES = (Public, ); }; };
		B684FF5625F8F37A001AD23A /* yas_processing_module_set_types.h in Headers */ = {isa = PBXBuildFile; fileRef = B684FF5525F8F37A001AD23A /* yas_processing_module_set_types.h */; settings = {ATTRIBUTES = (Public, ); }; };
		B684FF6025F90395001AD23A /* yas_processing_module_set_utils.cpp in Sources */ = {isa = PBXBuildFile; fileRef = B684FF5E25F90395001AD23A /* yas_processing_module_set_utils.cpp */; };
		B684FF6125F90395001AD23A /* yas_processing_module_set_utils.h in Headers */ = {isa = PBXBuildFile; fileRef = B684FF5F25F90395001AD23A /* yas_processing_module_set_utils.h */; settings = {ATTRIBUTES = (Public, ); }; };
		B694CA90263D3B6A00EC80B8 /* yas_processing_file_module.cpp in Sources */ = {isa = PBXBuildFile; fileRef = B694CA8E263D3B6A00EC80B8 /* yas_processing_file_module.cpp */; };
		B694CA91263D3B6A00EC80B8 /* yas_processing_file_module.h in Headers */ = {isa = PBXBuildFile; fileRef = B694CA8F263D3B6A00EC80B8 /* yas_processing_file_module.h */; settings = {ATTRIBUTES = (Public, ); }; };
		B694CA9E263D52BF00EC80B8 /* yas_processing_module_utils.cpp in Sources */ = {isa = PBXBuildFile; fileRef = B694CA9C263D52BF00EC80B8 /* yas_processing_module_utils.cpp */; };
		B694CA9F263D52BF00EC80B8 /* yas_processing_module_utils.h in Headers */ = {isa = PBXBuildFile; fileRef = B694CA9D263D52BF00EC80B8 /* yas_processing_module_utils.h */; settings = {ATTRIBUTES = (Public, ); }; };
		B694CAD9263D77B400EC80B8 /* audio.framework in Frameworks */ = {isa = PBXBuildFile; fileRef = B694CAD8263D77B400EC80B8 /* audio.framework */; };
		B694CADF263D781600EC80B8 /* CoreFoundation.framework in Frameworks */ = {isa = PBXBuildFile; fileRef = B694CADE263D781600EC80B8 /* CoreFoundation.framework */; };
		B694CAF4263E57CA00EC80B8 /* yas_processing_file_module_context.cpp in Sources */ = {isa = PBXBuildFile; fileRef = B694CAF2263E57CA00EC80B8 /* yas_processing_file_module_context.cpp */; };
		B694CAF5263E57CA00EC80B8 /* yas_processing_file_module_context.h in Headers */ = {isa = PBXBuildFile; fileRef = B694CAF3263E57CA00EC80B8 /* yas_processing_file_module_context.h */; settings = {ATTRIBUTES = (Public, ); }; };
		B69CD2C825F3BC33000AEE7E /* yas_processing_ptr.h in Headers */ = {isa = PBXBuildFile; fileRef = B69CD2C725F3BC33000AEE7E /* yas_processing_ptr.h */; settings = {ATTRIBUTES = (Public, ); }; };
		B69CD2DA25F3D403000AEE7E /* yas_processing_timeline_utils.cpp in Sources */ = {isa = PBXBuildFile; fileRef = B69CD2D825F3D403000AEE7E /* yas_processing_timeline_utils.cpp */; };
		B69CD2DB25F3D403000AEE7E /* yas_processing_timeline_utils.h in Headers */ = {isa = PBXBuildFile; fileRef = B69CD2D925F3D403000AEE7E /* yas_processing_timeline_utils.h */; settings = {ATTRIBUTES = (Public, ); }; };
		B69CD2E025F45F0F000AEE7E /* yas_processing_timeline_types.h in Headers */ = {isa = PBXBuildFile; fileRef = B69CD2DF25F45F0F000AEE7E /* yas_processing_timeline_types.h */; settings = {ATTRIBUTES = (Public, ); }; };
		B69CD2E525F464A3000AEE7E /* yas_processing_track_types.h in Headers */ = {isa = PBXBuildFile; fileRef = B69CD2E425F464A3000AEE7E /* yas_processing_track_types.h */; settings = {ATTRIBUTES = (Public, ); }; };
		B69CD2EB25F46A59000AEE7E /* yas_processing_track_utils.cpp in Sources */ = {isa = PBXBuildFile; fileRef = B69CD2E925F46A59000AEE7E /* yas_processing_track_utils.cpp */; };
		B69CD2EC25F46A59000AEE7E /* yas_processing_track_utils.h in Headers */ = {isa = PBXBuildFile; fileRef = B69CD2EA25F46A59000AEE7E /* yas_processing_track_utils.h */; settings = {ATTRIBUTES = (Public, ); }; };
		B6A989D825F3B3E2007BD61F /* observing.framework in Frameworks */ = {isa = PBXBuildFile; fileRef = B6A989D725F3B3E2007BD61F /* observing.framework */; };
/* End PBXBuildFile section */

/* Begin PBXFileReference section */
		B623819621E2DD0900234CC2 /* processing.framework */ = {isa = PBXFileReference; explicitFileType = wrapper.framework; includeInIndex = 0; path = processing.framework; sourceTree = BUILT_PRODUCTS_DIR; };
		B623819921E2DD0900234CC2 /* processing.h */ = {isa = PBXFileReference; lastKnownFileType = sourcecode.c.h; path = processing.h; sourceTree = "<group>"; };
		B623819A21E2DD0900234CC2 /* Info.plist */ = {isa = PBXFileReference; lastKnownFileType = text.plist.xml; path = Info.plist; sourceTree = "<group>"; };
		B62381A021E2DD2B00234CC2 /* chaining.framework */ = {isa = PBXFileReference; explicitFileType = wrapper.framework; path = chaining.framework; sourceTree = BUILT_PRODUCTS_DIR; };
		B62381A221E2DD2B00234CC2 /* cpp_utils.framework */ = {isa = PBXFileReference; explicitFileType = wrapper.framework; path = cpp_utils.framework; sourceTree = BUILT_PRODUCTS_DIR; };
		B62381A521E2DD4D00234CC2 /* yas_processing_track.h */ = {isa = PBXFileReference; fileEncoding = 4; lastKnownFileType = sourcecode.c.h; path = yas_processing_track.h; sourceTree = "<group>"; };
		B62381A621E2DD4D00234CC2 /* yas_processing_channel.h */ = {isa = PBXFileReference; fileEncoding = 4; lastKnownFileType = sourcecode.c.h; path = yas_processing_channel.h; sourceTree = "<group>"; };
		B62381A721E2DD4D00234CC2 /* yas_processing_channel_private.h */ = {isa = PBXFileReference; fileEncoding = 4; lastKnownFileType = sourcecode.c.h; path = yas_processing_channel_private.h; sourceTree = "<group>"; };
		B62381A821E2DD4D00234CC2 /* yas_processing_sync_source.cpp */ = {isa = PBXFileReference; fileEncoding = 4; lastKnownFileType = sourcecode.cpp.cpp; path = yas_processing_sync_source.cpp; sourceTree = "<group>"; };
		B62381A921E2DD4D00234CC2 /* yas_processing_channel.cpp */ = {isa = PBXFileReference; fileEncoding = 4; lastKnownFileType = sourcecode.cpp.cpp; path = yas_processing_channel.cpp; sourceTree = "<group>"; };
		B62381AA21E2DD4D00234CC2 /* yas_processing_processor.h */ = {isa = PBXFileReference; fileEncoding = 4; lastKnownFileType = sourcecode.c.h; path = yas_processing_processor.h; sourceTree = "<group>"; };
		B62381AB21E2DD4D00234CC2 /* yas_processing_time.h */ = {isa = PBXFileReference; fileEncoding = 4; lastKnownFileType = sourcecode.c.h; path = yas_processing_time.h; sourceTree = "<group>"; };
		B62381AD21E2DD4D00234CC2 /* yas_processing_generator_modules.h */ = {isa = PBXFileReference; fileEncoding = 4; lastKnownFileType = sourcecode.c.h; path = yas_processing_generator_modules.h; sourceTree = "<group>"; };
		B62381AE21E2DD4D00234CC2 /* yas_processing_compare_modules.cpp */ = {isa = PBXFileReference; fileEncoding = 4; lastKnownFileType = sourcecode.cpp.cpp; path = yas_processing_compare_modules.cpp; sourceTree = "<group>"; };
		B62381AF21E2DD4D00234CC2 /* yas_processing_sub_timeline_module.h */ = {isa = PBXFileReference; fileEncoding = 4; lastKnownFileType = sourcecode.c.h; path = yas_processing_sub_timeline_module.h; sourceTree = "<group>"; };
		B62381B021E2DD4D00234CC2 /* yas_processing_math2_modules.cpp */ = {isa = PBXFileReference; fileEncoding = 4; lastKnownFileType = sourcecode.cpp.cpp; path = yas_processing_math2_modules.cpp; sourceTree = "<group>"; };
		B62381B121E2DD4D00234CC2 /* yas_processing_cast_module_private.h */ = {isa = PBXFileReference; fileEncoding = 4; lastKnownFileType = sourcecode.c.h; path = yas_processing_cast_module_private.h; sourceTree = "<group>"; };
		B62381B321E2DD4D00234CC2 /* yas_processing_number_process_context_private.h */ = {isa = PBXFileReference; fileEncoding = 4; lastKnownFileType = sourcecode.c.h; path = yas_processing_number_process_context_private.h; sourceTree = "<group>"; };
		B62381B421E2DD4D00234CC2 /* yas_processing_signal_process_context.h */ = {isa = PBXFileReference; fileEncoding = 4; lastKnownFileType = sourcecode.c.h; path = yas_processing_signal_process_context.h; sourceTree = "<group>"; };
		B62381B521E2DD4D00234CC2 /* yas_processing_number_process_context.h */ = {isa = PBXFileReference; fileEncoding = 4; lastKnownFileType = sourcecode.c.h; path = yas_processing_number_process_context.h; sourceTree = "<group>"; };
		B62381B621E2DD4D00234CC2 /* yas_processing_signal_process_context_private.h */ = {isa = PBXFileReference; fileEncoding = 4; lastKnownFileType = sourcecode.c.h; path = yas_processing_signal_process_context_private.h; sourceTree = "<group>"; };
		B62381B721E2DD4D00234CC2 /* yas_processing_compare_modules.h */ = {isa = PBXFileReference; fileEncoding = 4; lastKnownFileType = sourcecode.c.h; path = yas_processing_compare_modules.h; sourceTree = "<group>"; };
		B62381B821E2DD4D00234CC2 /* yas_processing_routing_modules.h */ = {isa = PBXFileReference; fileEncoding = 4; lastKnownFileType = sourcecode.c.h; path = yas_processing_routing_modules.h; sourceTree = "<group>"; };
		B62381B921E2DD4D00234CC2 /* yas_processing_generator_modules.cpp */ = {isa = PBXFileReference; fileEncoding = 4; lastKnownFileType = sourcecode.cpp.cpp; path = yas_processing_generator_modules.cpp; sourceTree = "<group>"; };
		B62381BA21E2DD4D00234CC2 /* yas_processing_math2_modules.h */ = {isa = PBXFileReference; fileEncoding = 4; lastKnownFileType = sourcecode.c.h; path = yas_processing_math2_modules.h; sourceTree = "<group>"; };
		B62381BB21E2DD4D00234CC2 /* yas_processing_math1_modules.cpp */ = {isa = PBXFileReference; fileEncoding = 4; lastKnownFileType = sourcecode.cpp.cpp; path = yas_processing_math1_modules.cpp; sourceTree = "<group>"; };
		B62381BC21E2DD4D00234CC2 /* yas_processing_number_to_signal_module.cpp */ = {isa = PBXFileReference; fileEncoding = 4; lastKnownFileType = sourcecode.cpp.cpp; path = yas_processing_number_to_signal_module.cpp; sourceTree = "<group>"; };
		B62381BD21E2DD4D00234CC2 /* yas_processing_math1_modules.h */ = {isa = PBXFileReference; fileEncoding = 4; lastKnownFileType = sourcecode.c.h; path = yas_processing_math1_modules.h; sourceTree = "<group>"; };
		B62381BE21E2DD4D00234CC2 /* yas_processing_number_to_signal_module.h */ = {isa = PBXFileReference; fileEncoding = 4; lastKnownFileType = sourcecode.c.h; path = yas_processing_number_to_signal_module.h; sourceTree = "<group>"; };
		B62381BF21E2DD4D00234CC2 /* yas_processing_envelope_module.cpp */ = {isa = PBXFileReference; fileEncoding = 4; lastKnownFileType = sourcecode.cpp.cpp; path = yas_processing_envelope_module.cpp; sourceTree = "<group>"; };
		B62381C021E2DD4D00234CC2 /* yas_processing_routing_modules.cpp */ = {isa = PBXFileReference; fileEncoding = 4; lastKnownFileType = sourcecode.cpp.cpp; path = yas_processing_routing_modules.cpp; sourceTree = "<group>"; };
		B62381C121E2DD4D00234CC2 /* yas_processing_envelope_module.h */ = {isa = PBXFileReference; fileEncoding = 4; lastKnownFileType = sourcecode.c.h; path = yas_processing_envelope_module.h; sourceTree = "<group>"; };
		B62381C221E2DD4D00234CC2 /* yas_processing_cast_module.h */ = {isa = PBXFileReference; fileEncoding = 4; lastKnownFileType = sourcecode.c.h; path = yas_processing_cast_module.h; sourceTree = "<group>"; };
		B62381C321E2DD4D00234CC2 /* yas_processing_constant_module.cpp */ = {isa = PBXFileReference; fileEncoding = 4; lastKnownFileType = sourcecode.cpp.cpp; path = yas_processing_constant_module.cpp; sourceTree = "<group>"; };
		B62381C421E2DD4D00234CC2 /* yas_processing_cast_module.cpp */ = {isa = PBXFileReference; fileEncoding = 4; lastKnownFileType = sourcecode.cpp.cpp; path = yas_processing_cast_module.cpp; sourceTree = "<group>"; };
		B62381C521E2DD4D00234CC2 /* yas_processing_sub_timeline_module.cpp */ = {isa = PBXFileReference; fileEncoding = 4; lastKnownFileType = sourcecode.cpp.cpp; path = yas_processing_sub_timeline_module.cpp; sourceTree = "<group>"; };
		B62381C621E2DD4D00234CC2 /* yas_processing_constant_module.h */ = {isa = PBXFileReference; fileEncoding = 4; lastKnownFileType = sourcecode.c.h; path = yas_processing_constant_module.h; sourceTree = "<group>"; };
		B62381C721E2DD4D00234CC2 /* yas_processing_module.cpp */ = {isa = PBXFileReference; fileEncoding = 4; lastKnownFileType = sourcecode.cpp.cpp; path = yas_processing_module.cpp; sourceTree = "<group>"; };
		B62381C921E2DD4D00234CC2 /* yas_processing_send_number_processor.cpp */ = {isa = PBXFileReference; fileEncoding = 4; lastKnownFileType = sourcecode.cpp.cpp; path = yas_processing_send_number_processor.cpp; sourceTree = "<group>"; };
		B62381CA21E2DD4D00234CC2 /* yas_processing_send_number_processor.h */ = {isa = PBXFileReference; fileEncoding = 4; lastKnownFileType = sourcecode.c.h; path = yas_processing_send_number_processor.h; sourceTree = "<group>"; };
		B62381CB21E2DD4D00234CC2 /* yas_processing_receive_signal_processor.h */ = {isa = PBXFileReference; fileEncoding = 4; lastKnownFileType = sourcecode.c.h; path = yas_processing_receive_signal_processor.h; sourceTree = "<group>"; };
		B62381CC21E2DD4D00234CC2 /* yas_processing_receive_number_processor.cpp */ = {isa = PBXFileReference; fileEncoding = 4; lastKnownFileType = sourcecode.cpp.cpp; path = yas_processing_receive_number_processor.cpp; sourceTree = "<group>"; };
		B62381CD21E2DD4D00234CC2 /* yas_processing_remove_number_processor.h */ = {isa = PBXFileReference; fileEncoding = 4; lastKnownFileType = sourcecode.c.h; path = yas_processing_remove_number_processor.h; sourceTree = "<group>"; };
		B62381CE21E2DD4D00234CC2 /* yas_processing_remove_signal_processor.cpp */ = {isa = PBXFileReference; fileEncoding = 4; lastKnownFileType = sourcecode.cpp.cpp; path = yas_processing_remove_signal_processor.cpp; sourceTree = "<group>"; };
		B62381CF21E2DD4D00234CC2 /* yas_processing_remove_signal_processor.h */ = {isa = PBXFileReference; fileEncoding = 4; lastKnownFileType = sourcecode.c.h; path = yas_processing_remove_signal_processor.h; sourceTree = "<group>"; };
		B62381D021E2DD4D00234CC2 /* yas_processing_receive_number_processor.h */ = {isa = PBXFileReference; fileEncoding = 4; lastKnownFileType = sourcecode.c.h; path = yas_processing_receive_number_processor.h; sourceTree = "<group>"; };
		B62381D121E2DD4D00234CC2 /* yas_processing_send_signal_processor.h */ = {isa = PBXFileReference; fileEncoding = 4; lastKnownFileType = sourcecode.c.h; path = yas_processing_send_signal_processor.h; sourceTree = "<group>"; };
		B62381D221E2DD4D00234CC2 /* yas_processing_remove_number_processor.cpp */ = {isa = PBXFileReference; fileEncoding = 4; lastKnownFileType = sourcecode.cpp.cpp; path = yas_processing_remove_number_processor.cpp; sourceTree = "<group>"; };
		B62381D321E2DD4D00234CC2 /* yas_processing_receive_signal_processor.cpp */ = {isa = PBXFileReference; fileEncoding = 4; lastKnownFileType = sourcecode.cpp.cpp; path = yas_processing_receive_signal_processor.cpp; sourceTree = "<group>"; };
		B62381D421E2DD4D00234CC2 /* yas_processing_send_signal_processor.cpp */ = {isa = PBXFileReference; fileEncoding = 4; lastKnownFileType = sourcecode.cpp.cpp; path = yas_processing_send_signal_processor.cpp; sourceTree = "<group>"; };
		B62381D521E2DD4D00234CC2 /* yas_processing_stream.h */ = {isa = PBXFileReference; fileEncoding = 4; lastKnownFileType = sourcecode.c.h; path = yas_processing_stream.h; sourceTree = "<group>"; };
		B62381D621E2DD4D00234CC2 /* yas_processing_track.cpp */ = {isa = PBXFileReference; fileEncoding = 4; lastKnownFileType = sourcecode.cpp.cpp; path = yas_processing_track.cpp; sourceTree = "<group>"; };
		B62381D721E2DD4D00234CC2 /* yas_processing_common_types.h */ = {isa = PBXFileReference; fileEncoding = 4; lastKnownFileType = sourcecode.c.h; path = yas_processing_common_types.h; sourceTree = "<group>"; };
		B62381D821E2DD4D00234CC2 /* yas_processing_stream.cpp */ = {isa = PBXFileReference; fileEncoding = 4; lastKnownFileType = sourcecode.cpp.cpp; path = yas_processing_stream.cpp; sourceTree = "<group>"; };
		B62381D921E2DD4D00234CC2 /* yas_processing_timeline.cpp */ = {isa = PBXFileReference; fileEncoding = 4; lastKnownFileType = sourcecode.cpp.cpp; path = yas_processing_timeline.cpp; sourceTree = "<group>"; };
		B62381DA21E2DD4D00234CC2 /* yas_processing_event.h */ = {isa = PBXFileReference; fileEncoding = 4; lastKnownFileType = sourcecode.c.h; path = yas_processing_event.h; sourceTree = "<group>"; };
		B62381DB21E2DD4D00234CC2 /* yas_processing_umbrella.h */ = {isa = PBXFileReference; fileEncoding = 4; lastKnownFileType = sourcecode.c.h; path = yas_processing_umbrella.h; sourceTree = "<group>"; };
		B62381DC21E2DD4D00234CC2 /* yas_processing_module.h */ = {isa = PBXFileReference; fileEncoding = 4; lastKnownFileType = sourcecode.c.h; path = yas_processing_module.h; sourceTree = "<group>"; };
		B62381DD21E2DD4D00234CC2 /* yas_processing_connector.h */ = {isa = PBXFileReference; fileEncoding = 4; lastKnownFileType = sourcecode.c.h; path = yas_processing_connector.h; sourceTree = "<group>"; };
		B62381DE21E2DD4D00234CC2 /* yas_processing_sync_source.h */ = {isa = PBXFileReference; fileEncoding = 4; lastKnownFileType = sourcecode.c.h; path = yas_processing_sync_source.h; sourceTree = "<group>"; };
		B62381DF21E2DD4D00234CC2 /* yas_processing_event.cpp */ = {isa = PBXFileReference; fileEncoding = 4; lastKnownFileType = sourcecode.cpp.cpp; path = yas_processing_event.cpp; sourceTree = "<group>"; };
		B62381E021E2DD4D00234CC2 /* yas_processing_connector_private.h */ = {isa = PBXFileReference; fileEncoding = 4; lastKnownFileType = sourcecode.c.h; path = yas_processing_connector_private.h; sourceTree = "<group>"; };
		B62381E121E2DD4D00234CC2 /* yas_processing_time.cpp */ = {isa = PBXFileReference; fileEncoding = 4; lastKnownFileType = sourcecode.cpp.cpp; path = yas_processing_time.cpp; sourceTree = "<group>"; };
		B62381E321E2DD4D00234CC2 /* yas_processing_number_event_private.h */ = {isa = PBXFileReference; fileEncoding = 4; lastKnownFileType = sourcecode.c.h; path = yas_processing_number_event_private.h; sourceTree = "<group>"; };
		B62381E421E2DD4D00234CC2 /* yas_processing_number_event.h */ = {isa = PBXFileReference; fileEncoding = 4; lastKnownFileType = sourcecode.c.h; path = yas_processing_number_event.h; sourceTree = "<group>"; };
		B62381E521E2DD4D00234CC2 /* yas_processing_signal_event.h */ = {isa = PBXFileReference; fileEncoding = 4; lastKnownFileType = sourcecode.c.h; path = yas_processing_signal_event.h; sourceTree = "<group>"; };
		B62381E621E2DD4D00234CC2 /* yas_processing_signal_event.cpp */ = {isa = PBXFileReference; fileEncoding = 4; lastKnownFileType = sourcecode.cpp.cpp; path = yas_processing_signal_event.cpp; sourceTree = "<group>"; };
		B62381E721E2DD4D00234CC2 /* yas_processing_number_event.cpp */ = {isa = PBXFileReference; fileEncoding = 4; lastKnownFileType = sourcecode.cpp.cpp; path = yas_processing_number_event.cpp; sourceTree = "<group>"; };
		B62381E821E2DD4D00234CC2 /* yas_processing_signal_event_private.h */ = {isa = PBXFileReference; fileEncoding = 4; lastKnownFileType = sourcecode.c.h; path = yas_processing_signal_event_private.h; sourceTree = "<group>"; };
		B62381E921E2DD4D00234CC2 /* yas_processing_constants.h */ = {isa = PBXFileReference; fileEncoding = 4; lastKnownFileType = sourcecode.c.h; path = yas_processing_constants.h; sourceTree = "<group>"; };
		B62381EA21E2DD4D00234CC2 /* yas_processing_timeline.h */ = {isa = PBXFileReference; fileEncoding = 4; lastKnownFileType = sourcecode.c.h; path = yas_processing_timeline.h; sourceTree = "<group>"; };
		B684FF4D25F8F354001AD23A /* yas_processing_module_set.cpp */ = {isa = PBXFileReference; lastKnownFileType = sourcecode.cpp.cpp; path = yas_processing_module_set.cpp; sourceTree = "<group>"; };
		B684FF4E25F8F354001AD23A /* yas_processing_module_set.h */ = {isa = PBXFileReference; lastKnownFileType = sourcecode.c.h; path = yas_processing_module_set.h; sourceTree = "<group>"; };
		B684FF5525F8F37A001AD23A /* yas_processing_module_set_types.h */ = {isa = PBXFileReference; lastKnownFileType = sourcecode.c.h; path = yas_processing_module_set_types.h; sourceTree = "<group>"; };
		B684FF5E25F90395001AD23A /* yas_processing_module_set_utils.cpp */ = {isa = PBXFileReference; lastKnownFileType = sourcecode.cpp.cpp; path = yas_processing_module_set_utils.cpp; sourceTree = "<group>"; };
		B684FF5F25F90395001AD23A /* yas_processing_module_set_utils.h */ = {isa = PBXFileReference; lastKnownFileType = sourcecode.c.h; path = yas_processing_module_set_utils.h; sourceTree = "<group>"; };
		B694CA8E263D3B6A00EC80B8 /* yas_processing_file_module.cpp */ = {isa = PBXFileReference; lastKnownFileType = sourcecode.cpp.cpp; path = yas_processing_file_module.cpp; sourceTree = "<group>"; };
		B694CA8F263D3B6A00EC80B8 /* yas_processing_file_module.h */ = {isa = PBXFileReference; lastKnownFileType = sourcecode.c.h; path = yas_processing_file_module.h; sourceTree = "<group>"; };
		B694CA9C263D52BF00EC80B8 /* yas_processing_module_utils.cpp */ = {isa = PBXFileReference; lastKnownFileType = sourcecode.cpp.cpp; path = yas_processing_module_utils.cpp; sourceTree = "<group>"; };
		B694CA9D263D52BF00EC80B8 /* yas_processing_module_utils.h */ = {isa = PBXFileReference; lastKnownFileType = sourcecode.c.h; path = yas_processing_module_utils.h; sourceTree = "<group>"; };
		B694CAD8263D77B400EC80B8 /* audio.framework */ = {isa = PBXFileReference; explicitFileType = wrapper.framework; path = audio.framework; sourceTree = BUILT_PRODUCTS_DIR; };
		B694CADE263D781600EC80B8 /* CoreFoundation.framework */ = {isa = PBXFileReference; lastKnownFileType = wrapper.framework; name = CoreFoundation.framework; path = System/Library/Frameworks/CoreFoundation.framework; sourceTree = SDKROOT; };
		B694CAF2263E57CA00EC80B8 /* yas_processing_file_module_context.cpp */ = {isa = PBXFileReference; lastKnownFileType = sourcecode.cpp.cpp; path = yas_processing_file_module_context.cpp; sourceTree = "<group>"; };
		B694CAF3263E57CA00EC80B8 /* yas_processing_file_module_context.h */ = {isa = PBXFileReference; lastKnownFileType = sourcecode.c.h; path = yas_processing_file_module_context.h; sourceTree = "<group>"; };
		B69CD2C725F3BC33000AEE7E /* yas_processing_ptr.h */ = {isa = PBXFileReference; lastKnownFileType = sourcecode.c.h; path = yas_processing_ptr.h; sourceTree = "<group>"; };
		B69CD2D825F3D403000AEE7E /* yas_processing_timeline_utils.cpp */ = {isa = PBXFileReference; lastKnownFileType = sourcecode.cpp.cpp; path = yas_processing_timeline_utils.cpp; sourceTree = "<group>"; };
		B69CD2D925F3D403000AEE7E /* yas_processing_timeline_utils.h */ = {isa = PBXFileReference; lastKnownFileType = sourcecode.c.h; path = yas_processing_timeline_utils.h; sourceTree = "<group>"; };
		B69CD2DF25F45F0F000AEE7E /* yas_processing_timeline_types.h */ = {isa = PBXFileReference; lastKnownFileType = sourcecode.c.h; path = yas_processing_timeline_types.h; sourceTree = "<group>"; };
		B69CD2E425F464A3000AEE7E /* yas_processing_track_types.h */ = {isa = PBXFileReference; lastKnownFileType = sourcecode.c.h; path = yas_processing_track_types.h; sourceTree = "<group>"; };
		B69CD2E925F46A59000AEE7E /* yas_processing_track_utils.cpp */ = {isa = PBXFileReference; lastKnownFileType = sourcecode.cpp.cpp; path = yas_processing_track_utils.cpp; sourceTree = "<group>"; };
		B69CD2EA25F46A59000AEE7E /* yas_processing_track_utils.h */ = {isa = PBXFileReference; lastKnownFileType = sourcecode.c.h; path = yas_processing_track_utils.h; sourceTree = "<group>"; };
		B6A989D725F3B3E2007BD61F /* observing.framework */ = {isa = PBXFileReference; explicitFileType = wrapper.framework; path = observing.framework; sourceTree = BUILT_PRODUCTS_DIR; };
/* End PBXFileReference section */

/* Begin PBXFrameworksBuildPhase section */
		B623819321E2DD0900234CC2 /* Frameworks */ = {
			isa = PBXFrameworksBuildPhase;
			buildActionMask = 2147483647;
			files = (
				B694CADF263D781600EC80B8 /* CoreFoundation.framework in Frameworks */,
				B62381A321E2DD2B00234CC2 /* cpp_utils.framework in Frameworks */,
				B6A989D825F3B3E2007BD61F /* observing.framework in Frameworks */,
				B694CAD9263D77B400EC80B8 /* audio.framework in Frameworks */,
			);
			runOnlyForDeploymentPostprocessing = 0;
		};
/* End PBXFrameworksBuildPhase section */

/* Begin PBXGroup section */
		B623818721E2DCEC00234CC2 = {
			isa = PBXGroup;
			children = (
				B623819821E2DD0900234CC2 /* processing */,
				B623819721E2DD0900234CC2 /* Products */,
				B623819F21E2DD2B00234CC2 /* Frameworks */,
			);
			sourceTree = "<group>";
		};
		B623819721E2DD0900234CC2 /* Products */ = {
			isa = PBXGroup;
			children = (
				B623819621E2DD0900234CC2 /* processing.framework */,
			);
			name = Products;
			sourceTree = "<group>";
		};
		B623819821E2DD0900234CC2 /* processing */ = {
			isa = PBXGroup;
			children = (
				B62381A421E2DD4D00234CC2 /* processing */,
				B623819921E2DD0900234CC2 /* processing.h */,
				B623819A21E2DD0900234CC2 /* Info.plist */,
			);
			path = processing;
			sourceTree = "<group>";
		};
		B623819F21E2DD2B00234CC2 /* Frameworks */ = {
			isa = PBXGroup;
			children = (
				B694CADE263D781600EC80B8 /* CoreFoundation.framework */,
				B694CAD8263D77B400EC80B8 /* audio.framework */,
				B6A989D725F3B3E2007BD61F /* observing.framework */,
				B62381A021E2DD2B00234CC2 /* chaining.framework */,
				B62381A221E2DD2B00234CC2 /* cpp_utils.framework */,
			);
			name = Frameworks;
			sourceTree = "<group>";
		};
		B62381A421E2DD4D00234CC2 /* processing */ = {
			isa = PBXGroup;
			children = (
				B69CD2F925F46DE1000AEE7E /* channel */,
				B69CD30A25F46F8E000AEE7E /* common */,
				B69CD30625F46EAE000AEE7E /* connector */,
				B62381E221E2DD4D00234CC2 /* event */,
				B62381AC21E2DD4D00234CC2 /* module */,
				B684FF4C25F8F333001AD23A /* module_set */,
				B62381C821E2DD4D00234CC2 /* processor */,
				B69CD30125F46E2E000AEE7E /* stream */,
				B69CD30025F46E28000AEE7E /* sync_source */,
				B69CD2FF25F46E20000AEE7E /* time */,
				B69CD2FD25F46E19000AEE7E /* timeline */,
				B69CD2FB25F46E12000AEE7E /* track */,
				B62381DB21E2DD4D00234CC2 /* yas_processing_umbrella.h */,
			);
			name = processing;
			path = ../../processing;
			sourceTree = "<group>";
		};
		B62381AC21E2DD4D00234CC2 /* module */ = {
			isa = PBXGroup;
			children = (
				B62381B221E2DD4D00234CC2 /* context */,
				B69CD30425F46E6A000AEE7E /* maker */,
				B694CA9C263D52BF00EC80B8 /* yas_processing_module_utils.cpp */,
				B694CA9D263D52BF00EC80B8 /* yas_processing_module_utils.h */,
				B62381C721E2DD4D00234CC2 /* yas_processing_module.cpp */,
				B62381DC21E2DD4D00234CC2 /* yas_processing_module.h */,
			);
			path = module;
			sourceTree = "<group>";
		};
		B62381B221E2DD4D00234CC2 /* context */ = {
			isa = PBXGroup;
			children = (
				B62381B321E2DD4D00234CC2 /* yas_processing_number_process_context_private.h */,
				B62381B521E2DD4D00234CC2 /* yas_processing_number_process_context.h */,
				B62381B621E2DD4D00234CC2 /* yas_processing_signal_process_context_private.h */,
				B62381B421E2DD4D00234CC2 /* yas_processing_signal_process_context.h */,
			);
			path = context;
			sourceTree = "<group>";
		};
		B62381C821E2DD4D00234CC2 /* processor */ = {
			isa = PBXGroup;
			children = (
				B62381AA21E2DD4D00234CC2 /* yas_processing_processor.h */,
				B69CD30825F46F74000AEE7E /* maker */,
			);
			path = processor;
			sourceTree = "<group>";
		};
		B62381E221E2DD4D00234CC2 /* event */ = {
			isa = PBXGroup;
			children = (
				B62381DF21E2DD4D00234CC2 /* yas_processing_event.cpp */,
				B62381DA21E2DD4D00234CC2 /* yas_processing_event.h */,
				B62381E321E2DD4D00234CC2 /* yas_processing_number_event_private.h */,
				B62381E721E2DD4D00234CC2 /* yas_processing_number_event.cpp */,
				B62381E421E2DD4D00234CC2 /* yas_processing_number_event.h */,
				B62381E821E2DD4D00234CC2 /* yas_processing_signal_event_private.h */,
				B62381E621E2DD4D00234CC2 /* yas_processing_signal_event.cpp */,
				B62381E521E2DD4D00234CC2 /* yas_processing_signal_event.h */,
			);
			path = event;
			sourceTree = "<group>";
		};
		B684FF4C25F8F333001AD23A /* module_set */ = {
			isa = PBXGroup;
			children = (
				B684FF5525F8F37A001AD23A /* yas_processing_module_set_types.h */,
				B684FF5E25F90395001AD23A /* yas_processing_module_set_utils.cpp */,
				B684FF5F25F90395001AD23A /* yas_processing_module_set_utils.h */,
				B684FF4D25F8F354001AD23A /* yas_processing_module_set.cpp */,
				B684FF4E25F8F354001AD23A /* yas_processing_module_set.h */,
			);
			path = module_set;
			sourceTree = "<group>";
		};
		B69CD2F925F46DE1000AEE7E /* channel */ = {
			isa = PBXGroup;
			children = (
				B62381A721E2DD4D00234CC2 /* yas_processing_channel_private.h */,
				B62381A921E2DD4D00234CC2 /* yas_processing_channel.cpp */,
				B62381A621E2DD4D00234CC2 /* yas_processing_channel.h */,
			);
			path = channel;
			sourceTree = "<group>";
		};
		B69CD2FB25F46E12000AEE7E /* track */ = {
			isa = PBXGroup;
			children = (
				B69CD2E425F464A3000AEE7E /* yas_processing_track_types.h */,
				B69CD2E925F46A59000AEE7E /* yas_processing_track_utils.cpp */,
				B69CD2EA25F46A59000AEE7E /* yas_processing_track_utils.h */,
				B62381D621E2DD4D00234CC2 /* yas_processing_track.cpp */,
				B62381A521E2DD4D00234CC2 /* yas_processing_track.h */,
			);
			path = track;
			sourceTree = "<group>";
		};
		B69CD2FD25F46E19000AEE7E /* timeline */ = {
			isa = PBXGroup;
			children = (
				B69CD2DF25F45F0F000AEE7E /* yas_processing_timeline_types.h */,
				B69CD2D825F3D403000AEE7E /* yas_processing_timeline_utils.cpp */,
				B69CD2D925F3D403000AEE7E /* yas_processing_timeline_utils.h */,
				B62381D921E2DD4D00234CC2 /* yas_processing_timeline.cpp */,
				B62381EA21E2DD4D00234CC2 /* yas_processing_timeline.h */,
			);
			path = timeline;
			sourceTree = "<group>";
		};
		B69CD2FF25F46E20000AEE7E /* time */ = {
			isa = PBXGroup;
			children = (
				B62381E121E2DD4D00234CC2 /* yas_processing_time.cpp */,
				B62381AB21E2DD4D00234CC2 /* yas_processing_time.h */,
			);
			path = time;
			sourceTree = "<group>";
		};
		B69CD30025F46E28000AEE7E /* sync_source */ = {
			isa = PBXGroup;
			children = (
				B62381A821E2DD4D00234CC2 /* yas_processing_sync_source.cpp */,
				B62381DE21E2DD4D00234CC2 /* yas_processing_sync_source.h */,
			);
			path = sync_source;
			sourceTree = "<group>";
		};
		B69CD30125F46E2E000AEE7E /* stream */ = {
			isa = PBXGroup;
			children = (
				B62381D821E2DD4D00234CC2 /* yas_processing_stream.cpp */,
				B62381D521E2DD4D00234CC2 /* yas_processing_stream.h */,
			);
			path = stream;
			sourceTree = "<group>";
		};
		B69CD30425F46E6A000AEE7E /* maker */ = {
			isa = PBXGroup;
			children = (
				B62381B121E2DD4D00234CC2 /* yas_processing_cast_module_private.h */,
				B62381C421E2DD4D00234CC2 /* yas_processing_cast_module.cpp */,
				B62381C221E2DD4D00234CC2 /* yas_processing_cast_module.h */,
				B62381AE21E2DD4D00234CC2 /* yas_processing_compare_modules.cpp */,
				B62381B721E2DD4D00234CC2 /* yas_processing_compare_modules.h */,
				B62381C321E2DD4D00234CC2 /* yas_processing_constant_module.cpp */,
				B62381C621E2DD4D00234CC2 /* yas_processing_constant_module.h */,
				B62381BF21E2DD4D00234CC2 /* yas_processing_envelope_module.cpp */,
				B62381C121E2DD4D00234CC2 /* yas_processing_envelope_module.h */,
				B694CAF2263E57CA00EC80B8 /* yas_processing_file_module_context.cpp */,
				B694CAF3263E57CA00EC80B8 /* yas_processing_file_module_context.h */,
				B694CA8E263D3B6A00EC80B8 /* yas_processing_file_module.cpp */,
				B694CA8F263D3B6A00EC80B8 /* yas_processing_file_module.h */,
				B62381B921E2DD4D00234CC2 /* yas_processing_generator_modules.cpp */,
				B62381AD21E2DD4D00234CC2 /* yas_processing_generator_modules.h */,
				B62381BB21E2DD4D00234CC2 /* yas_processing_math1_modules.cpp */,
				B62381BD21E2DD4D00234CC2 /* yas_processing_math1_modules.h */,
				B62381B021E2DD4D00234CC2 /* yas_processing_math2_modules.cpp */,
				B62381BA21E2DD4D00234CC2 /* yas_processing_math2_modules.h */,
				B62381BC21E2DD4D00234CC2 /* yas_processing_number_to_signal_module.cpp */,
				B62381BE21E2DD4D00234CC2 /* yas_processing_number_to_signal_module.h */,
				B62381C021E2DD4D00234CC2 /* yas_processing_routing_modules.cpp */,
				B62381B821E2DD4D00234CC2 /* yas_processing_routing_modules.h */,
				B62381C521E2DD4D00234CC2 /* yas_processing_sub_timeline_module.cpp */,
				B62381AF21E2DD4D00234CC2 /* yas_processing_sub_timeline_module.h */,
			);
			path = maker;
			sourceTree = "<group>";
		};
		B69CD30625F46EAE000AEE7E /* connector */ = {
			isa = PBXGroup;
			children = (
				B62381E021E2DD4D00234CC2 /* yas_processing_connector_private.h */,
				B62381DD21E2DD4D00234CC2 /* yas_processing_connector.h */,
			);
			path = connector;
			sourceTree = "<group>";
		};
		B69CD30825F46F74000AEE7E /* maker */ = {
			isa = PBXGroup;
			children = (
				B62381CC21E2DD4D00234CC2 /* yas_processing_receive_number_processor.cpp */,
				B62381D021E2DD4D00234CC2 /* yas_processing_receive_number_processor.h */,
				B62381D321E2DD4D00234CC2 /* yas_processing_receive_signal_processor.cpp */,
				B62381CB21E2DD4D00234CC2 /* yas_processing_receive_signal_processor.h */,
				B62381D221E2DD4D00234CC2 /* yas_processing_remove_number_processor.cpp */,
				B62381CD21E2DD4D00234CC2 /* yas_processing_remove_number_processor.h */,
				B62381CE21E2DD4D00234CC2 /* yas_processing_remove_signal_processor.cpp */,
				B62381CF21E2DD4D00234CC2 /* yas_processing_remove_signal_processor.h */,
				B62381C921E2DD4D00234CC2 /* yas_processing_send_number_processor.cpp */,
				B62381CA21E2DD4D00234CC2 /* yas_processing_send_number_processor.h */,
				B62381D421E2DD4D00234CC2 /* yas_processing_send_signal_processor.cpp */,
				B62381D121E2DD4D00234CC2 /* yas_processing_send_signal_processor.h */,
			);
			path = maker;
			sourceTree = "<group>";
		};
		B69CD30A25F46F8E000AEE7E /* common */ = {
			isa = PBXGroup;
			children = (
				B62381D721E2DD4D00234CC2 /* yas_processing_common_types.h */,
				B62381E921E2DD4D00234CC2 /* yas_processing_constants.h */,
				B69CD2C725F3BC33000AEE7E /* yas_processing_ptr.h */,
			);
			path = common;
			sourceTree = "<group>";
		};
/* End PBXGroup section */

/* Begin PBXHeadersBuildPhase section */
		B623819121E2DD0900234CC2 /* Headers */ = {
			isa = PBXHeadersBuildPhase;
			buildActionMask = 2147483647;
			files = (
				B623822021E2DD4D00234CC2 /* yas_processing_connector.h in Headers */,
				B623822B21E2DD4D00234CC2 /* yas_processing_constants.h in Headers */,
				B623822321E2DD4D00234CC2 /* yas_processing_connector_private.h in Headers */,
				B694CA91263D3B6A00EC80B8 /* yas_processing_file_module.h in Headers */,
				B69CD2DB25F3D403000AEE7E /* yas_processing_timeline_utils.h in Headers */,
				B623822C21E2DD4D00234CC2 /* yas_processing_timeline.h in Headers */,
				B623819B21E2DD0900234CC2 /* processing.h in Headers */,
				B69CD2E525F464A3000AEE7E /* yas_processing_track_types.h in Headers */,
				B62381FE21E2DD4D00234CC2 /* yas_processing_math2_modules.h in Headers */,
				B62381FA21E2DD4D00234CC2 /* yas_processing_signal_process_context_private.h in Headers */,
				B694CA9F263D52BF00EC80B8 /* yas_processing_module_utils.h in Headers */,
				B623822521E2DD4D00234CC2 /* yas_processing_number_event_private.h in Headers */,
				B623822721E2DD4D00234CC2 /* yas_processing_signal_event.h in Headers */,
				B694CAF5263E57CA00EC80B8 /* yas_processing_file_module_context.h in Headers */,
				B62381F621E2DD4D00234CC2 /* yas_processing_cast_module_private.h in Headers */,
				B623821421E2DD4D00234CC2 /* yas_processing_send_signal_processor.h in Headers */,
				B623820221E2DD4D00234CC2 /* yas_processing_number_to_signal_module.h in Headers */,
				B623821221E2DD4D00234CC2 /* yas_processing_remove_signal_processor.h in Headers */,
				B62381FB21E2DD4D00234CC2 /* yas_processing_compare_modules.h in Headers */,
				B623820A21E2DD4D00234CC2 /* yas_processing_constant_module.h in Headers */,
				B623820E21E2DD4D00234CC2 /* yas_processing_receive_signal_processor.h in Headers */,
				B684FF6125F90395001AD23A /* yas_processing_module_set_utils.h in Headers */,
				B62381F921E2DD4D00234CC2 /* yas_processing_number_process_context.h in Headers */,
				B623821021E2DD4D00234CC2 /* yas_processing_remove_number_processor.h in Headers */,
				B62381F221E2DD4D00234CC2 /* yas_processing_generator_modules.h in Headers */,
				B623820D21E2DD4D00234CC2 /* yas_processing_send_number_processor.h in Headers */,
				B623821321E2DD4D00234CC2 /* yas_processing_receive_number_processor.h in Headers */,
				B623822A21E2DD4D00234CC2 /* yas_processing_signal_event_private.h in Headers */,
				B62381F721E2DD4D00234CC2 /* yas_processing_number_process_context_private.h in Headers */,
				B62381F421E2DD4D00234CC2 /* yas_processing_sub_timeline_module.h in Headers */,
				B69CD2C825F3BC33000AEE7E /* yas_processing_ptr.h in Headers */,
				B623820521E2DD4D00234CC2 /* yas_processing_envelope_module.h in Headers */,
				B62381F821E2DD4D00234CC2 /* yas_processing_signal_process_context.h in Headers */,
				B69CD2EC25F46A59000AEE7E /* yas_processing_track_utils.h in Headers */,
				B62381FC21E2DD4D00234CC2 /* yas_processing_routing_modules.h in Headers */,
				B623820621E2DD4D00234CC2 /* yas_processing_cast_module.h in Headers */,
				B623822621E2DD4D00234CC2 /* yas_processing_number_event.h in Headers */,
				B623820121E2DD4D00234CC2 /* yas_processing_math1_modules.h in Headers */,
				B69CD2E025F45F0F000AEE7E /* yas_processing_timeline_types.h in Headers */,
				B684FF5025F8F354001AD23A /* yas_processing_module_set.h in Headers */,
				B62381EB21E2DD4D00234CC2 /* yas_processing_track.h in Headers */,
				B62381F121E2DD4D00234CC2 /* yas_processing_time.h in Headers */,
				B62381ED21E2DD4D00234CC2 /* yas_processing_channel_private.h in Headers */,
				B62381F021E2DD4D00234CC2 /* yas_processing_processor.h in Headers */,
				B623821E21E2DD4D00234CC2 /* yas_processing_umbrella.h in Headers */,
				B62381EC21E2DD4D00234CC2 /* yas_processing_channel.h in Headers */,
				B623821A21E2DD4D00234CC2 /* yas_processing_common_types.h in Headers */,
				B623822121E2DD4D00234CC2 /* yas_processing_sync_source.h in Headers */,
				B684FF5625F8F37A001AD23A /* yas_processing_module_set_types.h in Headers */,
				B623821F21E2DD4D00234CC2 /* yas_processing_module.h in Headers */,
				B623821821E2DD4D00234CC2 /* yas_processing_stream.h in Headers */,
				B623821D21E2DD4D00234CC2 /* yas_processing_event.h in Headers */,
			);
			runOnlyForDeploymentPostprocessing = 0;
		};
/* End PBXHeadersBuildPhase section */

/* Begin PBXNativeTarget section */
		B623819521E2DD0900234CC2 /* processing */ = {
			isa = PBXNativeTarget;
			buildConfigurationList = B623819C21E2DD0900234CC2 /* Build configuration list for PBXNativeTarget "processing" */;
			buildPhases = (
				B69CD2D625F3CC68000AEE7E /* ShellScript */,
				B623819121E2DD0900234CC2 /* Headers */,
				B623819221E2DD0900234CC2 /* Sources */,
				B623819321E2DD0900234CC2 /* Frameworks */,
				B623819421E2DD0900234CC2 /* Resources */,
			);
			buildRules = (
			);
			dependencies = (
			);
			name = processing;
			productName = processing;
			productReference = B623819621E2DD0900234CC2 /* processing.framework */;
			productType = "com.apple.product-type.framework";
		};
/* End PBXNativeTarget section */

/* Begin PBXProject section */
		B623818821E2DCEC00234CC2 /* Project object */ = {
			isa = PBXProject;
			attributes = {
				LastUpgradeCheck = 1200;
				TargetAttributes = {
					B623819521E2DD0900234CC2 = {
						CreatedOnToolsVersion = 10.1;
					};
				};
			};
			buildConfigurationList = B623818B21E2DCEC00234CC2 /* Build configuration list for PBXProject "processing_mac" */;
			compatibilityVersion = "Xcode 9.3";
			developmentRegion = en;
			hasScannedForEncodings = 0;
			knownRegions = (
				en,
				Base,
			);
			mainGroup = B623818721E2DCEC00234CC2;
			productRefGroup = B623819721E2DD0900234CC2 /* Products */;
			projectDirPath = "";
			projectRoot = "";
			targets = (
				B623819521E2DD0900234CC2 /* processing */,
			);
		};
/* End PBXProject section */

/* Begin PBXResourcesBuildPhase section */
		B623819421E2DD0900234CC2 /* Resources */ = {
			isa = PBXResourcesBuildPhase;
			buildActionMask = 2147483647;
			files = (
			);
			runOnlyForDeploymentPostprocessing = 0;
		};
/* End PBXResourcesBuildPhase section */

/* Begin PBXShellScriptBuildPhase section */
		B69CD2D625F3CC68000AEE7E /* ShellScript */ = {
			isa = PBXShellScriptBuildPhase;
			buildActionMask = 2147483647;
			files = (
			);
			inputFileListPaths = (
			);
			inputPaths = (
			);
			outputFileListPaths = (
			);
			outputPaths = (
			);
			runOnlyForDeploymentPostprocessing = 0;
			shellPath = /bin/sh;
			shellScript = "../script/format.sh\n";
		};
/* End PBXShellScriptBuildPhase section */

/* Begin PBXSourcesBuildPhase section */
		B623819221E2DD0900234CC2 /* Sources */ = {
			isa = PBXSourcesBuildPhase;
			buildActionMask = 2147483647;
			files = (
				B62381EF21E2DD4D00234CC2 /* yas_processing_channel.cpp in Sources */,
				B623820821E2DD4D00234CC2 /* yas_processing_cast_module.cpp in Sources */,
				B62381EE21E2DD4D00234CC2 /* yas_processing_sync_source.cpp in Sources */,
				B623820021E2DD4D00234CC2 /* yas_processing_number_to_signal_module.cpp in Sources */,
				B623820C21E2DD4D00234CC2 /* yas_processing_send_number_processor.cpp in Sources */,
				B694CAF4263E57CA00EC80B8 /* yas_processing_file_module_context.cpp in Sources */,
				B684FF6025F90395001AD23A /* yas_processing_module_set_utils.cpp in Sources */,
				B694CA90263D3B6A00EC80B8 /* yas_processing_file_module.cpp in Sources */,
				B62381FF21E2DD4D00234CC2 /* yas_processing_math1_modules.cpp in Sources */,
				B623821B21E2DD4D00234CC2 /* yas_processing_stream.cpp in Sources */,
				B623822421E2DD4D00234CC2 /* yas_processing_time.cpp in Sources */,
				B684FF4F25F8F354001AD23A /* yas_processing_module_set.cpp in Sources */,
				B623821C21E2DD4D00234CC2 /* yas_processing_timeline.cpp in Sources */,
				B623821921E2DD4D00234CC2 /* yas_processing_track.cpp in Sources */,
				B623820421E2DD4D00234CC2 /* yas_processing_routing_modules.cpp in Sources */,
				B62381FD21E2DD4D00234CC2 /* yas_processing_generator_modules.cpp in Sources */,
				B623822921E2DD4D00234CC2 /* yas_processing_number_event.cpp in Sources */,
				B623821721E2DD4D00234CC2 /* yas_processing_send_signal_processor.cpp in Sources */,
				B623821521E2DD4D00234CC2 /* yas_processing_remove_number_processor.cpp in Sources */,
				B623820B21E2DD4D00234CC2 /* yas_processing_module.cpp in Sources */,
				B694CA9E263D52BF00EC80B8 /* yas_processing_module_utils.cpp in Sources */,
				B623820721E2DD4D00234CC2 /* yas_processing_constant_module.cpp in Sources */,
				B623820921E2DD4D00234CC2 /* yas_processing_sub_timeline_module.cpp in Sources */,
				B62381F521E2DD4D00234CC2 /* yas_processing_math2_modules.cpp in Sources */,
				B623820F21E2DD4D00234CC2 /* yas_processing_receive_number_processor.cpp in Sources */,
				B623821121E2DD4D00234CC2 /* yas_processing_remove_signal_processor.cpp in Sources */,
				B623820321E2DD4D00234CC2 /* yas_processing_envelope_module.cpp in Sources */,
				B69CD2DA25F3D403000AEE7E /* yas_processing_timeline_utils.cpp in Sources */,
				B62381F321E2DD4D00234CC2 /* yas_processing_compare_modules.cpp in Sources */,
				B69CD2EB25F46A59000AEE7E /* yas_processing_track_utils.cpp in Sources */,
				B623821621E2DD4D00234CC2 /* yas_processing_receive_signal_processor.cpp in Sources */,
				B623822821E2DD4D00234CC2 /* yas_processing_signal_event.cpp in Sources */,
				B623822221E2DD4D00234CC2 /* yas_processing_event.cpp in Sources */,
			);
			runOnlyForDeploymentPostprocessing = 0;
		};
/* End PBXSourcesBuildPhase section */

/* Begin XCBuildConfiguration section */
		B623818C21E2DCEC00234CC2 /* Debug */ = {
			isa = XCBuildConfiguration;
			buildSettings = {
				CLANG_WARN_BLOCK_CAPTURE_AUTORELEASING = YES;
				CLANG_WARN_BOOL_CONVERSION = YES;
				CLANG_WARN_COMMA = YES;
				CLANG_WARN_CONSTANT_CONVERSION = YES;
				CLANG_WARN_DEPRECATED_OBJC_IMPLEMENTATIONS = YES;
				CLANG_WARN_EMPTY_BODY = YES;
				CLANG_WARN_ENUM_CONVERSION = YES;
				CLANG_WARN_INFINITE_RECURSION = YES;
				CLANG_WARN_INT_CONVERSION = YES;
				CLANG_WARN_NON_LITERAL_NULL_CONVERSION = YES;
				CLANG_WARN_OBJC_IMPLICIT_RETAIN_SELF = YES;
				CLANG_WARN_OBJC_LITERAL_CONVERSION = YES;
				CLANG_WARN_QUOTED_INCLUDE_IN_FRAMEWORK_HEADER = YES;
				CLANG_WARN_RANGE_LOOP_ANALYSIS = YES;
				CLANG_WARN_STRICT_PROTOTYPES = YES;
				CLANG_WARN_SUSPICIOUS_MOVE = YES;
				CLANG_WARN_UNREACHABLE_CODE = YES;
				CLANG_WARN__DUPLICATE_METHOD_MATCH = YES;
				ENABLE_STRICT_OBJC_MSGSEND = YES;
				ENABLE_TESTABILITY = YES;
				GCC_NO_COMMON_BLOCKS = YES;
				GCC_WARN_64_TO_32_BIT_CONVERSION = YES;
				GCC_WARN_ABOUT_RETURN_TYPE = YES;
				GCC_WARN_UNDECLARED_SELECTOR = YES;
				GCC_WARN_UNINITIALIZED_AUTOS = YES;
				GCC_WARN_UNUSED_FUNCTION = YES;
				GCC_WARN_UNUSED_VARIABLE = YES;
				MACOSX_DEPLOYMENT_TARGET = 10.15;
				ONLY_ACTIVE_ARCH = YES;
			};
			name = Debug;
		};
		B623818D21E2DCEC00234CC2 /* Release */ = {
			isa = XCBuildConfiguration;
			buildSettings = {
				CLANG_WARN_BLOCK_CAPTURE_AUTORELEASING = YES;
				CLANG_WARN_BOOL_CONVERSION = YES;
				CLANG_WARN_COMMA = YES;
				CLANG_WARN_CONSTANT_CONVERSION = YES;
				CLANG_WARN_DEPRECATED_OBJC_IMPLEMENTATIONS = YES;
				CLANG_WARN_EMPTY_BODY = YES;
				CLANG_WARN_ENUM_CONVERSION = YES;
				CLANG_WARN_INFINITE_RECURSION = YES;
				CLANG_WARN_INT_CONVERSION = YES;
				CLANG_WARN_NON_LITERAL_NULL_CONVERSION = YES;
				CLANG_WARN_OBJC_IMPLICIT_RETAIN_SELF = YES;
				CLANG_WARN_OBJC_LITERAL_CONVERSION = YES;
				CLANG_WARN_QUOTED_INCLUDE_IN_FRAMEWORK_HEADER = YES;
				CLANG_WARN_RANGE_LOOP_ANALYSIS = YES;
				CLANG_WARN_STRICT_PROTOTYPES = YES;
				CLANG_WARN_SUSPICIOUS_MOVE = YES;
				CLANG_WARN_UNREACHABLE_CODE = YES;
				CLANG_WARN__DUPLICATE_METHOD_MATCH = YES;
				ENABLE_STRICT_OBJC_MSGSEND = YES;
				GCC_NO_COMMON_BLOCKS = YES;
				GCC_WARN_64_TO_32_BIT_CONVERSION = YES;
				GCC_WARN_ABOUT_RETURN_TYPE = YES;
				GCC_WARN_UNDECLARED_SELECTOR = YES;
				GCC_WARN_UNINITIALIZED_AUTOS = YES;
				GCC_WARN_UNUSED_FUNCTION = YES;
				GCC_WARN_UNUSED_VARIABLE = YES;
				MACOSX_DEPLOYMENT_TARGET = 10.15;
			};
			name = Release;
		};
		B623819D21E2DD0900234CC2 /* Debug */ = {
			isa = XCBuildConfiguration;
			buildSettings = {
				ALWAYS_SEARCH_USER_PATHS = NO;
				CLANG_ANALYZER_NONNULL = YES;
				CLANG_ANALYZER_NUMBER_OBJECT_CONVERSION = YES_AGGRESSIVE;
				CLANG_CXX_LANGUAGE_STANDARD = "gnu++17";
				CLANG_CXX_LIBRARY = "libc++";
				CLANG_ENABLE_MODULES = YES;
				CLANG_ENABLE_OBJC_WEAK = YES;
				CLANG_WARN_BLOCK_CAPTURE_AUTORELEASING = YES;
				CLANG_WARN_BOOL_CONVERSION = YES;
				CLANG_WARN_COMMA = YES;
				CLANG_WARN_CONSTANT_CONVERSION = YES;
				CLANG_WARN_DEPRECATED_OBJC_IMPLEMENTATIONS = YES;
				CLANG_WARN_DIRECT_OBJC_ISA_USAGE = YES_ERROR;
				CLANG_WARN_DOCUMENTATION_COMMENTS = YES;
				CLANG_WARN_EMPTY_BODY = YES;
				CLANG_WARN_ENUM_CONVERSION = YES;
				CLANG_WARN_INFINITE_RECURSION = YES;
				CLANG_WARN_INT_CONVERSION = YES;
				CLANG_WARN_NON_LITERAL_NULL_CONVERSION = YES;
				CLANG_WARN_OBJC_IMPLICIT_RETAIN_SELF = YES;
				CLANG_WARN_OBJC_LITERAL_CONVERSION = YES;
				CLANG_WARN_OBJC_ROOT_CLASS = YES_ERROR;
				CLANG_WARN_RANGE_LOOP_ANALYSIS = YES;
				CLANG_WARN_STRICT_PROTOTYPES = YES;
				CLANG_WARN_SUSPICIOUS_MOVE = YES;
				CLANG_WARN_UNGUARDED_AVAILABILITY = YES_AGGRESSIVE;
				CLANG_WARN_UNREACHABLE_CODE = YES;
				CLANG_WARN__DUPLICATE_METHOD_MATCH = YES;
				CODE_SIGN_IDENTITY = "-";
				CODE_SIGN_STYLE = Manual;
				COMBINE_HIDPI_IMAGES = YES;
				COPY_PHASE_STRIP = NO;
				CURRENT_PROJECT_VERSION = 1;
				DEBUG_INFORMATION_FORMAT = dwarf;
				DEFINES_MODULE = YES;
				DEVELOPMENT_TEAM = "";
				DYLIB_COMPATIBILITY_VERSION = 1;
				DYLIB_CURRENT_VERSION = 1;
				DYLIB_INSTALL_NAME_BASE = "@rpath";
				ENABLE_STRICT_OBJC_MSGSEND = YES;
				ENABLE_TESTABILITY = YES;
				FRAMEWORK_VERSION = A;
				GCC_C_LANGUAGE_STANDARD = gnu11;
				GCC_DYNAMIC_NO_PIC = NO;
				GCC_NO_COMMON_BLOCKS = YES;
				GCC_OPTIMIZATION_LEVEL = 0;
				GCC_PREPROCESSOR_DEFINITIONS = (
					"DEBUG=1",
					"$(inherited)",
				);
				GCC_WARN_64_TO_32_BIT_CONVERSION = YES;
				GCC_WARN_ABOUT_RETURN_TYPE = YES_ERROR;
				GCC_WARN_UNDECLARED_SELECTOR = YES;
				GCC_WARN_UNINITIALIZED_AUTOS = YES_AGGRESSIVE;
				GCC_WARN_UNUSED_FUNCTION = YES;
				GCC_WARN_UNUSED_VARIABLE = YES;
				INFOPLIST_FILE = processing/Info.plist;
				INSTALL_PATH = "$(LOCAL_LIBRARY_DIR)/Frameworks";
				LD_RUNPATH_SEARCH_PATHS = (
					"$(inherited)",
					"@executable_path/../Frameworks",
					"@loader_path/Frameworks",
				);
				MTL_ENABLE_DEBUG_INFO = INCLUDE_SOURCE;
				MTL_FAST_MATH = YES;
				ONLY_ACTIVE_ARCH = YES;
				PRODUCT_BUNDLE_IDENTIFIER = "jp.objective-audio.processing";
				PRODUCT_NAME = "$(TARGET_NAME:c99extidentifier)";
				PROVISIONING_PROFILE_SPECIFIER = "";
				SDKROOT = macosx;
				SKIP_INSTALL = YES;
				VERSIONING_SYSTEM = "apple-generic";
				VERSION_INFO_PREFIX = "";
			};
			name = Debug;
		};
		B623819E21E2DD0900234CC2 /* Release */ = {
			isa = XCBuildConfiguration;
			buildSettings = {
				ALWAYS_SEARCH_USER_PATHS = NO;
				CLANG_ANALYZER_NONNULL = YES;
				CLANG_ANALYZER_NUMBER_OBJECT_CONVERSION = YES_AGGRESSIVE;
				CLANG_CXX_LANGUAGE_STANDARD = "gnu++17";
				CLANG_CXX_LIBRARY = "libc++";
				CLANG_ENABLE_MODULES = YES;
				CLANG_ENABLE_OBJC_WEAK = YES;
				CLANG_WARN_BLOCK_CAPTURE_AUTORELEASING = YES;
				CLANG_WARN_BOOL_CONVERSION = YES;
				CLANG_WARN_COMMA = YES;
				CLANG_WARN_CONSTANT_CONVERSION = YES;
				CLANG_WARN_DEPRECATED_OBJC_IMPLEMENTATIONS = YES;
				CLANG_WARN_DIRECT_OBJC_ISA_USAGE = YES_ERROR;
				CLANG_WARN_DOCUMENTATION_COMMENTS = YES;
				CLANG_WARN_EMPTY_BODY = YES;
				CLANG_WARN_ENUM_CONVERSION = YES;
				CLANG_WARN_INFINITE_RECURSION = YES;
				CLANG_WARN_INT_CONVERSION = YES;
				CLANG_WARN_NON_LITERAL_NULL_CONVERSION = YES;
				CLANG_WARN_OBJC_IMPLICIT_RETAIN_SELF = YES;
				CLANG_WARN_OBJC_LITERAL_CONVERSION = YES;
				CLANG_WARN_OBJC_ROOT_CLASS = YES_ERROR;
				CLANG_WARN_RANGE_LOOP_ANALYSIS = YES;
				CLANG_WARN_STRICT_PROTOTYPES = YES;
				CLANG_WARN_SUSPICIOUS_MOVE = YES;
				CLANG_WARN_UNGUARDED_AVAILABILITY = YES_AGGRESSIVE;
				CLANG_WARN_UNREACHABLE_CODE = YES;
				CLANG_WARN__DUPLICATE_METHOD_MATCH = YES;
				CODE_SIGN_IDENTITY = "-";
				CODE_SIGN_STYLE = Manual;
				COMBINE_HIDPI_IMAGES = YES;
				COPY_PHASE_STRIP = NO;
				CURRENT_PROJECT_VERSION = 1;
				DEBUG_INFORMATION_FORMAT = "dwarf-with-dsym";
				DEFINES_MODULE = YES;
				DEVELOPMENT_TEAM = "";
				DYLIB_COMPATIBILITY_VERSION = 1;
				DYLIB_CURRENT_VERSION = 1;
				DYLIB_INSTALL_NAME_BASE = "@rpath";
				ENABLE_NS_ASSERTIONS = NO;
				ENABLE_STRICT_OBJC_MSGSEND = YES;
				FRAMEWORK_VERSION = A;
				GCC_C_LANGUAGE_STANDARD = gnu11;
				GCC_NO_COMMON_BLOCKS = YES;
				GCC_WARN_64_TO_32_BIT_CONVERSION = YES;
				GCC_WARN_ABOUT_RETURN_TYPE = YES_ERROR;
				GCC_WARN_UNDECLARED_SELECTOR = YES;
				GCC_WARN_UNINITIALIZED_AUTOS = YES_AGGRESSIVE;
				GCC_WARN_UNUSED_FUNCTION = YES;
				GCC_WARN_UNUSED_VARIABLE = YES;
				INFOPLIST_FILE = processing/Info.plist;
				INSTALL_PATH = "$(LOCAL_LIBRARY_DIR)/Frameworks";
				LD_RUNPATH_SEARCH_PATHS = (
					"$(inherited)",
					"@executable_path/../Frameworks",
					"@loader_path/Frameworks",
				);
				MTL_ENABLE_DEBUG_INFO = NO;
				MTL_FAST_MATH = YES;
				PRODUCT_BUNDLE_IDENTIFIER = "jp.objective-audio.processing";
				PRODUCT_NAME = "$(TARGET_NAME:c99extidentifier)";
				PROVISIONING_PROFILE_SPECIFIER = "";
				SDKROOT = macosx;
				SKIP_INSTALL = YES;
				VERSIONING_SYSTEM = "apple-generic";
				VERSION_INFO_PREFIX = "";
			};
			name = Release;
		};
/* End XCBuildConfiguration section */

/* Begin XCConfigurationList section */
		B623818B21E2DCEC00234CC2 /* Build configuration list for PBXProject "processing_mac" */ = {
			isa = XCConfigurationList;
			buildConfigurations = (
				B623818C21E2DCEC00234CC2 /* Debug */,
				B623818D21E2DCEC00234CC2 /* Release */,
			);
			defaultConfigurationIsVisible = 0;
			defaultConfigurationName = Release;
		};
		B623819C21E2DD0900234CC2 /* Build configuration list for PBXNativeTarget "processing" */ = {
			isa = XCConfigurationList;
			buildConfigurations = (
				B623819D21E2DD0900234CC2 /* Debug */,
				B623819E21E2DD0900234CC2 /* Release */,
			);
			defaultConfigurationIsVisible = 0;
			defaultConfigurationName = Release;
		};
/* End XCConfigurationList section */
	};
	rootObject = B623818821E2DCEC00234CC2 /* Project object */;
}
